// !$*UTF8*$!
{
	archiveVersion = 1;
	classes = {
	};
	objectVersion = 51;
	objects = {

/* Begin PBXBuildFile section */
		04F1BE1625580A92002C537D /* AppDelegate.m in Sources */ = {isa = PBXBuildFile; fileRef = 04F1BE1525580A92002C537D /* AppDelegate.m */; };
		04F1BE1925580A92002C537D /* SceneDelegate.m in Sources */ = {isa = PBXBuildFile; fileRef = 04F1BE1825580A92002C537D /* SceneDelegate.m */; };
		04F1BE1C25580A92002C537D /* ViewController.m in Sources */ = {isa = PBXBuildFile; fileRef = 04F1BE1B25580A92002C537D /* ViewController.m */; };
		04F1BE1F25580A92002C537D /* Main.storyboard in Resources */ = {isa = PBXBuildFile; fileRef = 04F1BE1D25580A92002C537D /* Main.storyboard */; };
		04F1BE2125580A95002C537D /* Assets.xcassets in Resources */ = {isa = PBXBuildFile; fileRef = 04F1BE2025580A95002C537D /* Assets.xcassets */; };
		04F1BE2425580A95002C537D /* LaunchScreen.storyboard in Resources */ = {isa = PBXBuildFile; fileRef = 04F1BE2225580A95002C537D /* LaunchScreen.storyboard */; };
		04F1BE2725580A95002C537D /* main.m in Sources */ = {isa = PBXBuildFile; fileRef = 04F1BE2625580A95002C537D /* main.m */; };
		04F1BF8A25582AEA002C537D /* AMPerson.m in Sources */ = {isa = PBXBuildFile; fileRef = 04F1BF8925582AEA002C537D /* AMPerson.m */; };
		04F1C04F257A3AB7002C537D /* RLOneViewController.m in Sources */ = {isa = PBXBuildFile; fileRef = 04F1C04E257A3AB6002C537D /* RLOneViewController.m */; };
		04F1C055257A3BDD002C537D /* TestCellModel.m in Sources */ = {isa = PBXBuildFile; fileRef = 04F1C053257A3BDD002C537D /* TestCellModel.m */; };
		04F1C058257A54ED002C537D /* RLZeroViewController.m in Sources */ = {isa = PBXBuildFile; fileRef = 04F1C057257A54ED002C537D /* RLZeroViewController.m */; };
		543A65B984EAFAB53ECDC086 /* libPods-RunLoop.a in Frameworks */ = {isa = PBXBuildFile; fileRef = 2A4C76ECED2A93CE0ED22E40 /* libPods-RunLoop.a */; };
/* End PBXBuildFile section */

/* Begin PBXFileReference section */
		04F1BE1125580A92002C537D /* RunLoop.app */ = {isa = PBXFileReference; explicitFileType = wrapper.application; includeInIndex = 0; path = RunLoop.app; sourceTree = BUILT_PRODUCTS_DIR; };
		04F1BE1425580A92002C537D /* AppDelegate.h */ = {isa = PBXFileReference; lastKnownFileType = sourcecode.c.h; path = AppDelegate.h; sourceTree = "<group>"; };
		04F1BE1525580A92002C537D /* AppDelegate.m */ = {isa = PBXFileReference; lastKnownFileType = sourcecode.c.objc; path = AppDelegate.m; sourceTree = "<group>"; };
		04F1BE1725580A92002C537D /* SceneDelegate.h */ = {isa = PBXFileReference; lastKnownFileType = sourcecode.c.h; path = SceneDelegate.h; sourceTree = "<group>"; };
		04F1BE1825580A92002C537D /* SceneDelegate.m */ = {isa = PBXFileReference; lastKnownFileType = sourcecode.c.objc; path = SceneDelegate.m; sourceTree = "<group>"; };
		04F1BE1A25580A92002C537D /* ViewController.h */ = {isa = PBXFileReference; lastKnownFileType = sourcecode.c.h; path = ViewController.h; sourceTree = "<group>"; };
		04F1BE1B25580A92002C537D /* ViewController.m */ = {isa = PBXFileReference; lastKnownFileType = sourcecode.c.objc; path = ViewController.m; sourceTree = "<group>"; };
		04F1BE1E25580A92002C537D /* Base */ = {isa = PBXFileReference; lastKnownFileType = file.storyboard; name = Base; path = Base.lproj/Main.storyboard; sourceTree = "<group>"; };
		04F1BE2025580A95002C537D /* Assets.xcassets */ = {isa = PBXFileReference; lastKnownFileType = folder.assetcatalog; path = Assets.xcassets; sourceTree = "<group>"; };
		04F1BE2325580A95002C537D /* Base */ = {isa = PBXFileReference; lastKnownFileType = file.storyboard; name = Base; path = Base.lproj/LaunchScreen.storyboard; sourceTree = "<group>"; };
		04F1BE2525580A95002C537D /* Info.plist */ = {isa = PBXFileReference; lastKnownFileType = text.plist.xml; path = Info.plist; sourceTree = "<group>"; };
		04F1BE2625580A95002C537D /* main.m */ = {isa = PBXFileReference; lastKnownFileType = sourcecode.c.objc; path = main.m; sourceTree = "<group>"; };
		04F1BEDD25580B44002C537D /* CFUUID.h */ = {isa = PBXFileReference; lastKnownFileType = sourcecode.c.h; path = CFUUID.h; sourceTree = "<group>"; };
		04F1BEDE25580B44002C537D /* CFUniCharPriv.h */ = {isa = PBXFileReference; lastKnownFileType = sourcecode.c.h; path = CFUniCharPriv.h; sourceTree = "<group>"; };
		04F1BEDF25580B44002C537D /* CFBundle.h */ = {isa = PBXFileReference; lastKnownFileType = sourcecode.c.h; path = CFBundle.h; sourceTree = "<group>"; };
		04F1BEE025580B44002C537D /* CFBigNumber.h */ = {isa = PBXFileReference; lastKnownFileType = sourcecode.c.h; path = CFBigNumber.h; sourceTree = "<group>"; };
		04F1BEE125580B44002C537D /* CFXMLInputStream.h */ = {isa = PBXFileReference; lastKnownFileType = sourcecode.c.h; path = CFXMLInputStream.h; sourceTree = "<group>"; };
		04F1BEE225580B44002C537D /* CFNumber.c */ = {isa = PBXFileReference; lastKnownFileType = sourcecode.c.c; path = CFNumber.c; sourceTree = "<group>"; };
		04F1BEE325580B44002C537D /* CFError.c */ = {isa = PBXFileReference; lastKnownFileType = sourcecode.c.c; path = CFError.c; sourceTree = "<group>"; };
		04F1BEE425580B44002C537D /* CFBundle_Internal.h */ = {isa = PBXFileReference; lastKnownFileType = sourcecode.c.h; path = CFBundle_Internal.h; sourceTree = "<group>"; };
		04F1BEE525580B44002C537D /* CFURL.inc.h */ = {isa = PBXFileReference; lastKnownFileType = sourcecode.c.h; path = CFURL.inc.h; sourceTree = "<group>"; };
		04F1BEE625580B44002C537D /* CFPropertyList.c */ = {isa = PBXFileReference; lastKnownFileType = sourcecode.c.c; path = CFPropertyList.c; sourceTree = "<group>"; };
		04F1BEE725580B44002C537D /* CFBag.h */ = {isa = PBXFileReference; lastKnownFileType = sourcecode.c.h; path = CFBag.h; sourceTree = "<group>"; };
		04F1BEE825580B44002C537D /* CFStringEncodingConverterPriv.h */ = {isa = PBXFileReference; lastKnownFileType = sourcecode.c.h; path = CFStringEncodingConverterPriv.h; sourceTree = "<group>"; };
		04F1BEE925580B44002C537D /* CFRuntime.h */ = {isa = PBXFileReference; lastKnownFileType = sourcecode.c.h; path = CFRuntime.h; sourceTree = "<group>"; };
		04F1BEEA25580B44002C537D /* CFPreferences.h */ = {isa = PBXFileReference; lastKnownFileType = sourcecode.c.h; path = CFPreferences.h; sourceTree = "<group>"; };
		04F1BEEB25580B44002C537D /* CFConcreteStreams.c */ = {isa = PBXFileReference; lastKnownFileType = sourcecode.c.c; path = CFConcreteStreams.c; sourceTree = "<group>"; };
		04F1BEEC25580B44002C537D /* CoreFoundation_Prefix.h */ = {isa = PBXFileReference; lastKnownFileType = sourcecode.c.h; path = CoreFoundation_Prefix.h; sourceTree = "<group>"; };
		04F1BEED25580B44002C537D /* CFAvailability.h */ = {isa = PBXFileReference; lastKnownFileType = sourcecode.c.h; path = CFAvailability.h; sourceTree = "<group>"; };
		04F1BEEE25580B44002C537D /* SymbolAliases */ = {isa = PBXFileReference; lastKnownFileType = text; path = SymbolAliases; sourceTree = "<group>"; };
		04F1BEEF25580B44002C537D /* CFUserNotification.h */ = {isa = PBXFileReference; lastKnownFileType = sourcecode.c.h; path = CFUserNotification.h; sourceTree = "<group>"; };
		04F1BEF025580B44002C537D /* CFTimeZone.c */ = {isa = PBXFileReference; lastKnownFileType = sourcecode.c.c; path = CFTimeZone.c; sourceTree = "<group>"; };
		04F1BEF125580B44002C537D /* CFVersion.c */ = {isa = PBXFileReference; lastKnownFileType = sourcecode.c.c; path = CFVersion.c; sourceTree = "<group>"; };
		04F1BEF225580B44002C537D /* ForFoundationOnly.h */ = {isa = PBXFileReference; lastKnownFileType = sourcecode.c.h; path = ForFoundationOnly.h; sourceTree = "<group>"; };
		04F1BEF325580B44002C537D /* CFBinaryPList.c */ = {isa = PBXFileReference; lastKnownFileType = sourcecode.c.c; path = CFBinaryPList.c; sourceTree = "<group>"; };
		04F1BEF425580B44002C537D /* CFXMLNode.h */ = {isa = PBXFileReference; lastKnownFileType = sourcecode.c.h; path = CFXMLNode.h; sourceTree = "<group>"; };
		04F1BEF525580B44002C537D /* CFBundle_Resources.c */ = {isa = PBXFileReference; lastKnownFileType = sourcecode.c.c; path = CFBundle_Resources.c; sourceTree = "<group>"; };
		04F1BEF625580B44002C537D /* CFStreamAbstract.h */ = {isa = PBXFileReference; lastKnownFileType = sourcecode.c.h; path = CFStreamAbstract.h; sourceTree = "<group>"; };
		04F1BEF725580B44002C537D /* CFString.c */ = {isa = PBXFileReference; lastKnownFileType = sourcecode.c.c; path = CFString.c; sourceTree = "<group>"; };
		04F1BEF825580B44002C537D /* CFBasicHash.c */ = {isa = PBXFileReference; lastKnownFileType = sourcecode.c.c; path = CFBasicHash.c; sourceTree = "<group>"; };
		04F1BEF925580B44002C537D /* CFArray.h */ = {isa = PBXFileReference; lastKnownFileType = sourcecode.c.h; path = CFArray.h; sourceTree = "<group>"; };
		04F1BEFA25580B44002C537D /* CFBundle_InfoPlist.c */ = {isa = PBXFileReference; lastKnownFileType = sourcecode.c.c; path = CFBundle_InfoPlist.c; sourceTree = "<group>"; };
		04F1BEFB25580B44002C537D /* CFXMLParser.c */ = {isa = PBXFileReference; lastKnownFileType = sourcecode.c.c; path = CFXMLParser.c; sourceTree = "<group>"; };
		04F1BEFC25580B44002C537D /* CFBitVector.c */ = {isa = PBXFileReference; lastKnownFileType = sourcecode.c.c; path = CFBitVector.c; sourceTree = "<group>"; };
		04F1BEFD25580B44002C537D /* CFStream.h */ = {isa = PBXFileReference; lastKnownFileType = sourcecode.c.h; path = CFStream.h; sourceTree = "<group>"; };
		04F1BEFE25580B44002C537D /* CFRunLoop.c */ = {isa = PBXFileReference; lastKnownFileType = sourcecode.c.c; path = CFRunLoop.c; sourceTree = "<group>"; };
		04F1BEFF25580B44002C537D /* CoreFoundation.h */ = {isa = PBXFileReference; lastKnownFileType = sourcecode.c.h; path = CoreFoundation.h; sourceTree = "<group>"; };
		04F1BF0025580B44002C537D /* CFBundle_BinaryTypes.h */ = {isa = PBXFileReference; lastKnownFileType = sourcecode.c.h; path = CFBundle_BinaryTypes.h; sourceTree = "<group>"; };
		04F1BF0125580B44002C537D /* CFSocket.c */ = {isa = PBXFileReference; lastKnownFileType = sourcecode.c.c; path = CFSocket.c; sourceTree = "<group>"; };
		04F1BF0225580B44002C537D /* CFDictionary.h */ = {isa = PBXFileReference; lastKnownFileType = sourcecode.c.h; path = CFDictionary.h; sourceTree = "<group>"; };
		04F1BF0325580B44002C537D /* APPLE_LICENSE */ = {isa = PBXFileReference; lastKnownFileType = text; path = APPLE_LICENSE; sourceTree = "<group>"; };
		04F1BF0425580B44002C537D /* CFURL.c */ = {isa = PBXFileReference; lastKnownFileType = sourcecode.c.c; path = CFURL.c; sourceTree = "<group>"; };
		04F1BF0525580B44002C537D /* CFApplicationPreferences.c */ = {isa = PBXFileReference; lastKnownFileType = sourcecode.c.c; path = CFApplicationPreferences.c; sourceTree = "<group>"; };
		04F1BF0625580B44002C537D /* CFCharacterSet.h */ = {isa = PBXFileReference; lastKnownFileType = sourcecode.c.h; path = CFCharacterSet.h; sourceTree = "<group>"; };
		04F1BF0725580B44002C537D /* CFBasicHashFindBucket.m */ = {isa = PBXFileReference; lastKnownFileType = sourcecode.c.objc; path = CFBasicHashFindBucket.m; sourceTree = "<group>"; };
		04F1BF0825580B44002C537D /* CF-1153.18.xcodeproj */ = {isa = PBXFileReference; lastKnownFileType = "wrapper.pb-project"; path = "CF-1153.18.xcodeproj"; sourceTree = "<group>"; };
		04F1BF0B25580B44002C537D /* CFStorage.h */ = {isa = PBXFileReference; lastKnownFileType = sourcecode.c.h; path = CFStorage.h; sourceTree = "<group>"; };
		04F1BF0C25580B44002C537D /* CFStringEncodingDatabase.c */ = {isa = PBXFileReference; lastKnownFileType = sourcecode.c.c; path = CFStringEncodingDatabase.c; sourceTree = "<group>"; };
		04F1BF0D25580B44002C537D /* CFSystemDirectories.c */ = {isa = PBXFileReference; lastKnownFileType = sourcecode.c.c; path = CFSystemDirectories.c; sourceTree = "<group>"; };
		04F1BF0E25580B44002C537D /* CFUnicodeData-B.mapping */ = {isa = PBXFileReference; lastKnownFileType = file; path = "CFUnicodeData-B.mapping"; sourceTree = "<group>"; };
		04F1BF0F25580B44002C537D /* CFCalendar.c */ = {isa = PBXFileReference; lastKnownFileType = sourcecode.c.c; path = CFCalendar.c; sourceTree = "<group>"; };
		04F1BF1025580B44002C537D /* CFOldStylePList.c */ = {isa = PBXFileReference; lastKnownFileType = sourcecode.c.c; path = CFOldStylePList.c; sourceTree = "<group>"; };
		04F1BF1125580B44002C537D /* Makefile */ = {isa = PBXFileReference; lastKnownFileType = sourcecode.make; path = Makefile; sourceTree = "<group>"; };
		04F1BF1225580B44002C537D /* CFDateFormatter.h */ = {isa = PBXFileReference; lastKnownFileType = sourcecode.c.h; path = CFDateFormatter.h; sourceTree = "<group>"; };
		04F1BF1325580B44002C537D /* CFPlugIn_Factory.h */ = {isa = PBXFileReference; lastKnownFileType = sourcecode.c.h; path = CFPlugIn_Factory.h; sourceTree = "<group>"; };
		04F1BF1425580B44002C537D /* CFICUConverters.c */ = {isa = PBXFileReference; lastKnownFileType = sourcecode.c.c; path = CFICUConverters.c; sourceTree = "<group>"; };
		04F1BF1525580B44002C537D /* CFSet.c */ = {isa = PBXFileReference; lastKnownFileType = sourcecode.c.c; path = CFSet.c; sourceTree = "<group>"; };
		04F1BF1625580B44002C537D /* CFBase.c */ = {isa = PBXFileReference; lastKnownFileType = sourcecode.c.c; path = CFBase.c; sourceTree = "<group>"; };
		04F1BF1725580B44002C537D /* CFTree.h */ = {isa = PBXFileReference; lastKnownFileType = sourcecode.c.h; path = CFTree.h; sourceTree = "<group>"; };
		04F1BF1825580B44002C537D /* CFSortFunctions.c */ = {isa = PBXFileReference; lastKnownFileType = sourcecode.c.c; path = CFSortFunctions.c; sourceTree = "<group>"; };
		04F1BF1925580B44002C537D /* CFBinaryHeap.c */ = {isa = PBXFileReference; lastKnownFileType = sourcecode.c.c; path = CFBinaryHeap.c; sourceTree = "<group>"; };
		04F1BF1A25580B44002C537D /* CFMessagePort.h */ = {isa = PBXFileReference; lastKnownFileType = sourcecode.c.h; path = CFMessagePort.h; sourceTree = "<group>"; };
		04F1BF1B25580B44002C537D /* CFUtilities.c */ = {isa = PBXFileReference; lastKnownFileType = sourcecode.c.c; path = CFUtilities.c; sourceTree = "<group>"; };
		04F1BF1C25580B44002C537D /* MakefileVersion */ = {isa = PBXFileReference; lastKnownFileType = text; path = MakefileVersion; sourceTree = "<group>"; };
		04F1BF1D25580B44002C537D /* CFUnicodePrecomposition.h */ = {isa = PBXFileReference; lastKnownFileType = sourcecode.c.h; path = CFUnicodePrecomposition.h; sourceTree = "<group>"; };
		04F1BF1E25580B44002C537D /* CFMachPort.h */ = {isa = PBXFileReference; lastKnownFileType = sourcecode.c.h; path = CFMachPort.h; sourceTree = "<group>"; };
		04F1BF1F25580B44002C537D /* CFICULogging.h */ = {isa = PBXFileReference; lastKnownFileType = sourcecode.c.h; path = CFICULogging.h; sourceTree = "<group>"; };
		04F1BF2025580B44002C537D /* CFPlugInCOM.h */ = {isa = PBXFileReference; lastKnownFileType = sourcecode.c.h; path = CFPlugInCOM.h; sourceTree = "<group>"; };
		04F1BF2125580B44002C537D /* CFPlugIn.h */ = {isa = PBXFileReference; lastKnownFileType = sourcecode.c.h; path = CFPlugIn.h; sourceTree = "<group>"; };
		04F1BF2225580B44002C537D /* CFFileUtilities.c */ = {isa = PBXFileReference; lastKnownFileType = sourcecode.c.c; path = CFFileUtilities.c; sourceTree = "<group>"; };
		04F1BF2325580B44002C537D /* CFBundle_Locale.c */ = {isa = PBXFileReference; lastKnownFileType = sourcecode.c.c; path = CFBundle_Locale.c; sourceTree = "<group>"; };
		04F1BF2425580B44002C537D /* CFLocaleKeys.c */ = {isa = PBXFileReference; lastKnownFileType = sourcecode.c.c; path = CFLocaleKeys.c; sourceTree = "<group>"; };
		04F1BF2525580B44002C537D /* CFUnicodeDecomposition.h */ = {isa = PBXFileReference; lastKnownFileType = sourcecode.c.h; path = CFUnicodeDecomposition.h; sourceTree = "<group>"; };
		04F1BF2625580B44002C537D /* CFDate.h */ = {isa = PBXFileReference; lastKnownFileType = sourcecode.c.h; path = CFDate.h; sourceTree = "<group>"; };
		04F1BF2725580B44002C537D /* CFBundle_Strings.c */ = {isa = PBXFileReference; lastKnownFileType = sourcecode.c.c; path = CFBundle_Strings.c; sourceTree = "<group>"; };
		04F1BF2825580B44002C537D /* CFBurstTrie.h */ = {isa = PBXFileReference; lastKnownFileType = sourcecode.c.h; path = CFBurstTrie.h; sourceTree = "<group>"; };
		04F1BF2925580B44002C537D /* CFStringEncodingConverter.h */ = {isa = PBXFileReference; lastKnownFileType = sourcecode.c.h; path = CFStringEncodingConverter.h; sourceTree = "<group>"; };
		04F1BF2A25580B44002C537D /* CFStreamInternal.h */ = {isa = PBXFileReference; lastKnownFileType = sourcecode.c.h; path = CFStreamInternal.h; sourceTree = "<group>"; };
		04F1BF2B25580B44002C537D /* CFStringEncodingConverterExt.h */ = {isa = PBXFileReference; lastKnownFileType = sourcecode.c.h; path = CFStringEncodingConverterExt.h; sourceTree = "<group>"; };
		04F1BF2C25580B44002C537D /* CFLocale.h */ = {isa = PBXFileReference; lastKnownFileType = sourcecode.c.h; path = CFLocale.h; sourceTree = "<group>"; };
		04F1BF2D25580B44002C537D /* CFData.h */ = {isa = PBXFileReference; lastKnownFileType = sourcecode.c.h; path = CFData.h; sourceTree = "<group>"; };
		04F1BF2E25580B44002C537D /* CFUniChar.c */ = {isa = PBXFileReference; lastKnownFileType = sourcecode.c.c; path = CFUniChar.c; sourceTree = "<group>"; };
		04F1BF2F25580B44002C537D /* CFNumberFormatter.h */ = {isa = PBXFileReference; lastKnownFileType = sourcecode.c.h; path = CFNumberFormatter.h; sourceTree = "<group>"; };
		04F1BF3025580B44002C537D /* CFURLAccess.h */ = {isa = PBXFileReference; lastKnownFileType = sourcecode.c.h; path = CFURLAccess.h; sourceTree = "<group>"; };
		04F1BF3125580B44002C537D /* CFLocaleInternal.h */ = {isa = PBXFileReference; lastKnownFileType = sourcecode.c.h; path = CFLocaleInternal.h; sourceTree = "<group>"; };
		04F1BF3225580B44002C537D /* CFStreamPriv.h */ = {isa = PBXFileReference; lastKnownFileType = sourcecode.c.h; path = CFStreamPriv.h; sourceTree = "<group>"; };
		04F1BF3325580B44002C537D /* CFLogUtilities.h */ = {isa = PBXFileReference; lastKnownFileType = sourcecode.c.h; path = CFLogUtilities.h; sourceTree = "<group>"; };
		04F1BF3425580B44002C537D /* CFRuntime.c */ = {isa = PBXFileReference; lastKnownFileType = sourcecode.c.c; path = CFRuntime.c; sourceTree = "<group>"; };
		04F1BF3525580B44002C537D /* CFPreferences.c */ = {isa = PBXFileReference; lastKnownFileType = sourcecode.c.c; path = CFPreferences.c; sourceTree = "<group>"; };
		04F1BF3625580B44002C537D /* CFUserNotification.c */ = {isa = PBXFileReference; lastKnownFileType = sourcecode.c.c; path = CFUserNotification.c; sourceTree = "<group>"; };
		04F1BF3725580B44002C537D /* CFTimeZone.h */ = {isa = PBXFileReference; lastKnownFileType = sourcecode.c.h; path = CFTimeZone.h; sourceTree = "<group>"; };
		04F1BF3825580B44002C537D /* TargetConditionals.h */ = {isa = PBXFileReference; lastKnownFileType = sourcecode.c.h; path = TargetConditionals.h; sourceTree = "<group>"; };
		04F1BF3925580B44002C537D /* CFXMLPreferencesDomain.c */ = {isa = PBXFileReference; lastKnownFileType = sourcecode.c.c; path = CFXMLPreferencesDomain.c; sourceTree = "<group>"; };
		04F1BF3A25580B44002C537D /* CFError.h */ = {isa = PBXFileReference; lastKnownFileType = sourcecode.c.h; path = CFError.h; sourceTree = "<group>"; };
		04F1BF3B25580B44002C537D /* CFNumber.h */ = {isa = PBXFileReference; lastKnownFileType = sourcecode.c.h; path = CFNumber.h; sourceTree = "<group>"; };
		04F1BF3C25580B44002C537D /* CFBundlePriv.h */ = {isa = PBXFileReference; lastKnownFileType = sourcecode.c.h; path = CFBundlePriv.h; sourceTree = "<group>"; };
		04F1BF3D25580B44002C537D /* README_CFLITE */ = {isa = PBXFileReference; lastKnownFileType = text; path = README_CFLITE; sourceTree = "<group>"; };
		04F1BF3E25580B44002C537D /* CFCharacterSetBitmaps.bitmap */ = {isa = PBXFileReference; lastKnownFileType = file; path = CFCharacterSetBitmaps.bitmap; sourceTree = "<group>"; };
		04F1BF3F25580B44002C537D /* CFXMLInputStream.c */ = {isa = PBXFileReference; lastKnownFileType = sourcecode.c.c; path = CFXMLInputStream.c; sourceTree = "<group>"; };
		04F1BF4025580B44002C537D /* CFBag.c */ = {isa = PBXFileReference; lastKnownFileType = sourcecode.c.c; path = CFBag.c; sourceTree = "<group>"; };
		04F1BF4125580B44002C537D /* CFPropertyList.h */ = {isa = PBXFileReference; lastKnownFileType = sourcecode.c.h; path = CFPropertyList.h; sourceTree = "<group>"; };
		04F1BF4225580B44002C537D /* CFBundle.c */ = {isa = PBXFileReference; lastKnownFileType = sourcecode.c.c; path = CFBundle.c; sourceTree = "<group>"; };
		04F1BF4325580B44002C537D /* CFSocketStream.c */ = {isa = PBXFileReference; lastKnownFileType = sourcecode.c.c; path = CFSocketStream.c; sourceTree = "<group>"; };
		04F1BF4425580B44002C537D /* CFBigNumber.c */ = {isa = PBXFileReference; lastKnownFileType = sourcecode.c.c; path = CFBigNumber.c; sourceTree = "<group>"; };
		04F1BF4525580B44002C537D /* CFUUID.c */ = {isa = PBXFileReference; lastKnownFileType = sourcecode.c.c; path = CFUUID.c; sourceTree = "<group>"; };
		04F1BF4625580B44002C537D /* PropertyList.dtd */ = {isa = PBXFileReference; lastKnownFileType = text.xml; path = PropertyList.dtd; sourceTree = "<group>"; };
		04F1BF4725580B44002C537D /* CFBundle_Binary.c */ = {isa = PBXFileReference; lastKnownFileType = sourcecode.c.c; path = CFBundle_Binary.c; sourceTree = "<group>"; };
		04F1BF4825580B44002C537D /* CFPlugIn_Instance.c */ = {isa = PBXFileReference; lastKnownFileType = sourcecode.c.c; path = CFPlugIn_Instance.c; sourceTree = "<group>"; };
		04F1BF4925580B44002C537D /* CFPriv.h */ = {isa = PBXFileReference; lastKnownFileType = sourcecode.c.h; path = CFPriv.h; sourceTree = "<group>"; };
		04F1BF4A25580B44002C537D /* CFByteOrder.h */ = {isa = PBXFileReference; lastKnownFileType = sourcecode.c.h; path = CFByteOrder.h; sourceTree = "<group>"; };
		04F1BF4B25580B44002C537D /* CFBuiltinConverters.c */ = {isa = PBXFileReference; lastKnownFileType = sourcecode.c.c; path = CFBuiltinConverters.c; sourceTree = "<group>"; };
		04F1BF4C25580B44002C537D /* CFStorage.c */ = {isa = PBXFileReference; lastKnownFileType = sourcecode.c.c; path = CFStorage.c; sourceTree = "<group>"; };
		04F1BF4E25580B44002C537D /* plconvert.c */ = {isa = PBXFileReference; lastKnownFileType = sourcecode.c.c; path = plconvert.c; sourceTree = "<group>"; };
		04F1BF4F25580B44002C537D /* CFCharacterSet.c */ = {isa = PBXFileReference; lastKnownFileType = sourcecode.c.c; path = CFCharacterSet.c; sourceTree = "<group>"; };
		04F1BF5025580B44002C537D /* CFDictionary.c */ = {isa = PBXFileReference; lastKnownFileType = sourcecode.c.c; path = CFDictionary.c; sourceTree = "<group>"; };
		04F1BF5125580B44002C537D /* CFSocket.h */ = {isa = PBXFileReference; lastKnownFileType = sourcecode.c.h; path = CFSocket.h; sourceTree = "<group>"; };
		04F1BF5225580B44002C537D /* CFURL.h */ = {isa = PBXFileReference; lastKnownFileType = sourcecode.c.h; path = CFURL.h; sourceTree = "<group>"; };
		04F1BF5325580B44002C537D /* CFInternal.h */ = {isa = PBXFileReference; lastKnownFileType = sourcecode.c.h; path = CFInternal.h; sourceTree = "<group>"; };
		04F1BF5425580B44002C537D /* CFBitVector.h */ = {isa = PBXFileReference; lastKnownFileType = sourcecode.c.h; path = CFBitVector.h; sourceTree = "<group>"; };
		04F1BF5525580B44002C537D /* CFXMLParser.h */ = {isa = PBXFileReference; lastKnownFileType = sourcecode.c.h; path = CFXMLParser.h; sourceTree = "<group>"; };
		04F1BF5625580B44002C537D /* CFXMLTree.c */ = {isa = PBXFileReference; lastKnownFileType = sourcecode.c.c; path = CFXMLTree.c; sourceTree = "<group>"; };
		04F1BF5725580B44002C537D /* CFRunLoop.h */ = {isa = PBXFileReference; lastKnownFileType = sourcecode.c.h; path = CFRunLoop.h; sourceTree = "<group>"; };
		04F1BF5825580B44002C537D /* CFStream.c */ = {isa = PBXFileReference; lastKnownFileType = sourcecode.c.c; path = CFStream.c; sourceTree = "<group>"; };
		04F1BF5925580B44002C537D /* CFLocaleIdentifier.c */ = {isa = PBXFileReference; lastKnownFileType = sourcecode.c.c; path = CFLocaleIdentifier.c; sourceTree = "<group>"; };
		04F1BF5A25580B44002C537D /* CFXMLNode.c */ = {isa = PBXFileReference; lastKnownFileType = sourcecode.c.c; path = CFXMLNode.c; sourceTree = "<group>"; };
		04F1BF5B25580B44002C537D /* CFArray.c */ = {isa = PBXFileReference; lastKnownFileType = sourcecode.c.c; path = CFArray.c; sourceTree = "<group>"; };
		04F1BF5C25580B44002C537D /* CFBasicHash.h */ = {isa = PBXFileReference; lastKnownFileType = sourcecode.c.h; path = CFBasicHash.h; sourceTree = "<group>"; };
		04F1BF5D25580B44002C537D /* CFString.h */ = {isa = PBXFileReference; lastKnownFileType = sourcecode.c.h; path = CFString.h; sourceTree = "<group>"; };
		04F1BF5E25580B44002C537D /* CFPlatform.c */ = {isa = PBXFileReference; lastKnownFileType = sourcecode.c.c; path = CFPlatform.c; sourceTree = "<group>"; };
		04F1BF5F25580B44002C537D /* CFStringScanner.c */ = {isa = PBXFileReference; lastKnownFileType = sourcecode.c.c; path = CFStringScanner.c; sourceTree = "<group>"; };
		04F1BF6025580B44002C537D /* CFMachPort.c */ = {isa = PBXFileReference; lastKnownFileType = sourcecode.c.c; path = CFMachPort.c; sourceTree = "<group>"; };
		04F1BF6125580B44002C537D /* CFUnicodePrecomposition.c */ = {isa = PBXFileReference; lastKnownFileType = sourcecode.c.c; path = CFUnicodePrecomposition.c; sourceTree = "<group>"; };
		04F1BF6225580B44002C537D /* CFBinaryHeap.h */ = {isa = PBXFileReference; lastKnownFileType = sourcecode.c.h; path = CFBinaryHeap.h; sourceTree = "<group>"; };
		04F1BF6325580B44002C537D /* CFMessagePort.c */ = {isa = PBXFileReference; lastKnownFileType = sourcecode.c.c; path = CFMessagePort.c; sourceTree = "<group>"; };
		04F1BF6425580B44002C537D /* CFTree.c */ = {isa = PBXFileReference; lastKnownFileType = sourcecode.c.c; path = CFTree.c; sourceTree = "<group>"; };
		04F1BF6525580B44002C537D /* CFBase.h */ = {isa = PBXFileReference; lastKnownFileType = sourcecode.c.h; path = CFBase.h; sourceTree = "<group>"; };
		04F1BF6625580B44002C537D /* CFURLPriv.h */ = {isa = PBXFileReference; lastKnownFileType = sourcecode.c.h; path = CFURLPriv.h; sourceTree = "<group>"; };
		04F1BF6725580B44002C537D /* CFSet.h */ = {isa = PBXFileReference; lastKnownFileType = sourcecode.c.h; path = CFSet.h; sourceTree = "<group>"; };
		04F1BF6825580B44002C537D /* CFUnicodeData-L.mapping */ = {isa = PBXFileReference; lastKnownFileType = file; path = "CFUnicodeData-L.mapping"; sourceTree = "<group>"; };
		04F1BF6925580B44002C537D /* CFPlatformConverters.c */ = {isa = PBXFileReference; lastKnownFileType = sourcecode.c.c; path = CFPlatformConverters.c; sourceTree = "<group>"; };
		04F1BF6A25580B44002C537D /* CFUtilities.h */ = {isa = PBXFileReference; lastKnownFileType = sourcecode.c.h; path = CFUtilities.h; sourceTree = "<group>"; };
		04F1BF6B25580B44002C537D /* CFPlugIn_Factory.c */ = {isa = PBXFileReference; lastKnownFileType = sourcecode.c.c; path = CFPlugIn_Factory.c; sourceTree = "<group>"; };
		04F1BF6C25580B44002C537D /* CFDateFormatter.c */ = {isa = PBXFileReference; lastKnownFileType = sourcecode.c.c; path = CFDateFormatter.c; sourceTree = "<group>"; };
		04F1BF6D25580B44002C537D /* CFICUConverters.h */ = {isa = PBXFileReference; lastKnownFileType = sourcecode.c.h; path = CFICUConverters.h; sourceTree = "<group>"; };
		04F1BF6E25580B44002C537D /* CFUniCharPropertyDatabase.data */ = {isa = PBXFileReference; lastKnownFileType = file; path = CFUniCharPropertyDatabase.data; sourceTree = "<group>"; };
		04F1BF6F25580B44002C537D /* MakefileLinux */ = {isa = PBXFileReference; lastKnownFileType = text; path = MakefileLinux; sourceTree = "<group>"; };
		04F1BF7025580B44002C537D /* CFStringUtilities.c */ = {isa = PBXFileReference; lastKnownFileType = sourcecode.c.c; path = CFStringUtilities.c; sourceTree = "<group>"; };
		04F1BF7125580B44002C537D /* CFStringEncodingDatabase.h */ = {isa = PBXFileReference; lastKnownFileType = sourcecode.c.h; path = CFStringEncodingDatabase.h; sourceTree = "<group>"; };
		04F1BF7225580B44002C537D /* CFStringDefaultEncoding.h */ = {isa = PBXFileReference; lastKnownFileType = sourcecode.c.h; path = CFStringDefaultEncoding.h; sourceTree = "<group>"; };
		04F1BF7325580B44002C537D /* CFCalendar.h */ = {isa = PBXFileReference; lastKnownFileType = sourcecode.c.h; path = CFCalendar.h; sourceTree = "<group>"; };
		04F1BF7425580B44002C537D /* CFError_Private.h */ = {isa = PBXFileReference; lastKnownFileType = sourcecode.c.h; path = CFError_Private.h; sourceTree = "<group>"; };
		04F1BF7525580B44002C537D /* CFWindowsUtilities.c */ = {isa = PBXFileReference; lastKnownFileType = sourcecode.c.c; path = CFWindowsUtilities.c; sourceTree = "<group>"; };
		04F1BF7625580B44002C537D /* plconvert.c */ = {isa = PBXFileReference; lastKnownFileType = sourcecode.c.c; path = plconvert.c; sourceTree = "<group>"; };
		04F1BF7725580B44002C537D /* CFURLAccess.c */ = {isa = PBXFileReference; lastKnownFileType = sourcecode.c.c; path = CFURLAccess.c; sourceTree = "<group>"; };
		04F1BF7825580B44002C537D /* CFBundle_Grok.c */ = {isa = PBXFileReference; lastKnownFileType = sourcecode.c.c; path = CFBundle_Grok.c; sourceTree = "<group>"; };
		04F1BF7925580B44002C537D /* CFNumberFormatter.c */ = {isa = PBXFileReference; lastKnownFileType = sourcecode.c.c; path = CFNumberFormatter.c; sourceTree = "<group>"; };
		04F1BF7A25580B44002C537D /* CFStringEncodings.c */ = {isa = PBXFileReference; lastKnownFileType = sourcecode.c.c; path = CFStringEncodings.c; sourceTree = "<group>"; };
		04F1BF7B25580B44002C537D /* CFLocale.c */ = {isa = PBXFileReference; lastKnownFileType = sourcecode.c.c; path = CFLocale.c; sourceTree = "<group>"; };
		04F1BF7C25580B44002C537D /* CFStringEncodingExt.h */ = {isa = PBXFileReference; lastKnownFileType = sourcecode.c.h; path = CFStringEncodingExt.h; sourceTree = "<group>"; };
		04F1BF7D25580B44002C537D /* CFUniChar.h */ = {isa = PBXFileReference; lastKnownFileType = sourcecode.c.h; path = CFUniChar.h; sourceTree = "<group>"; };
		04F1BF7E25580B44002C537D /* CFCharacterSetPriv.h */ = {isa = PBXFileReference; lastKnownFileType = sourcecode.c.h; path = CFCharacterSetPriv.h; sourceTree = "<group>"; };
		04F1BF7F25580B44002C537D /* Info.plist */ = {isa = PBXFileReference; lastKnownFileType = text.plist.xml; path = Info.plist; sourceTree = "<group>"; };
		04F1BF8025580B44002C537D /* CFData.c */ = {isa = PBXFileReference; lastKnownFileType = sourcecode.c.c; path = CFData.c; sourceTree = "<group>"; };
		04F1BF8125580B44002C537D /* CFStringEncodingConverter.c */ = {isa = PBXFileReference; lastKnownFileType = sourcecode.c.c; path = CFStringEncodingConverter.c; sourceTree = "<group>"; };
		04F1BF8225580B44002C537D /* CFBurstTrie.c */ = {isa = PBXFileReference; lastKnownFileType = sourcecode.c.c; path = CFBurstTrie.c; sourceTree = "<group>"; };
		04F1BF8325580B44002C537D /* CFDate.c */ = {isa = PBXFileReference; lastKnownFileType = sourcecode.c.c; path = CFDate.c; sourceTree = "<group>"; };
		04F1BF8425580B44002C537D /* CFUnicodeDecomposition.c */ = {isa = PBXFileReference; lastKnownFileType = sourcecode.c.c; path = CFUnicodeDecomposition.c; sourceTree = "<group>"; };
		04F1BF8525580B44002C537D /* CFPlugIn_PlugIn.c */ = {isa = PBXFileReference; lastKnownFileType = sourcecode.c.c; path = CFPlugIn_PlugIn.c; sourceTree = "<group>"; };
		04F1BF8625580B44002C537D /* CFPlugIn.c */ = {isa = PBXFileReference; lastKnownFileType = sourcecode.c.c; path = CFPlugIn.c; sourceTree = "<group>"; };
		04F1BF8825582AEA002C537D /* AMPerson.h */ = {isa = PBXFileReference; lastKnownFileType = sourcecode.c.h; path = AMPerson.h; sourceTree = "<group>"; };
		04F1BF8925582AEA002C537D /* AMPerson.m */ = {isa = PBXFileReference; lastKnownFileType = sourcecode.c.objc; path = AMPerson.m; sourceTree = "<group>"; };
		04F1C04D257A3AB6002C537D /* RLOneViewController.h */ = {isa = PBXFileReference; lastKnownFileType = sourcecode.c.h; path = RLOneViewController.h; sourceTree = "<group>"; };
		04F1C04E257A3AB6002C537D /* RLOneViewController.m */ = {isa = PBXFileReference; lastKnownFileType = sourcecode.c.objc; path = RLOneViewController.m; sourceTree = "<group>"; };
		04F1C051257A3B4F002C537D /* PrefixHeader.pch */ = {isa = PBXFileReference; lastKnownFileType = sourcecode.c.h; path = PrefixHeader.pch; sourceTree = "<group>"; };
		04F1C053257A3BDD002C537D /* TestCellModel.m */ = {isa = PBXFileReference; fileEncoding = 4; lastKnownFileType = sourcecode.c.objc; path = TestCellModel.m; sourceTree = "<group>"; };
		04F1C054257A3BDD002C537D /* TestCellModel.h */ = {isa = PBXFileReference; fileEncoding = 4; lastKnownFileType = sourcecode.c.h; path = TestCellModel.h; sourceTree = "<group>"; };
		04F1C056257A54ED002C537D /* RLZeroViewController.h */ = {isa = PBXFileReference; lastKnownFileType = sourcecode.c.h; path = RLZeroViewController.h; sourceTree = "<group>"; };
		04F1C057257A54ED002C537D /* RLZeroViewController.m */ = {isa = PBXFileReference; lastKnownFileType = sourcecode.c.objc; path = RLZeroViewController.m; sourceTree = "<group>"; };
		2A4C76ECED2A93CE0ED22E40 /* libPods-RunLoop.a */ = {isa = PBXFileReference; explicitFileType = archive.ar; includeInIndex = 0; path = "libPods-RunLoop.a"; sourceTree = BUILT_PRODUCTS_DIR; };
		DC7C6DADEA08E3B78CDEED2C /* Pods-RunLoop.debug.xcconfig */ = {isa = PBXFileReference; includeInIndex = 1; lastKnownFileType = text.xcconfig; name = "Pods-RunLoop.debug.xcconfig"; path = "Target Support Files/Pods-RunLoop/Pods-RunLoop.debug.xcconfig"; sourceTree = "<group>"; };
		E5BD08100ED93A6F78718F14 /* Pods-RunLoop.release.xcconfig */ = {isa = PBXFileReference; includeInIndex = 1; lastKnownFileType = text.xcconfig; name = "Pods-RunLoop.release.xcconfig"; path = "Target Support Files/Pods-RunLoop/Pods-RunLoop.release.xcconfig"; sourceTree = "<group>"; };
/* End PBXFileReference section */

/* Begin PBXFrameworksBuildPhase section */
		04F1BE0E25580A92002C537D /* Frameworks */ = {
			isa = PBXFrameworksBuildPhase;
			buildActionMask = 2147483647;
			files = (
				543A65B984EAFAB53ECDC086 /* libPods-RunLoop.a in Frameworks */,
			);
			runOnlyForDeploymentPostprocessing = 0;
		};
/* End PBXFrameworksBuildPhase section */

/* Begin PBXGroup section */
		04F1BE0825580A92002C537D = {
			isa = PBXGroup;
			children = (
				04F1BE1325580A92002C537D /* RunLoop */,
				04F1BE1225580A92002C537D /* Products */,
				660A081D4BB4A792CAD050EA /* Pods */,
				3EF922048AD2A3D300CD0FBB /* Frameworks */,
			);
			sourceTree = "<group>";
		};
		04F1BE1225580A92002C537D /* Products */ = {
			isa = PBXGroup;
			children = (
				04F1BE1125580A92002C537D /* RunLoop.app */,
			);
			name = Products;
			sourceTree = "<group>";
		};
		04F1BE1325580A92002C537D /* RunLoop */ = {
			isa = PBXGroup;
			children = (
				04F1C04B257A3A04002C537D /* Classes */,
				04F1BEDC25580B44002C537D /* CF-1153.18 */,
				04F1BE1425580A92002C537D /* AppDelegate.h */,
				04F1BE1525580A92002C537D /* AppDelegate.m */,
				04F1BE1725580A92002C537D /* SceneDelegate.h */,
				04F1BE1825580A92002C537D /* SceneDelegate.m */,
				04F1BE1A25580A92002C537D /* ViewController.h */,
				04F1BE1B25580A92002C537D /* ViewController.m */,
				04F1BE1D25580A92002C537D /* Main.storyboard */,
				04F1BE2025580A95002C537D /* Assets.xcassets */,
				04F1BE2225580A95002C537D /* LaunchScreen.storyboard */,
				04F1BE2525580A95002C537D /* Info.plist */,
				04F1BE2625580A95002C537D /* main.m */,
				04F1BF8825582AEA002C537D /* AMPerson.h */,
				04F1BF8925582AEA002C537D /* AMPerson.m */,
				04F1C051257A3B4F002C537D /* PrefixHeader.pch */,
			);
			path = RunLoop;
			sourceTree = "<group>";
		};
		04F1BEDC25580B44002C537D /* CF-1153.18 */ = {
			isa = PBXGroup;
			children = (
				04F1BF5725580B44002C537D /* CFRunLoop.h */,
				04F1BEFE25580B44002C537D /* CFRunLoop.c */,
				04F1BEDD25580B44002C537D /* CFUUID.h */,
				04F1BEDE25580B44002C537D /* CFUniCharPriv.h */,
				04F1BEDF25580B44002C537D /* CFBundle.h */,
				04F1BEE025580B44002C537D /* CFBigNumber.h */,
				04F1BEE125580B44002C537D /* CFXMLInputStream.h */,
				04F1BEE225580B44002C537D /* CFNumber.c */,
				04F1BEE325580B44002C537D /* CFError.c */,
				04F1BEE425580B44002C537D /* CFBundle_Internal.h */,
				04F1BEE525580B44002C537D /* CFURL.inc.h */,
				04F1BEE625580B44002C537D /* CFPropertyList.c */,
				04F1BEE725580B44002C537D /* CFBag.h */,
				04F1BEE825580B44002C537D /* CFStringEncodingConverterPriv.h */,
				04F1BEE925580B44002C537D /* CFRuntime.h */,
				04F1BEEA25580B44002C537D /* CFPreferences.h */,
				04F1BEEB25580B44002C537D /* CFConcreteStreams.c */,
				04F1BEEC25580B44002C537D /* CoreFoundation_Prefix.h */,
				04F1BEED25580B44002C537D /* CFAvailability.h */,
				04F1BEEE25580B44002C537D /* SymbolAliases */,
				04F1BEEF25580B44002C537D /* CFUserNotification.h */,
				04F1BEF025580B44002C537D /* CFTimeZone.c */,
				04F1BEF125580B44002C537D /* CFVersion.c */,
				04F1BEF225580B44002C537D /* ForFoundationOnly.h */,
				04F1BEF325580B44002C537D /* CFBinaryPList.c */,
				04F1BEF425580B44002C537D /* CFXMLNode.h */,
				04F1BEF525580B44002C537D /* CFBundle_Resources.c */,
				04F1BEF625580B44002C537D /* CFStreamAbstract.h */,
				04F1BEF725580B44002C537D /* CFString.c */,
				04F1BEF825580B44002C537D /* CFBasicHash.c */,
				04F1BEF925580B44002C537D /* CFArray.h */,
				04F1BEFA25580B44002C537D /* CFBundle_InfoPlist.c */,
				04F1BEFB25580B44002C537D /* CFXMLParser.c */,
				04F1BEFC25580B44002C537D /* CFBitVector.c */,
				04F1BEFD25580B44002C537D /* CFStream.h */,
				04F1BEFF25580B44002C537D /* CoreFoundation.h */,
				04F1BF0025580B44002C537D /* CFBundle_BinaryTypes.h */,
				04F1BF0125580B44002C537D /* CFSocket.c */,
				04F1BF0225580B44002C537D /* CFDictionary.h */,
				04F1BF0325580B44002C537D /* APPLE_LICENSE */,
				04F1BF0425580B44002C537D /* CFURL.c */,
				04F1BF0525580B44002C537D /* CFApplicationPreferences.c */,
				04F1BF0625580B44002C537D /* CFCharacterSet.h */,
				04F1BF0725580B44002C537D /* CFBasicHashFindBucket.m */,
				04F1BF0825580B44002C537D /* CF-1153.18.xcodeproj */,
				04F1BF0B25580B44002C537D /* CFStorage.h */,
				04F1BF0C25580B44002C537D /* CFStringEncodingDatabase.c */,
				04F1BF0D25580B44002C537D /* CFSystemDirectories.c */,
				04F1BF0E25580B44002C537D /* CFUnicodeData-B.mapping */,
				04F1BF0F25580B44002C537D /* CFCalendar.c */,
				04F1BF1025580B44002C537D /* CFOldStylePList.c */,
				04F1BF1125580B44002C537D /* Makefile */,
				04F1BF1225580B44002C537D /* CFDateFormatter.h */,
				04F1BF1325580B44002C537D /* CFPlugIn_Factory.h */,
				04F1BF1425580B44002C537D /* CFICUConverters.c */,
				04F1BF1525580B44002C537D /* CFSet.c */,
				04F1BF1625580B44002C537D /* CFBase.c */,
				04F1BF1725580B44002C537D /* CFTree.h */,
				04F1BF1825580B44002C537D /* CFSortFunctions.c */,
				04F1BF1925580B44002C537D /* CFBinaryHeap.c */,
				04F1BF1A25580B44002C537D /* CFMessagePort.h */,
				04F1BF1B25580B44002C537D /* CFUtilities.c */,
				04F1BF1C25580B44002C537D /* MakefileVersion */,
				04F1BF1D25580B44002C537D /* CFUnicodePrecomposition.h */,
				04F1BF1E25580B44002C537D /* CFMachPort.h */,
				04F1BF1F25580B44002C537D /* CFICULogging.h */,
				04F1BF2025580B44002C537D /* CFPlugInCOM.h */,
				04F1BF2125580B44002C537D /* CFPlugIn.h */,
				04F1BF2225580B44002C537D /* CFFileUtilities.c */,
				04F1BF2325580B44002C537D /* CFBundle_Locale.c */,
				04F1BF2425580B44002C537D /* CFLocaleKeys.c */,
				04F1BF2525580B44002C537D /* CFUnicodeDecomposition.h */,
				04F1BF2625580B44002C537D /* CFDate.h */,
				04F1BF2725580B44002C537D /* CFBundle_Strings.c */,
				04F1BF2825580B44002C537D /* CFBurstTrie.h */,
				04F1BF2925580B44002C537D /* CFStringEncodingConverter.h */,
				04F1BF2A25580B44002C537D /* CFStreamInternal.h */,
				04F1BF2B25580B44002C537D /* CFStringEncodingConverterExt.h */,
				04F1BF2C25580B44002C537D /* CFLocale.h */,
				04F1BF2D25580B44002C537D /* CFData.h */,
				04F1BF2E25580B44002C537D /* CFUniChar.c */,
				04F1BF2F25580B44002C537D /* CFNumberFormatter.h */,
				04F1BF3025580B44002C537D /* CFURLAccess.h */,
				04F1BF3125580B44002C537D /* CFLocaleInternal.h */,
				04F1BF3225580B44002C537D /* CFStreamPriv.h */,
				04F1BF3325580B44002C537D /* CFLogUtilities.h */,
				04F1BF3425580B44002C537D /* CFRuntime.c */,
				04F1BF3525580B44002C537D /* CFPreferences.c */,
				04F1BF3625580B44002C537D /* CFUserNotification.c */,
				04F1BF3725580B44002C537D /* CFTimeZone.h */,
				04F1BF3825580B44002C537D /* TargetConditionals.h */,
				04F1BF3925580B44002C537D /* CFXMLPreferencesDomain.c */,
				04F1BF3A25580B44002C537D /* CFError.h */,
				04F1BF3B25580B44002C537D /* CFNumber.h */,
				04F1BF3C25580B44002C537D /* CFBundlePriv.h */,
				04F1BF3D25580B44002C537D /* README_CFLITE */,
				04F1BF3E25580B44002C537D /* CFCharacterSetBitmaps.bitmap */,
				04F1BF3F25580B44002C537D /* CFXMLInputStream.c */,
				04F1BF4025580B44002C537D /* CFBag.c */,
				04F1BF4125580B44002C537D /* CFPropertyList.h */,
				04F1BF4225580B44002C537D /* CFBundle.c */,
				04F1BF4325580B44002C537D /* CFSocketStream.c */,
				04F1BF4425580B44002C537D /* CFBigNumber.c */,
				04F1BF4525580B44002C537D /* CFUUID.c */,
				04F1BF4625580B44002C537D /* PropertyList.dtd */,
				04F1BF4725580B44002C537D /* CFBundle_Binary.c */,
				04F1BF4825580B44002C537D /* CFPlugIn_Instance.c */,
				04F1BF4925580B44002C537D /* CFPriv.h */,
				04F1BF4A25580B44002C537D /* CFByteOrder.h */,
				04F1BF4B25580B44002C537D /* CFBuiltinConverters.c */,
				04F1BF4C25580B44002C537D /* CFStorage.c */,
				04F1BF4D25580B44002C537D /* Examples */,
				04F1BF4F25580B44002C537D /* CFCharacterSet.c */,
				04F1BF5025580B44002C537D /* CFDictionary.c */,
				04F1BF5125580B44002C537D /* CFSocket.h */,
				04F1BF5225580B44002C537D /* CFURL.h */,
				04F1BF5325580B44002C537D /* CFInternal.h */,
				04F1BF5425580B44002C537D /* CFBitVector.h */,
				04F1BF5525580B44002C537D /* CFXMLParser.h */,
				04F1BF5625580B44002C537D /* CFXMLTree.c */,
				04F1BF5825580B44002C537D /* CFStream.c */,
				04F1BF5925580B44002C537D /* CFLocaleIdentifier.c */,
				04F1BF5A25580B44002C537D /* CFXMLNode.c */,
				04F1BF5B25580B44002C537D /* CFArray.c */,
				04F1BF5C25580B44002C537D /* CFBasicHash.h */,
				04F1BF5D25580B44002C537D /* CFString.h */,
				04F1BF5E25580B44002C537D /* CFPlatform.c */,
				04F1BF5F25580B44002C537D /* CFStringScanner.c */,
				04F1BF6025580B44002C537D /* CFMachPort.c */,
				04F1BF6125580B44002C537D /* CFUnicodePrecomposition.c */,
				04F1BF6225580B44002C537D /* CFBinaryHeap.h */,
				04F1BF6325580B44002C537D /* CFMessagePort.c */,
				04F1BF6425580B44002C537D /* CFTree.c */,
				04F1BF6525580B44002C537D /* CFBase.h */,
				04F1BF6625580B44002C537D /* CFURLPriv.h */,
				04F1BF6725580B44002C537D /* CFSet.h */,
				04F1BF6825580B44002C537D /* CFUnicodeData-L.mapping */,
				04F1BF6925580B44002C537D /* CFPlatformConverters.c */,
				04F1BF6A25580B44002C537D /* CFUtilities.h */,
				04F1BF6B25580B44002C537D /* CFPlugIn_Factory.c */,
				04F1BF6C25580B44002C537D /* CFDateFormatter.c */,
				04F1BF6D25580B44002C537D /* CFICUConverters.h */,
				04F1BF6E25580B44002C537D /* CFUniCharPropertyDatabase.data */,
				04F1BF6F25580B44002C537D /* MakefileLinux */,
				04F1BF7025580B44002C537D /* CFStringUtilities.c */,
				04F1BF7125580B44002C537D /* CFStringEncodingDatabase.h */,
				04F1BF7225580B44002C537D /* CFStringDefaultEncoding.h */,
				04F1BF7325580B44002C537D /* CFCalendar.h */,
				04F1BF7425580B44002C537D /* CFError_Private.h */,
				04F1BF7525580B44002C537D /* CFWindowsUtilities.c */,
				04F1BF7625580B44002C537D /* plconvert.c */,
				04F1BF7725580B44002C537D /* CFURLAccess.c */,
				04F1BF7825580B44002C537D /* CFBundle_Grok.c */,
				04F1BF7925580B44002C537D /* CFNumberFormatter.c */,
				04F1BF7A25580B44002C537D /* CFStringEncodings.c */,
				04F1BF7B25580B44002C537D /* CFLocale.c */,
				04F1BF7C25580B44002C537D /* CFStringEncodingExt.h */,
				04F1BF7D25580B44002C537D /* CFUniChar.h */,
				04F1BF7E25580B44002C537D /* CFCharacterSetPriv.h */,
				04F1BF7F25580B44002C537D /* Info.plist */,
				04F1BF8025580B44002C537D /* CFData.c */,
				04F1BF8125580B44002C537D /* CFStringEncodingConverter.c */,
				04F1BF8225580B44002C537D /* CFBurstTrie.c */,
				04F1BF8325580B44002C537D /* CFDate.c */,
				04F1BF8425580B44002C537D /* CFUnicodeDecomposition.c */,
				04F1BF8525580B44002C537D /* CFPlugIn_PlugIn.c */,
				04F1BF8625580B44002C537D /* CFPlugIn.c */,
			);
			path = "CF-1153.18";
			sourceTree = "<group>";
		};
		04F1BF0925580B44002C537D /* Products */ = {
			isa = PBXGroup;
			children = (
			);
			name = Products;
			sourceTree = "<group>";
		};
		04F1BF4D25580B44002C537D /* Examples */ = {
			isa = PBXGroup;
			children = (
				04F1BF4E25580B44002C537D /* plconvert.c */,
			);
			path = Examples;
			sourceTree = "<group>";
		};
		04F1C04B257A3A04002C537D /* Classes */ = {
			isa = PBXGroup;
			children = (
				04F1C054257A3BDD002C537D /* TestCellModel.h */,
				04F1C053257A3BDD002C537D /* TestCellModel.m */,
				04F1C056257A54ED002C537D /* RLZeroViewController.h */,
				04F1C057257A54ED002C537D /* RLZeroViewController.m */,
				04F1C04D257A3AB6002C537D /* RLOneViewController.h */,
				04F1C04E257A3AB6002C537D /* RLOneViewController.m */,
			);
			path = Classes;
			sourceTree = "<group>";
		};
		3EF922048AD2A3D300CD0FBB /* Frameworks */ = {
			isa = PBXGroup;
			children = (
				2A4C76ECED2A93CE0ED22E40 /* libPods-RunLoop.a */,
			);
			name = Frameworks;
			sourceTree = "<group>";
		};
		660A081D4BB4A792CAD050EA /* Pods */ = {
			isa = PBXGroup;
			children = (
				DC7C6DADEA08E3B78CDEED2C /* Pods-RunLoop.debug.xcconfig */,
				E5BD08100ED93A6F78718F14 /* Pods-RunLoop.release.xcconfig */,
			);
			name = Pods;
			path = ../Pods;
			sourceTree = "<group>";
		};
/* End PBXGroup section */

/* Begin PBXNativeTarget section */
		04F1BE1025580A92002C537D /* RunLoop */ = {
			isa = PBXNativeTarget;
			buildConfigurationList = 04F1BE2A25580A95002C537D /* Build configuration list for PBXNativeTarget "RunLoop" */;
			buildPhases = (
				B837531B2A7838568780C27F /* [CP] Check Pods Manifest.lock */,
				04F1BE0D25580A92002C537D /* Sources */,
				04F1BE0E25580A92002C537D /* Frameworks */,
				04F1BE0F25580A92002C537D /* Resources */,
				2FFAA4BC2D572E13B0520BEF /* [CP] Copy Pods Resources */,
			);
			buildRules = (
			);
			dependencies = (
			);
			name = RunLoop;
			productName = RunLoop;
			productReference = 04F1BE1125580A92002C537D /* RunLoop.app */;
			productType = "com.apple.product-type.application";
		};
/* End PBXNativeTarget section */

/* Begin PBXProject section */
		04F1BE0925580A92002C537D /* Project object */ = {
			isa = PBXProject;
			attributes = {
				LastUpgradeCheck = 1150;
				ORGANIZATIONNAME = "朱献国";
				TargetAttributes = {
					04F1BE1025580A92002C537D = {
						CreatedOnToolsVersion = 11.5;
					};
				};
			};
			buildConfigurationList = 04F1BE0C25580A92002C537D /* Build configuration list for PBXProject "RunLoop" */;
			compatibilityVersion = "Xcode 9.3";
			developmentRegion = en;
			hasScannedForEncodings = 0;
			knownRegions = (
				en,
				Base,
			);
			mainGroup = 04F1BE0825580A92002C537D;
			productRefGroup = 04F1BE1225580A92002C537D /* Products */;
			projectDirPath = "";
			projectReferences = (
				{
					ProductGroup = 04F1BF0925580B44002C537D /* Products */;
					ProjectRef = 04F1BF0825580B44002C537D /* CF-1153.18.xcodeproj */;
				},
			);
			projectRoot = "";
			targets = (
				04F1BE1025580A92002C537D /* RunLoop */,
			);
		};
/* End PBXProject section */

/* Begin PBXResourcesBuildPhase section */
		04F1BE0F25580A92002C537D /* Resources */ = {
			isa = PBXResourcesBuildPhase;
			buildActionMask = 2147483647;
			files = (
				04F1BE2425580A95002C537D /* LaunchScreen.storyboard in Resources */,
				04F1BE2125580A95002C537D /* Assets.xcassets in Resources */,
				04F1BE1F25580A92002C537D /* Main.storyboard in Resources */,
			);
			runOnlyForDeploymentPostprocessing = 0;
		};
/* End PBXResourcesBuildPhase section */

/* Begin PBXShellScriptBuildPhase section */
		2FFAA4BC2D572E13B0520BEF /* [CP] Copy Pods Resources */ = {
			isa = PBXShellScriptBuildPhase;
			buildActionMask = 2147483647;
			files = (
			);
			inputFileListPaths = (
				"${PODS_ROOT}/Target Support Files/Pods-RunLoop/Pods-RunLoop-resources-${CONFIGURATION}-input-files.xcfilelist",
			);
			name = "[CP] Copy Pods Resources";
			outputFileListPaths = (
				"${PODS_ROOT}/Target Support Files/Pods-RunLoop/Pods-RunLoop-resources-${CONFIGURATION}-output-files.xcfilelist",
			);
			runOnlyForDeploymentPostprocessing = 0;
			shellPath = /bin/sh;
			shellScript = "\"${PODS_ROOT}/Target Support Files/Pods-RunLoop/Pods-RunLoop-resources.sh\"\n";
			showEnvVarsInLog = 0;
		};
		B837531B2A7838568780C27F /* [CP] Check Pods Manifest.lock */ = {
			isa = PBXShellScriptBuildPhase;
			buildActionMask = 2147483647;
			files = (
			);
			inputFileListPaths = (
			);
			inputPaths = (
				"${PODS_PODFILE_DIR_PATH}/Podfile.lock",
				"${PODS_ROOT}/Manifest.lock",
			);
			name = "[CP] Check Pods Manifest.lock";
			outputFileListPaths = (
			);
			outputPaths = (
				"$(DERIVED_FILE_DIR)/Pods-RunLoop-checkManifestLockResult.txt",
			);
			runOnlyForDeploymentPostprocessing = 0;
			shellPath = /bin/sh;
			shellScript = "diff \"${PODS_PODFILE_DIR_PATH}/Podfile.lock\" \"${PODS_ROOT}/Manifest.lock\" > /dev/null\nif [ $? != 0 ] ; then\n    # print error to STDERR\n    echo \"error: The sandbox is not in sync with the Podfile.lock. Run 'pod install' or update your CocoaPods installation.\" >&2\n    exit 1\nfi\n# This output is used by Xcode 'outputs' to avoid re-running this script phase.\necho \"SUCCESS\" > \"${SCRIPT_OUTPUT_FILE_0}\"\n";
			showEnvVarsInLog = 0;
		};
/* End PBXShellScriptBuildPhase section */

/* Begin PBXSourcesBuildPhase section */
		04F1BE0D25580A92002C537D /* Sources */ = {
			isa = PBXSourcesBuildPhase;
			buildActionMask = 2147483647;
			files = (
				04F1C055257A3BDD002C537D /* TestCellModel.m in Sources */,
				04F1BE1C25580A92002C537D /* ViewController.m in Sources */,
				04F1BE1625580A92002C537D /* AppDelegate.m in Sources */,
				04F1BF8A25582AEA002C537D /* AMPerson.m in Sources */,
				04F1BE2725580A95002C537D /* main.m in Sources */,
				04F1BE1925580A92002C537D /* SceneDelegate.m in Sources */,
				04F1C058257A54ED002C537D /* RLZeroViewController.m in Sources */,
				04F1C04F257A3AB7002C537D /* RLOneViewController.m in Sources */,
			);
			runOnlyForDeploymentPostprocessing = 0;
		};
/* End PBXSourcesBuildPhase section */

/* Begin PBXVariantGroup section */
		04F1BE1D25580A92002C537D /* Main.storyboard */ = {
			isa = PBXVariantGroup;
			children = (
				04F1BE1E25580A92002C537D /* Base */,
			);
			name = Main.storyboard;
			sourceTree = "<group>";
		};
		04F1BE2225580A95002C537D /* LaunchScreen.storyboard */ = {
			isa = PBXVariantGroup;
			children = (
				04F1BE2325580A95002C537D /* Base */,
			);
			name = LaunchScreen.storyboard;
			sourceTree = "<group>";
		};
/* End PBXVariantGroup section */

/* Begin XCBuildConfiguration section */
		04F1BE2825580A95002C537D /* Debug */ = {
			isa = XCBuildConfiguration;
			buildSettings = {
				ALWAYS_SEARCH_USER_PATHS = NO;
				CLANG_ANALYZER_NONNULL = YES;
				CLANG_ANALYZER_NUMBER_OBJECT_CONVERSION = YES_AGGRESSIVE;
				CLANG_CXX_LANGUAGE_STANDARD = "gnu++14";
				CLANG_CXX_LIBRARY = "libc++";
				CLANG_ENABLE_MODULES = YES;
				CLANG_ENABLE_OBJC_ARC = YES;
				CLANG_ENABLE_OBJC_WEAK = YES;
				CLANG_WARN_BLOCK_CAPTURE_AUTORELEASING = YES;
				CLANG_WARN_BOOL_CONVERSION = YES;
				CLANG_WARN_COMMA = YES;
				CLANG_WARN_CONSTANT_CONVERSION = YES;
				CLANG_WARN_DEPRECATED_OBJC_IMPLEMENTATIONS = YES;
				CLANG_WARN_DIRECT_OBJC_ISA_USAGE = YES_ERROR;
				CLANG_WARN_DOCUMENTATION_COMMENTS = YES;
				CLANG_WARN_EMPTY_BODY = YES;
				CLANG_WARN_ENUM_CONVERSION = YES;
				CLANG_WARN_INFINITE_RECURSION = YES;
				CLANG_WARN_INT_CONVERSION = YES;
				CLANG_WARN_NON_LITERAL_NULL_CONVERSION = YES;
				CLANG_WARN_OBJC_IMPLICIT_RETAIN_SELF = YES;
				CLANG_WARN_OBJC_LITERAL_CONVERSION = YES;
				CLANG_WARN_OBJC_ROOT_CLASS = YES_ERROR;
				CLANG_WARN_RANGE_LOOP_ANALYSIS = YES;
				CLANG_WARN_STRICT_PROTOTYPES = YES;
				CLANG_WARN_SUSPICIOUS_MOVE = YES;
				CLANG_WARN_UNGUARDED_AVAILABILITY = YES_AGGRESSIVE;
				CLANG_WARN_UNREACHABLE_CODE = YES;
				CLANG_WARN__DUPLICATE_METHOD_MATCH = YES;
				COPY_PHASE_STRIP = NO;
				DEBUG_INFORMATION_FORMAT = dwarf;
				ENABLE_STRICT_OBJC_MSGSEND = YES;
				ENABLE_TESTABILITY = YES;
				GCC_C_LANGUAGE_STANDARD = gnu11;
				GCC_DYNAMIC_NO_PIC = NO;
				GCC_NO_COMMON_BLOCKS = YES;
				GCC_OPTIMIZATION_LEVEL = 0;
				GCC_PREPROCESSOR_DEFINITIONS = (
					"DEBUG=1",
					"$(inherited)",
				);
				GCC_WARN_64_TO_32_BIT_CONVERSION = YES;
				GCC_WARN_ABOUT_RETURN_TYPE = YES_ERROR;
				GCC_WARN_UNDECLARED_SELECTOR = YES;
				GCC_WARN_UNINITIALIZED_AUTOS = YES_AGGRESSIVE;
				GCC_WARN_UNUSED_FUNCTION = YES;
				GCC_WARN_UNUSED_VARIABLE = YES;
				IPHONEOS_DEPLOYMENT_TARGET = 13.5;
				MTL_ENABLE_DEBUG_INFO = INCLUDE_SOURCE;
				MTL_FAST_MATH = YES;
				ONLY_ACTIVE_ARCH = YES;
				SDKROOT = iphoneos;
			};
			name = Debug;
		};
		04F1BE2925580A95002C537D /* Release */ = {
			isa = XCBuildConfiguration;
			buildSettings = {
				ALWAYS_SEARCH_USER_PATHS = NO;
				CLANG_ANALYZER_NONNULL = YES;
				CLANG_ANALYZER_NUMBER_OBJECT_CONVERSION = YES_AGGRESSIVE;
				CLANG_CXX_LANGUAGE_STANDARD = "gnu++14";
				CLANG_CXX_LIBRARY = "libc++";
				CLANG_ENABLE_MODULES = YES;
				CLANG_ENABLE_OBJC_ARC = YES;
				CLANG_ENABLE_OBJC_WEAK = YES;
				CLANG_WARN_BLOCK_CAPTURE_AUTORELEASING = YES;
				CLANG_WARN_BOOL_CONVERSION = YES;
				CLANG_WARN_COMMA = YES;
				CLANG_WARN_CONSTANT_CONVERSION = YES;
				CLANG_WARN_DEPRECATED_OBJC_IMPLEMENTATIONS = YES;
				CLANG_WARN_DIRECT_OBJC_ISA_USAGE = YES_ERROR;
				CLANG_WARN_DOCUMENTATION_COMMENTS = YES;
				CLANG_WARN_EMPTY_BODY = YES;
				CLANG_WARN_ENUM_CONVERSION = YES;
				CLANG_WARN_INFINITE_RECURSION = YES;
				CLANG_WARN_INT_CONVERSION = YES;
				CLANG_WARN_NON_LITERAL_NULL_CONVERSION = YES;
				CLANG_WARN_OBJC_IMPLICIT_RETAIN_SELF = YES;
				CLANG_WARN_OBJC_LITERAL_CONVERSION = YES;
				CLANG_WARN_OBJC_ROOT_CLASS = YES_ERROR;
				CLANG_WARN_RANGE_LOOP_ANALYSIS = YES;
				CLANG_WARN_STRICT_PROTOTYPES = YES;
				CLANG_WARN_SUSPICIOUS_MOVE = YES;
				CLANG_WARN_UNGUARDED_AVAILABILITY = YES_AGGRESSIVE;
				CLANG_WARN_UNREACHABLE_CODE = YES;
				CLANG_WARN__DUPLICATE_METHOD_MATCH = YES;
				COPY_PHASE_STRIP = NO;
				DEBUG_INFORMATION_FORMAT = "dwarf-with-dsym";
				ENABLE_NS_ASSERTIONS = NO;
				ENABLE_STRICT_OBJC_MSGSEND = YES;
				GCC_C_LANGUAGE_STANDARD = gnu11;
				GCC_NO_COMMON_BLOCKS = YES;
				GCC_WARN_64_TO_32_BIT_CONVERSION = YES;
				GCC_WARN_ABOUT_RETURN_TYPE = YES_ERROR;
				GCC_WARN_UNDECLARED_SELECTOR = YES;
				GCC_WARN_UNINITIALIZED_AUTOS = YES_AGGRESSIVE;
				GCC_WARN_UNUSED_FUNCTION = YES;
				GCC_WARN_UNUSED_VARIABLE = YES;
				IPHONEOS_DEPLOYMENT_TARGET = 13.5;
				MTL_ENABLE_DEBUG_INFO = NO;
				MTL_FAST_MATH = YES;
				SDKROOT = iphoneos;
				VALIDATE_PRODUCT = YES;
			};
			name = Release;
		};
		04F1BE2B25580A95002C537D /* Debug */ = {
			isa = XCBuildConfiguration;
			baseConfigurationReference = DC7C6DADEA08E3B78CDEED2C /* Pods-RunLoop.debug.xcconfig */;
			buildSettings = {
				ASSETCATALOG_COMPILER_APPICON_NAME = AppIcon;
				CODE_SIGN_STYLE = Automatic;
				GCC_PRECOMPILE_PREFIX_HEADER = YES;
				GCC_PREFIX_HEADER = RunLoop/PrefixHeader.pch;
				INFOPLIST_FILE = RunLoop/Info.plist;
				LD_RUNPATH_SEARCH_PATHS = (
					"$(inherited)",
					"@executable_path/Frameworks",
				);
				PRODUCT_BUNDLE_IDENTIFIER = "---.RunLoop";
				PRODUCT_NAME = "$(TARGET_NAME)";
				TARGETED_DEVICE_FAMILY = "1,2";
			};
			name = Debug;
		};
		04F1BE2C25580A95002C537D /* Release */ = {
			isa = XCBuildConfiguration;
			baseConfigurationReference = E5BD08100ED93A6F78718F14 /* Pods-RunLoop.release.xcconfig */;
			buildSettings = {
				ASSETCATALOG_COMPILER_APPICON_NAME = AppIcon;
				CODE_SIGN_STYLE = Automatic;
				GCC_PRECOMPILE_PREFIX_HEADER = YES;
				GCC_PREFIX_HEADER = RunLoop/PrefixHeader.pch;
				INFOPLIST_FILE = RunLoop/Info.plist;
				LD_RUNPATH_SEARCH_PATHS = (
					"$(inherited)",
					"@executable_path/Frameworks",
				);
				PRODUCT_BUNDLE_IDENTIFIER = "---.RunLoop";
				PRODUCT_NAME = "$(TARGET_NAME)";
				TARGETED_DEVICE_FAMILY = "1,2";
			};
			name = Release;
		};
/* End XCBuildConfiguration section */

/* Begin XCConfigurationList section */
		04F1BE0C25580A92002C537D /* Build configuration list for PBXProject "RunLoop" */ = {
			isa = XCConfigurationList;
			buildConfigurations = (
				04F1BE2825580A95002C537D /* Debug */,
				04F1BE2925580A95002C537D /* Release */,
			);
			defaultConfigurationIsVisible = 0;
			defaultConfigurationName = Release;
		};
		04F1BE2A25580A95002C537D /* Build configuration list for PBXNativeTarget "RunLoop" */ = {
			isa = XCConfigurationList;
			buildConfigurations = (
				04F1BE2B25580A95002C537D /* Debug */,
				04F1BE2C25580A95002C537D /* Release */,
			);
			defaultConfigurationIsVisible = 0;
			defaultConfigurationName = Release;
		};
/* End XCConfigurationList section */
	};
	rootObject = 04F1BE0925580A92002C537D /* Project object */;
}
