// !$*UTF8*$!
{
	archiveVersion = 1;
	classes = {
	};
	objectVersion = 51;
	objects = {

/* Begin PBXBuildFile section */
		0410EC7D253DAECA001AF3A8 /* AppDelegate.m in Sources */ = {isa = PBXBuildFile; fileRef = 0410EC7C253DAECA001AF3A8 /* AppDelegate.m */; };
		0410EC80253DAECA001AF3A8 /* SceneDelegate.m in Sources */ = {isa = PBXBuildFile; fileRef = 0410EC7F253DAECA001AF3A8 /* SceneDelegate.m */; };
		0410EC83253DAECA001AF3A8 /* ViewController.m in Sources */ = {isa = PBXBuildFile; fileRef = 0410EC82253DAECA001AF3A8 /* ViewController.m */; };
		0410EC86253DAECA001AF3A8 /* Main.storyboard in Resources */ = {isa = PBXBuildFile; fileRef = 0410EC84253DAECA001AF3A8 /* Main.storyboard */; };
		0410EC88253DAECE001AF3A8 /* Assets.xcassets in Resources */ = {isa = PBXBuildFile; fileRef = 0410EC87253DAECE001AF3A8 /* Assets.xcassets */; };
		0410EC8B253DAECE001AF3A8 /* LaunchScreen.storyboard in Resources */ = {isa = PBXBuildFile; fileRef = 0410EC89253DAECE001AF3A8 /* LaunchScreen.storyboard */; };
		0410EC8E253DAECE001AF3A8 /* main.m in Sources */ = {isa = PBXBuildFile; fileRef = 0410EC8D253DAECE001AF3A8 /* main.m */; };
		0410EC97253DB2A4001AF3A8 /* DownloadController.m in Sources */ = {isa = PBXBuildFile; fileRef = 0410EC96253DB2A4001AF3A8 /* DownloadController.m */; };
		0410EC9A253DBFD4001AF3A8 /* CellModel.m in Sources */ = {isa = PBXBuildFile; fileRef = 0410EC99253DBFD4001AF3A8 /* CellModel.m */; };
		0410EC9E253DC4D9001AF3A8 /* BreakDownloadController.m in Sources */ = {isa = PBXBuildFile; fileRef = 0410EC9D253DC4D9001AF3A8 /* BreakDownloadController.m */; };
		0410ECA1253DDB2D001AF3A8 /* UploadController.m in Sources */ = {isa = PBXBuildFile; fileRef = 0410ECA0253DDB2D001AF3A8 /* UploadController.m */; };
		0410ECDD2541AA23001AF3A8 /* InputStreamUploadController.m in Sources */ = {isa = PBXBuildFile; fileRef = 0410ECDC2541AA23001AF3A8 /* InputStreamUploadController.m */; };
		0410ECE62545A08E001AF3A8 /* AppDelegate.m in Sources */ = {isa = PBXBuildFile; fileRef = 0410ECE52545A08E001AF3A8 /* AppDelegate.m */; };
		0410ECE92545A08E001AF3A8 /* SceneDelegate.m in Sources */ = {isa = PBXBuildFile; fileRef = 0410ECE82545A08E001AF3A8 /* SceneDelegate.m */; };
		0410ECEC2545A08E001AF3A8 /* ViewController.m in Sources */ = {isa = PBXBuildFile; fileRef = 0410ECEB2545A08E001AF3A8 /* ViewController.m */; };
		0410ECEF2545A08E001AF3A8 /* Main.storyboard in Resources */ = {isa = PBXBuildFile; fileRef = 0410ECED2545A08E001AF3A8 /* Main.storyboard */; };
		0410ECF12545A090001AF3A8 /* Assets.xcassets in Resources */ = {isa = PBXBuildFile; fileRef = 0410ECF02545A090001AF3A8 /* Assets.xcassets */; };
		0410ECF42545A090001AF3A8 /* LaunchScreen.storyboard in Resources */ = {isa = PBXBuildFile; fileRef = 0410ECF22545A090001AF3A8 /* LaunchScreen.storyboard */; };
		0410ECF72545A090001AF3A8 /* main.m in Sources */ = {isa = PBXBuildFile; fileRef = 0410ECF62545A090001AF3A8 /* main.m */; };
		0410ECFE2545A5E0001AF3A8 /* CTMNetworkManager.m in Sources */ = {isa = PBXBuildFile; fileRef = 0410ECFD2545A5E0001AF3A8 /* CTMNetworkManager.m */; };
		0410ED012545B080001AF3A8 /* CTMRequest.m in Sources */ = {isa = PBXBuildFile; fileRef = 0410ED002545B080001AF3A8 /* CTMRequest.m */; };
		0410ED062546E1DE001AF3A8 /* CTMMD5Encrypt.m in Sources */ = {isa = PBXBuildFile; fileRef = 0410ED052546E1DE001AF3A8 /* CTMMD5Encrypt.m */; };
		0410ED092546E73E001AF3A8 /* CTMNetworkLocalCache.m in Sources */ = {isa = PBXBuildFile; fileRef = 0410ED082546E73E001AF3A8 /* CTMNetworkLocalCache.m */; };
		1CD27ED46012073CC48FC0E4 /* libPods-CTMNetwork.a in Frameworks */ = {isa = PBXBuildFile; fileRef = CC522760D5112B7ED6E6A0D2 /* libPods-CTMNetwork.a */; };
		3D68038F2F365D1E18614A68 /* libPods-NSURLSession.a in Frameworks */ = {isa = PBXBuildFile; fileRef = 2654E6128015677D717BCBFC /* libPods-NSURLSession.a */; };
/* End PBXBuildFile section */

/* Begin PBXFileReference section */
		0410EC78253DAECA001AF3A8 /* NSURLSession.app */ = {isa = PBXFileReference; explicitFileType = wrapper.application; includeInIndex = 0; path = NSURLSession.app; sourceTree = BUILT_PRODUCTS_DIR; };
		0410EC7B253DAECA001AF3A8 /* AppDelegate.h */ = {isa = PBXFileReference; lastKnownFileType = sourcecode.c.h; path = AppDelegate.h; sourceTree = "<group>"; };
		0410EC7C253DAECA001AF3A8 /* AppDelegate.m */ = {isa = PBXFileReference; lastKnownFileType = sourcecode.c.objc; path = AppDelegate.m; sourceTree = "<group>"; };
		0410EC7E253DAECA001AF3A8 /* SceneDelegate.h */ = {isa = PBXFileReference; lastKnownFileType = sourcecode.c.h; path = SceneDelegate.h; sourceTree = "<group>"; };
		0410EC7F253DAECA001AF3A8 /* SceneDelegate.m */ = {isa = PBXFileReference; lastKnownFileType = sourcecode.c.objc; path = SceneDelegate.m; sourceTree = "<group>"; };
		0410EC81253DAECA001AF3A8 /* ViewController.h */ = {isa = PBXFileReference; lastKnownFileType = sourcecode.c.h; path = ViewController.h; sourceTree = "<group>"; };
		0410EC82253DAECA001AF3A8 /* ViewController.m */ = {isa = PBXFileReference; lastKnownFileType = sourcecode.c.objc; path = ViewController.m; sourceTree = "<group>"; };
		0410EC85253DAECA001AF3A8 /* Base */ = {isa = PBXFileReference; lastKnownFileType = file.storyboard; name = Base; path = Base.lproj/Main.storyboard; sourceTree = "<group>"; };
		0410EC87253DAECE001AF3A8 /* Assets.xcassets */ = {isa = PBXFileReference; lastKnownFileType = folder.assetcatalog; path = Assets.xcassets; sourceTree = "<group>"; };
		0410EC8A253DAECE001AF3A8 /* Base */ = {isa = PBXFileReference; lastKnownFileType = file.storyboard; name = Base; path = Base.lproj/LaunchScreen.storyboard; sourceTree = "<group>"; };
		0410EC8C253DAECE001AF3A8 /* Info.plist */ = {isa = PBXFileReference; lastKnownFileType = text.plist.xml; path = Info.plist; sourceTree = "<group>"; };
		0410EC8D253DAECE001AF3A8 /* main.m */ = {isa = PBXFileReference; lastKnownFileType = sourcecode.c.objc; path = main.m; sourceTree = "<group>"; };
		0410EC95253DB2A4001AF3A8 /* DownloadController.h */ = {isa = PBXFileReference; lastKnownFileType = sourcecode.c.h; path = DownloadController.h; sourceTree = "<group>"; };
		0410EC96253DB2A4001AF3A8 /* DownloadController.m */ = {isa = PBXFileReference; lastKnownFileType = sourcecode.c.objc; path = DownloadController.m; sourceTree = "<group>"; };
		0410EC98253DBFD4001AF3A8 /* CellModel.h */ = {isa = PBXFileReference; lastKnownFileType = sourcecode.c.h; path = CellModel.h; sourceTree = "<group>"; };
		0410EC99253DBFD4001AF3A8 /* CellModel.m */ = {isa = PBXFileReference; lastKnownFileType = sourcecode.c.objc; path = CellModel.m; sourceTree = "<group>"; };
		0410EC9B253DC0E2001AF3A8 /* PrefixHeader.pch */ = {isa = PBXFileReference; fileEncoding = 4; lastKnownFileType = sourcecode.c.h; path = PrefixHeader.pch; sourceTree = "<group>"; };
		0410EC9C253DC4D9001AF3A8 /* BreakDownloadController.h */ = {isa = PBXFileReference; lastKnownFileType = sourcecode.c.h; path = BreakDownloadController.h; sourceTree = "<group>"; };
		0410EC9D253DC4D9001AF3A8 /* BreakDownloadController.m */ = {isa = PBXFileReference; lastKnownFileType = sourcecode.c.objc; path = BreakDownloadController.m; sourceTree = "<group>"; };
		0410EC9F253DDB2D001AF3A8 /* UploadController.h */ = {isa = PBXFileReference; lastKnownFileType = sourcecode.c.h; path = UploadController.h; sourceTree = "<group>"; };
		0410ECA0253DDB2D001AF3A8 /* UploadController.m */ = {isa = PBXFileReference; lastKnownFileType = sourcecode.c.objc; path = UploadController.m; sourceTree = "<group>"; };
		0410ECDB2541AA23001AF3A8 /* InputStreamUploadController.h */ = {isa = PBXFileReference; lastKnownFileType = sourcecode.c.h; path = InputStreamUploadController.h; sourceTree = "<group>"; };
		0410ECDC2541AA23001AF3A8 /* InputStreamUploadController.m */ = {isa = PBXFileReference; lastKnownFileType = sourcecode.c.objc; path = InputStreamUploadController.m; sourceTree = "<group>"; };
		0410ECE22545A08E001AF3A8 /* CTMNetwork.app */ = {isa = PBXFileReference; explicitFileType = wrapper.application; includeInIndex = 0; path = CTMNetwork.app; sourceTree = BUILT_PRODUCTS_DIR; };
		0410ECE42545A08E001AF3A8 /* AppDelegate.h */ = {isa = PBXFileReference; lastKnownFileType = sourcecode.c.h; path = AppDelegate.h; sourceTree = "<group>"; };
		0410ECE52545A08E001AF3A8 /* AppDelegate.m */ = {isa = PBXFileReference; lastKnownFileType = sourcecode.c.objc; path = AppDelegate.m; sourceTree = "<group>"; };
		0410ECE72545A08E001AF3A8 /* SceneDelegate.h */ = {isa = PBXFileReference; lastKnownFileType = sourcecode.c.h; path = SceneDelegate.h; sourceTree = "<group>"; };
		0410ECE82545A08E001AF3A8 /* SceneDelegate.m */ = {isa = PBXFileReference; lastKnownFileType = sourcecode.c.objc; path = SceneDelegate.m; sourceTree = "<group>"; };
		0410ECEA2545A08E001AF3A8 /* ViewController.h */ = {isa = PBXFileReference; lastKnownFileType = sourcecode.c.h; path = ViewController.h; sourceTree = "<group>"; };
		0410ECEB2545A08E001AF3A8 /* ViewController.m */ = {isa = PBXFileReference; lastKnownFileType = sourcecode.c.objc; path = ViewController.m; sourceTree = "<group>"; };
		0410ECEE2545A08E001AF3A8 /* Base */ = {isa = PBXFileReference; lastKnownFileType = file.storyboard; name = Base; path = Base.lproj/Main.storyboard; sourceTree = "<group>"; };
		0410ECF02545A090001AF3A8 /* Assets.xcassets */ = {isa = PBXFileReference; lastKnownFileType = folder.assetcatalog; path = Assets.xcassets; sourceTree = "<group>"; };
		0410ECF32545A090001AF3A8 /* Base */ = {isa = PBXFileReference; lastKnownFileType = file.storyboard; name = Base; path = Base.lproj/LaunchScreen.storyboard; sourceTree = "<group>"; };
		0410ECF52545A090001AF3A8 /* Info.plist */ = {isa = PBXFileReference; lastKnownFileType = text.plist.xml; path = Info.plist; sourceTree = "<group>"; };
		0410ECF62545A090001AF3A8 /* main.m */ = {isa = PBXFileReference; lastKnownFileType = sourcecode.c.objc; path = main.m; sourceTree = "<group>"; };
		0410ECFC2545A5E0001AF3A8 /* CTMNetworkManager.h */ = {isa = PBXFileReference; lastKnownFileType = sourcecode.c.h; path = CTMNetworkManager.h; sourceTree = "<group>"; };
		0410ECFD2545A5E0001AF3A8 /* CTMNetworkManager.m */ = {isa = PBXFileReference; lastKnownFileType = sourcecode.c.objc; path = CTMNetworkManager.m; sourceTree = "<group>"; };
		0410ECFF2545B080001AF3A8 /* CTMRequest.h */ = {isa = PBXFileReference; lastKnownFileType = sourcecode.c.h; path = CTMRequest.h; sourceTree = "<group>"; };
		0410ED002545B080001AF3A8 /* CTMRequest.m */ = {isa = PBXFileReference; lastKnownFileType = sourcecode.c.objc; path = CTMRequest.m; sourceTree = "<group>"; };
		0410ED032546D958001AF3A8 /* prefix.pch */ = {isa = PBXFileReference; lastKnownFileType = sourcecode.c.h; path = prefix.pch; sourceTree = "<group>"; };
		0410ED042546E1DE001AF3A8 /* CTMMD5Encrypt.h */ = {isa = PBXFileReference; lastKnownFileType = sourcecode.c.h; path = CTMMD5Encrypt.h; sourceTree = "<group>"; };
		0410ED052546E1DE001AF3A8 /* CTMMD5Encrypt.m */ = {isa = PBXFileReference; lastKnownFileType = sourcecode.c.objc; path = CTMMD5Encrypt.m; sourceTree = "<group>"; };
		0410ED072546E73E001AF3A8 /* CTMNetworkLocalCache.h */ = {isa = PBXFileReference; lastKnownFileType = sourcecode.c.h; path = CTMNetworkLocalCache.h; sourceTree = "<group>"; };
		0410ED082546E73E001AF3A8 /* CTMNetworkLocalCache.m */ = {isa = PBXFileReference; lastKnownFileType = sourcecode.c.objc; path = CTMNetworkLocalCache.m; sourceTree = "<group>"; };
		2548ECB5616AF184048A3000 /* Pods-NSURLSession.release.xcconfig */ = {isa = PBXFileReference; includeInIndex = 1; lastKnownFileType = text.xcconfig; name = "Pods-NSURLSession.release.xcconfig"; path = "Target Support Files/Pods-NSURLSession/Pods-NSURLSession.release.xcconfig"; sourceTree = "<group>"; };
		2654E6128015677D717BCBFC /* libPods-NSURLSession.a */ = {isa = PBXFileReference; explicitFileType = archive.ar; includeInIndex = 0; path = "libPods-NSURLSession.a"; sourceTree = BUILT_PRODUCTS_DIR; };
		3242D1954CB29506E93330F5 /* Pods-CTMNetwork.debug.xcconfig */ = {isa = PBXFileReference; includeInIndex = 1; lastKnownFileType = text.xcconfig; name = "Pods-CTMNetwork.debug.xcconfig"; path = "Target Support Files/Pods-CTMNetwork/Pods-CTMNetwork.debug.xcconfig"; sourceTree = "<group>"; };
		62038C6CB2D2CDB39854A4A3 /* Pods-CTMNetwork.release.xcconfig */ = {isa = PBXFileReference; includeInIndex = 1; lastKnownFileType = text.xcconfig; name = "Pods-CTMNetwork.release.xcconfig"; path = "Target Support Files/Pods-CTMNetwork/Pods-CTMNetwork.release.xcconfig"; sourceTree = "<group>"; };
		85B4E81CB9296EF793AD8603 /* Pods-NSURLSession.debug.xcconfig */ = {isa = PBXFileReference; includeInIndex = 1; lastKnownFileType = text.xcconfig; name = "Pods-NSURLSession.debug.xcconfig"; path = "Target Support Files/Pods-NSURLSession/Pods-NSURLSession.debug.xcconfig"; sourceTree = "<group>"; };
		CC522760D5112B7ED6E6A0D2 /* libPods-CTMNetwork.a */ = {isa = PBXFileReference; explicitFileType = archive.ar; includeInIndex = 0; path = "libPods-CTMNetwork.a"; sourceTree = BUILT_PRODUCTS_DIR; };
/* End PBXFileReference section */

/* Begin PBXFrameworksBuildPhase section */
		0410EC75253DAECA001AF3A8 /* Frameworks */ = {
			isa = PBXFrameworksBuildPhase;
			buildActionMask = 2147483647;
			files = (
				3D68038F2F365D1E18614A68 /* libPods-NSURLSession.a in Frameworks */,
			);
			runOnlyForDeploymentPostprocessing = 0;
		};
		0410ECDF2545A08E001AF3A8 /* Frameworks */ = {
			isa = PBXFrameworksBuildPhase;
			buildActionMask = 2147483647;
			files = (
				1CD27ED46012073CC48FC0E4 /* libPods-CTMNetwork.a in Frameworks */,
			);
			runOnlyForDeploymentPostprocessing = 0;
		};
/* End PBXFrameworksBuildPhase section */

/* Begin PBXGroup section */
		0410EC6F253DAECA001AF3A8 = {
			isa = PBXGroup;
			children = (
				0410EC7A253DAECA001AF3A8 /* NSURLSession */,
				0410ECE32545A08E001AF3A8 /* CTMNetwork */,
				0410EC79253DAECA001AF3A8 /* Products */,
				0CD0A1756602C11073570EF0 /* Pods */,
				1FBA4622434B3B83AAEBB85E /* Frameworks */,
			);
			sourceTree = "<group>";
		};
		0410EC79253DAECA001AF3A8 /* Products */ = {
			isa = PBXGroup;
			children = (
				0410EC78253DAECA001AF3A8 /* NSURLSession.app */,
				0410ECE22545A08E001AF3A8 /* CTMNetwork.app */,
			);
			name = Products;
			sourceTree = "<group>";
		};
		0410EC7A253DAECA001AF3A8 /* NSURLSession */ = {
			isa = PBXGroup;
			children = (
				0410EC94253DAF65001AF3A8 /* Classs */,
				0410EC7B253DAECA001AF3A8 /* AppDelegate.h */,
				0410EC7C253DAECA001AF3A8 /* AppDelegate.m */,
				0410EC7E253DAECA001AF3A8 /* SceneDelegate.h */,
				0410EC7F253DAECA001AF3A8 /* SceneDelegate.m */,
				0410EC81253DAECA001AF3A8 /* ViewController.h */,
				0410EC82253DAECA001AF3A8 /* ViewController.m */,
				0410EC84253DAECA001AF3A8 /* Main.storyboard */,
				0410EC87253DAECE001AF3A8 /* Assets.xcassets */,
				0410EC89253DAECE001AF3A8 /* LaunchScreen.storyboard */,
				0410EC8C253DAECE001AF3A8 /* Info.plist */,
				0410EC9B253DC0E2001AF3A8 /* PrefixHeader.pch */,
				0410EC8D253DAECE001AF3A8 /* main.m */,
			);
			path = NSURLSession;
			sourceTree = "<group>";
		};
		0410EC94253DAF65001AF3A8 /* Classs */ = {
			isa = PBXGroup;
			children = (
				0410EC95253DB2A4001AF3A8 /* DownloadController.h */,
				0410EC96253DB2A4001AF3A8 /* DownloadController.m */,
				0410EC98253DBFD4001AF3A8 /* CellModel.h */,
				0410EC99253DBFD4001AF3A8 /* CellModel.m */,
				0410EC9C253DC4D9001AF3A8 /* BreakDownloadController.h */,
				0410EC9D253DC4D9001AF3A8 /* BreakDownloadController.m */,
				0410EC9F253DDB2D001AF3A8 /* UploadController.h */,
				0410ECA0253DDB2D001AF3A8 /* UploadController.m */,
				0410ECDB2541AA23001AF3A8 /* InputStreamUploadController.h */,
				0410ECDC2541AA23001AF3A8 /* InputStreamUploadController.m */,
			);
			path = Classs;
			sourceTree = "<group>";
		};
		0410ECE32545A08E001AF3A8 /* CTMNetwork */ = {
			isa = PBXGroup;
			children = (
				0410ECFB2545A3CE001AF3A8 /* CTMNetwork */,
				0410ECE42545A08E001AF3A8 /* AppDelegate.h */,
				0410ECE52545A08E001AF3A8 /* AppDelegate.m */,
				0410ECE72545A08E001AF3A8 /* SceneDelegate.h */,
				0410ECE82545A08E001AF3A8 /* SceneDelegate.m */,
				0410ECEA2545A08E001AF3A8 /* ViewController.h */,
				0410ECEB2545A08E001AF3A8 /* ViewController.m */,
				0410ECED2545A08E001AF3A8 /* Main.storyboard */,
				0410ECF02545A090001AF3A8 /* Assets.xcassets */,
				0410ECF22545A090001AF3A8 /* LaunchScreen.storyboard */,
				0410ECF52545A090001AF3A8 /* Info.plist */,
				0410ECF62545A090001AF3A8 /* main.m */,
				0410ED032546D958001AF3A8 /* prefix.pch */,
			);
			path = CTMNetwork;
			sourceTree = "<group>";
		};
		0410ECFB2545A3CE001AF3A8 /* CTMNetwork */ = {
			isa = PBXGroup;
			children = (
				0410ECFC2545A5E0001AF3A8 /* CTMNetworkManager.h */,
				0410ECFD2545A5E0001AF3A8 /* CTMNetworkManager.m */,
				0410ECFF2545B080001AF3A8 /* CTMRequest.h */,
				0410ED002545B080001AF3A8 /* CTMRequest.m */,
				0410ED042546E1DE001AF3A8 /* CTMMD5Encrypt.h */,
				0410ED052546E1DE001AF3A8 /* CTMMD5Encrypt.m */,
				0410ED072546E73E001AF3A8 /* CTMNetworkLocalCache.h */,
				0410ED082546E73E001AF3A8 /* CTMNetworkLocalCache.m */,
			);
			path = CTMNetwork;
			sourceTree = "<group>";
		};
		0CD0A1756602C11073570EF0 /* Pods */ = {
			isa = PBXGroup;
			children = (
				3242D1954CB29506E93330F5 /* Pods-CTMNetwork.debug.xcconfig */,
				62038C6CB2D2CDB39854A4A3 /* Pods-CTMNetwork.release.xcconfig */,
				85B4E81CB9296EF793AD8603 /* Pods-NSURLSession.debug.xcconfig */,
				2548ECB5616AF184048A3000 /* Pods-NSURLSession.release.xcconfig */,
			);
			name = Pods;
			path = ../Pods;
			sourceTree = "<group>";
		};
		1FBA4622434B3B83AAEBB85E /* Frameworks */ = {
			isa = PBXGroup;
			children = (
				CC522760D5112B7ED6E6A0D2 /* libPods-CTMNetwork.a */,
				2654E6128015677D717BCBFC /* libPods-NSURLSession.a */,
			);
			name = Frameworks;
			sourceTree = "<group>";
		};
/* End PBXGroup section */

/* Begin PBXNativeTarget section */
		0410EC77253DAECA001AF3A8 /* NSURLSession */ = {
			isa = PBXNativeTarget;
			buildConfigurationList = 0410EC91253DAECE001AF3A8 /* Build configuration list for PBXNativeTarget "NSURLSession" */;
			buildPhases = (
				79A9A0F3955B34F0A7031729 /* [CP] Check Pods Manifest.lock */,
				0410EC74253DAECA001AF3A8 /* Sources */,
				0410EC75253DAECA001AF3A8 /* Frameworks */,
				0410EC76253DAECA001AF3A8 /* Resources */,
				3DB97B84AD56A705357999DF /* [CP] Copy Pods Resources */,
			);
			buildRules = (
			);
			dependencies = (
			);
			name = NSURLSession;
			productName = Network;
			productReference = 0410EC78253DAECA001AF3A8 /* NSURLSession.app */;
			productType = "com.apple.product-type.application";
		};
		0410ECE12545A08E001AF3A8 /* CTMNetwork */ = {
			isa = PBXNativeTarget;
			buildConfigurationList = 0410ECFA2545A090001AF3A8 /* Build configuration list for PBXNativeTarget "CTMNetwork" */;
			buildPhases = (
				83EAFE9A4A0E48FC21ED56F9 /* [CP] Check Pods Manifest.lock */,
				0410ECDE2545A08E001AF3A8 /* Sources */,
				0410ECDF2545A08E001AF3A8 /* Frameworks */,
				0410ECE02545A08E001AF3A8 /* Resources */,
				C503F8CCA8EFC137C313A4C2 /* [CP] Copy Pods Resources */,
			);
			buildRules = (
			);
			dependencies = (
			);
			name = CTMNetwork;
			productName = CTMNetwork;
			productReference = 0410ECE22545A08E001AF3A8 /* CTMNetwork.app */;
			productType = "com.apple.product-type.application";
		};
/* End PBXNativeTarget section */

/* Begin PBXProject section */
		0410EC70253DAECA001AF3A8 /* Project object */ = {
			isa = PBXProject;
			attributes = {
				LastUpgradeCheck = 1150;
				ORGANIZATIONNAME = "朱献国";
				TargetAttributes = {
					0410EC77253DAECA001AF3A8 = {
						CreatedOnToolsVersion = 11.5;
					};
					0410ECE12545A08E001AF3A8 = {
						CreatedOnToolsVersion = 11.5;
					};
				};
			};
			buildConfigurationList = 0410EC73253DAECA001AF3A8 /* Build configuration list for PBXProject "Network" */;
			compatibilityVersion = "Xcode 9.3";
			developmentRegion = en;
			hasScannedForEncodings = 0;
			knownRegions = (
				en,
				Base,
			);
			mainGroup = 0410EC6F253DAECA001AF3A8;
			productRefGroup = 0410EC79253DAECA001AF3A8 /* Products */;
			projectDirPath = "";
			projectRoot = "";
			targets = (
				0410EC77253DAECA001AF3A8 /* NSURLSession */,
				0410ECE12545A08E001AF3A8 /* CTMNetwork */,
			);
		};
/* End PBXProject section */

/* Begin PBXResourcesBuildPhase section */
		0410EC76253DAECA001AF3A8 /* Resources */ = {
			isa = PBXResourcesBuildPhase;
			buildActionMask = 2147483647;
			files = (
				0410EC8B253DAECE001AF3A8 /* LaunchScreen.storyboard in Resources */,
				0410EC88253DAECE001AF3A8 /* Assets.xcassets in Resources */,
				0410EC86253DAECA001AF3A8 /* Main.storyboard in Resources */,
			);
			runOnlyForDeploymentPostprocessing = 0;
		};
		0410ECE02545A08E001AF3A8 /* Resources */ = {
			isa = PBXResourcesBuildPhase;
			buildActionMask = 2147483647;
			files = (
				0410ECF42545A090001AF3A8 /* LaunchScreen.storyboard in Resources */,
				0410ECF12545A090001AF3A8 /* Assets.xcassets in Resources */,
				0410ECEF2545A08E001AF3A8 /* Main.storyboard in Resources */,
			);
			runOnlyForDeploymentPostprocessing = 0;
		};
/* End PBXResourcesBuildPhase section */

/* Begin PBXShellScriptBuildPhase section */
		3DB97B84AD56A705357999DF /* [CP] Copy Pods Resources */ = {
			isa = PBXShellScriptBuildPhase;
			buildActionMask = 2147483647;
			files = (
			);
			inputFileListPaths = (
				"${PODS_ROOT}/Target Support Files/Pods-NSURLSession/Pods-NSURLSession-resources-${CONFIGURATION}-input-files.xcfilelist",
			);
			name = "[CP] Copy Pods Resources";
			outputFileListPaths = (
				"${PODS_ROOT}/Target Support Files/Pods-NSURLSession/Pods-NSURLSession-resources-${CONFIGURATION}-output-files.xcfilelist",
			);
			runOnlyForDeploymentPostprocessing = 0;
			shellPath = /bin/sh;
			shellScript = "\"${PODS_ROOT}/Target Support Files/Pods-NSURLSession/Pods-NSURLSession-resources.sh\"\n";
			showEnvVarsInLog = 0;
		};
		79A9A0F3955B34F0A7031729 /* [CP] Check Pods Manifest.lock */ = {
			isa = PBXShellScriptBuildPhase;
			buildActionMask = 2147483647;
			files = (
			);
			inputFileListPaths = (
			);
			inputPaths = (
				"${PODS_PODFILE_DIR_PATH}/Podfile.lock",
				"${PODS_ROOT}/Manifest.lock",
			);
			name = "[CP] Check Pods Manifest.lock";
			outputFileListPaths = (
			);
			outputPaths = (
				"$(DERIVED_FILE_DIR)/Pods-NSURLSession-checkManifestLockResult.txt",
			);
			runOnlyForDeploymentPostprocessing = 0;
			shellPath = /bin/sh;
			shellScript = "diff \"${PODS_PODFILE_DIR_PATH}/Podfile.lock\" \"${PODS_ROOT}/Manifest.lock\" > /dev/null\nif [ $? != 0 ] ; then\n    # print error to STDERR\n    echo \"error: The sandbox is not in sync with the Podfile.lock. Run 'pod install' or update your CocoaPods installation.\" >&2\n    exit 1\nfi\n# This output is used by Xcode 'outputs' to avoid re-running this script phase.\necho \"SUCCESS\" > \"${SCRIPT_OUTPUT_FILE_0}\"\n";
			showEnvVarsInLog = 0;
		};
		83EAFE9A4A0E48FC21ED56F9 /* [CP] Check Pods Manifest.lock */ = {
			isa = PBXShellScriptBuildPhase;
			buildActionMask = 2147483647;
			files = (
			);
			inputFileListPaths = (
			);
			inputPaths = (
				"${PODS_PODFILE_DIR_PATH}/Podfile.lock",
				"${PODS_ROOT}/Manifest.lock",
			);
			name = "[CP] Check Pods Manifest.lock";
			outputFileListPaths = (
			);
			outputPaths = (
				"$(DERIVED_FILE_DIR)/Pods-CTMNetwork-checkManifestLockResult.txt",
			);
			runOnlyForDeploymentPostprocessing = 0;
			shellPath = /bin/sh;
			shellScript = "diff \"${PODS_PODFILE_DIR_PATH}/Podfile.lock\" \"${PODS_ROOT}/Manifest.lock\" > /dev/null\nif [ $? != 0 ] ; then\n    # print error to STDERR\n    echo \"error: The sandbox is not in sync with the Podfile.lock. Run 'pod install' or update your CocoaPods installation.\" >&2\n    exit 1\nfi\n# This output is used by Xcode 'outputs' to avoid re-running this script phase.\necho \"SUCCESS\" > \"${SCRIPT_OUTPUT_FILE_0}\"\n";
			showEnvVarsInLog = 0;
		};
		C503F8CCA8EFC137C313A4C2 /* [CP] Copy Pods Resources */ = {
			isa = PBXShellScriptBuildPhase;
			buildActionMask = 2147483647;
			files = (
			);
			inputFileListPaths = (
				"${PODS_ROOT}/Target Support Files/Pods-CTMNetwork/Pods-CTMNetwork-resources-${CONFIGURATION}-input-files.xcfilelist",
			);
			name = "[CP] Copy Pods Resources";
			outputFileListPaths = (
				"${PODS_ROOT}/Target Support Files/Pods-CTMNetwork/Pods-CTMNetwork-resources-${CONFIGURATION}-output-files.xcfilelist",
			);
			runOnlyForDeploymentPostprocessing = 0;
			shellPath = /bin/sh;
			shellScript = "\"${PODS_ROOT}/Target Support Files/Pods-CTMNetwork/Pods-CTMNetwork-resources.sh\"\n";
			showEnvVarsInLog = 0;
		};
/* End PBXShellScriptBuildPhase section */

/* Begin PBXSourcesBuildPhase section */
		0410EC74253DAECA001AF3A8 /* Sources */ = {
			isa = PBXSourcesBuildPhase;
			buildActionMask = 2147483647;
			files = (
				0410ECDD2541AA23001AF3A8 /* InputStreamUploadController.m in Sources */,
				0410EC9E253DC4D9001AF3A8 /* BreakDownloadController.m in Sources */,
				0410EC83253DAECA001AF3A8 /* ViewController.m in Sources */,
				0410EC97253DB2A4001AF3A8 /* DownloadController.m in Sources */,
				0410EC7D253DAECA001AF3A8 /* AppDelegate.m in Sources */,
				0410EC8E253DAECE001AF3A8 /* main.m in Sources */,
				0410EC80253DAECA001AF3A8 /* SceneDelegate.m in Sources */,
				0410ECA1253DDB2D001AF3A8 /* UploadController.m in Sources */,
				0410EC9A253DBFD4001AF3A8 /* CellModel.m in Sources */,
			);
			runOnlyForDeploymentPostprocessing = 0;
		};
		0410ECDE2545A08E001AF3A8 /* Sources */ = {
			isa = PBXSourcesBuildPhase;
			buildActionMask = 2147483647;
			files = (
				0410ED062546E1DE001AF3A8 /* CTMMD5Encrypt.m in Sources */,
				0410ED012545B080001AF3A8 /* CTMRequest.m in Sources */,
				0410ECEC2545A08E001AF3A8 /* ViewController.m in Sources */,
				0410ECFE2545A5E0001AF3A8 /* CTMNetworkManager.m in Sources */,
				0410ECE62545A08E001AF3A8 /* AppDelegate.m in Sources */,
				0410ECF72545A090001AF3A8 /* main.m in Sources */,
				0410ED092546E73E001AF3A8 /* CTMNetworkLocalCache.m in Sources */,
				0410ECE92545A08E001AF3A8 /* SceneDelegate.m in Sources */,
			);
			runOnlyForDeploymentPostprocessing = 0;
		};
/* End PBXSourcesBuildPhase section */

/* Begin PBXVariantGroup section */
		0410EC84253DAECA001AF3A8 /* Main.storyboard */ = {
			isa = PBXVariantGroup;
			children = (
				0410EC85253DAECA001AF3A8 /* Base */,
			);
			name = Main.storyboard;
			sourceTree = "<group>";
		};
		0410EC89253DAECE001AF3A8 /* LaunchScreen.storyboard */ = {
			isa = PBXVariantGroup;
			children = (
				0410EC8A253DAECE001AF3A8 /* Base */,
			);
			name = LaunchScreen.storyboard;
			sourceTree = "<group>";
		};
		0410ECED2545A08E001AF3A8 /* Main.storyboard */ = {
			isa = PBXVariantGroup;
			children = (
				0410ECEE2545A08E001AF3A8 /* Base */,
			);
			name = Main.storyboard;
			sourceTree = "<group>";
		};
		0410ECF22545A090001AF3A8 /* LaunchScreen.storyboard */ = {
			isa = PBXVariantGroup;
			children = (
				0410ECF32545A090001AF3A8 /* Base */,
			);
			name = LaunchScreen.storyboard;
			sourceTree = "<group>";
		};
/* End PBXVariantGroup section */

/* Begin XCBuildConfiguration section */
		0410EC8F253DAECE001AF3A8 /* Debug */ = {
			isa = XCBuildConfiguration;
			buildSettings = {
				ALWAYS_SEARCH_USER_PATHS = NO;
				CLANG_ANALYZER_NONNULL = YES;
				CLANG_ANALYZER_NUMBER_OBJECT_CONVERSION = YES_AGGRESSIVE;
				CLANG_CXX_LANGUAGE_STANDARD = "gnu++14";
				CLANG_CXX_LIBRARY = "libc++";
				CLANG_ENABLE_MODULES = YES;
				CLANG_ENABLE_OBJC_ARC = YES;
				CLANG_ENABLE_OBJC_WEAK = YES;
				CLANG_WARN_BLOCK_CAPTURE_AUTORELEASING = YES;
				CLANG_WARN_BOOL_CONVERSION = YES;
				CLANG_WARN_COMMA = YES;
				CLANG_WARN_CONSTANT_CONVERSION = YES;
				CLANG_WARN_DEPRECATED_OBJC_IMPLEMENTATIONS = YES;
				CLANG_WARN_DIRECT_OBJC_ISA_USAGE = YES_ERROR;
				CLANG_WARN_DOCUMENTATION_COMMENTS = YES;
				CLANG_WARN_EMPTY_BODY = YES;
				CLANG_WARN_ENUM_CONVERSION = YES;
				CLANG_WARN_INFINITE_RECURSION = YES;
				CLANG_WARN_INT_CONVERSION = YES;
				CLANG_WARN_NON_LITERAL_NULL_CONVERSION = YES;
				CLANG_WARN_OBJC_IMPLICIT_RETAIN_SELF = YES;
				CLANG_WARN_OBJC_LITERAL_CONVERSION = YES;
				CLANG_WARN_OBJC_ROOT_CLASS = YES_ERROR;
				CLANG_WARN_RANGE_LOOP_ANALYSIS = YES;
				CLANG_WARN_STRICT_PROTOTYPES = YES;
				CLANG_WARN_SUSPICIOUS_MOVE = YES;
				CLANG_WARN_UNGUARDED_AVAILABILITY = YES_AGGRESSIVE;
				CLANG_WARN_UNREACHABLE_CODE = YES;
				CLANG_WARN__DUPLICATE_METHOD_MATCH = YES;
				COPY_PHASE_STRIP = NO;
				DEBUG_INFORMATION_FORMAT = dwarf;
				ENABLE_STRICT_OBJC_MSGSEND = YES;
				ENABLE_TESTABILITY = YES;
				GCC_C_LANGUAGE_STANDARD = gnu11;
				GCC_DYNAMIC_NO_PIC = NO;
				GCC_NO_COMMON_BLOCKS = YES;
				GCC_OPTIMIZATION_LEVEL = 0;
				GCC_PREPROCESSOR_DEFINITIONS = (
					"DEBUG=1",
					"$(inherited)",
				);
				GCC_WARN_64_TO_32_BIT_CONVERSION = YES;
				GCC_WARN_ABOUT_RETURN_TYPE = YES_ERROR;
				GCC_WARN_UNDECLARED_SELECTOR = YES;
				GCC_WARN_UNINITIALIZED_AUTOS = YES_AGGRESSIVE;
				GCC_WARN_UNUSED_FUNCTION = YES;
				GCC_WARN_UNUSED_VARIABLE = YES;
				IPHONEOS_DEPLOYMENT_TARGET = 13.5;
				MTL_ENABLE_DEBUG_INFO = INCLUDE_SOURCE;
				MTL_FAST_MATH = YES;
				ONLY_ACTIVE_ARCH = YES;
				SDKROOT = iphoneos;
			};
			name = Debug;
		};
		0410EC90253DAECE001AF3A8 /* Release */ = {
			isa = XCBuildConfiguration;
			buildSettings = {
				ALWAYS_SEARCH_USER_PATHS = NO;
				CLANG_ANALYZER_NONNULL = YES;
				CLANG_ANALYZER_NUMBER_OBJECT_CONVERSION = YES_AGGRESSIVE;
				CLANG_CXX_LANGUAGE_STANDARD = "gnu++14";
				CLANG_CXX_LIBRARY = "libc++";
				CLANG_ENABLE_MODULES = YES;
				CLANG_ENABLE_OBJC_ARC = YES;
				CLANG_ENABLE_OBJC_WEAK = YES;
				CLANG_WARN_BLOCK_CAPTURE_AUTORELEASING = YES;
				CLANG_WARN_BOOL_CONVERSION = YES;
				CLANG_WARN_COMMA = YES;
				CLANG_WARN_CONSTANT_CONVERSION = YES;
				CLANG_WARN_DEPRECATED_OBJC_IMPLEMENTATIONS = YES;
				CLANG_WARN_DIRECT_OBJC_ISA_USAGE = YES_ERROR;
				CLANG_WARN_DOCUMENTATION_COMMENTS = YES;
				CLANG_WARN_EMPTY_BODY = YES;
				CLANG_WARN_ENUM_CONVERSION = YES;
				CLANG_WARN_INFINITE_RECURSION = YES;
				CLANG_WARN_INT_CONVERSION = YES;
				CLANG_WARN_NON_LITERAL_NULL_CONVERSION = YES;
				CLANG_WARN_OBJC_IMPLICIT_RETAIN_SELF = YES;
				CLANG_WARN_OBJC_LITERAL_CONVERSION = YES;
				CLANG_WARN_OBJC_ROOT_CLASS = YES_ERROR;
				CLANG_WARN_RANGE_LOOP_ANALYSIS = YES;
				CLANG_WARN_STRICT_PROTOTYPES = YES;
				CLANG_WARN_SUSPICIOUS_MOVE = YES;
				CLANG_WARN_UNGUARDED_AVAILABILITY = YES_AGGRESSIVE;
				CLANG_WARN_UNREACHABLE_CODE = YES;
				CLANG_WARN__DUPLICATE_METHOD_MATCH = YES;
				COPY_PHASE_STRIP = NO;
				DEBUG_INFORMATION_FORMAT = "dwarf-with-dsym";
				ENABLE_NS_ASSERTIONS = NO;
				ENABLE_STRICT_OBJC_MSGSEND = YES;
				GCC_C_LANGUAGE_STANDARD = gnu11;
				GCC_NO_COMMON_BLOCKS = YES;
				GCC_WARN_64_TO_32_BIT_CONVERSION = YES;
				GCC_WARN_ABOUT_RETURN_TYPE = YES_ERROR;
				GCC_WARN_UNDECLARED_SELECTOR = YES;
				GCC_WARN_UNINITIALIZED_AUTOS = YES_AGGRESSIVE;
				GCC_WARN_UNUSED_FUNCTION = YES;
				GCC_WARN_UNUSED_VARIABLE = YES;
				IPHONEOS_DEPLOYMENT_TARGET = 13.5;
				MTL_ENABLE_DEBUG_INFO = NO;
				MTL_FAST_MATH = YES;
				SDKROOT = iphoneos;
				VALIDATE_PRODUCT = YES;
			};
			name = Release;
		};
		0410EC92253DAECE001AF3A8 /* Debug */ = {
			isa = XCBuildConfiguration;
			baseConfigurationReference = 85B4E81CB9296EF793AD8603 /* Pods-NSURLSession.debug.xcconfig */;
			buildSettings = {
				ASSETCATALOG_COMPILER_APPICON_NAME = AppIcon;
				CODE_SIGN_STYLE = Automatic;
				GCC_PRECOMPILE_PREFIX_HEADER = YES;
				GCC_PREFIX_HEADER = NSURLSession/PrefixHeader.pch;
				INFOPLIST_FILE = NSURLSession/Info.plist;
				LD_RUNPATH_SEARCH_PATHS = (
					"$(inherited)",
					"@executable_path/Frameworks",
				);
				PRODUCT_BUNDLE_IDENTIFIER = "---.Network";
				PRODUCT_NAME = "$(TARGET_NAME)";
				TARGETED_DEVICE_FAMILY = "1,2";
			};
			name = Debug;
		};
		0410EC93253DAECE001AF3A8 /* Release */ = {
			isa = XCBuildConfiguration;
			baseConfigurationReference = 2548ECB5616AF184048A3000 /* Pods-NSURLSession.release.xcconfig */;
			buildSettings = {
				ASSETCATALOG_COMPILER_APPICON_NAME = AppIcon;
				CODE_SIGN_STYLE = Automatic;
				GCC_PRECOMPILE_PREFIX_HEADER = YES;
				GCC_PREFIX_HEADER = NSURLSession/PrefixHeader.pch;
				INFOPLIST_FILE = NSURLSession/Info.plist;
				LD_RUNPATH_SEARCH_PATHS = (
					"$(inherited)",
					"@executable_path/Frameworks",
				);
				PRODUCT_BUNDLE_IDENTIFIER = "---.Network";
				PRODUCT_NAME = "$(TARGET_NAME)";
				TARGETED_DEVICE_FAMILY = "1,2";
			};
			name = Release;
		};
		0410ECF82545A090001AF3A8 /* Debug */ = {
			isa = XCBuildConfiguration;
			baseConfigurationReference = 3242D1954CB29506E93330F5 /* Pods-CTMNetwork.debug.xcconfig */;
			buildSettings = {
				ASSETCATALOG_COMPILER_APPICON_NAME = AppIcon;
				CODE_SIGN_STYLE = Automatic;
				GCC_PRECOMPILE_PREFIX_HEADER = YES;
				GCC_PREFIX_HEADER = CTMNetwork/prefix.pch;
				INFOPLIST_FILE = CTMNetwork/Info.plist;
				LD_RUNPATH_SEARCH_PATHS = (
					"$(inherited)",
					"@executable_path/Frameworks",
				);
				PRODUCT_BUNDLE_IDENTIFIER = "---.CTMNetwork";
				PRODUCT_NAME = "$(TARGET_NAME)";
				TARGETED_DEVICE_FAMILY = "1,2";
			};
			name = Debug;
		};
		0410ECF92545A090001AF3A8 /* Release */ = {
			isa = XCBuildConfiguration;
			baseConfigurationReference = 62038C6CB2D2CDB39854A4A3 /* Pods-CTMNetwork.release.xcconfig */;
			buildSettings = {
				ASSETCATALOG_COMPILER_APPICON_NAME = AppIcon;
				CODE_SIGN_STYLE = Automatic;
				GCC_PRECOMPILE_PREFIX_HEADER = YES;
				GCC_PREFIX_HEADER = CTMNetwork/prefix.pch;
				INFOPLIST_FILE = CTMNetwork/Info.plist;
				LD_RUNPATH_SEARCH_PATHS = (
					"$(inherited)",
					"@executable_path/Frameworks",
				);
				PRODUCT_BUNDLE_IDENTIFIER = "---.CTMNetwork";
				PRODUCT_NAME = "$(TARGET_NAME)";
				TARGETED_DEVICE_FAMILY = "1,2";
			};
			name = Release;
		};
/* End XCBuildConfiguration section */

/* Begin XCConfigurationList section */
		0410EC73253DAECA001AF3A8 /* Build configuration list for PBXProject "Network" */ = {
			isa = XCConfigurationList;
			buildConfigurations = (
				0410EC8F253DAECE001AF3A8 /* Debug */,
				0410EC90253DAECE001AF3A8 /* Release */,
			);
			defaultConfigurationIsVisible = 0;
			defaultConfigurationName = Release;
		};
		0410EC91253DAECE001AF3A8 /* Build configuration list for PBXNativeTarget "NSURLSession" */ = {
			isa = XCConfigurationList;
			buildConfigurations = (
				0410EC92253DAECE001AF3A8 /* Debug */,
				0410EC93253DAECE001AF3A8 /* Release */,
			);
			defaultConfigurationIsVisible = 0;
			defaultConfigurationName = Release;
		};
		0410ECFA2545A090001AF3A8 /* Build configuration list for PBXNativeTarget "CTMNetwork" */ = {
			isa = XCConfigurationList;
			buildConfigurations = (
				0410ECF82545A090001AF3A8 /* Debug */,
				0410ECF92545A090001AF3A8 /* Release */,
			);
			defaultConfigurationIsVisible = 0;
			defaultConfigurationName = Release;
		};
/* End XCConfigurationList section */
	};
	rootObject = 0410EC70253DAECA001AF3A8 /* Project object */;
}
