// !$*UTF8*$!
{
	archiveVersion = 1;
	classes = {
	};
	objectVersion = 51;
	objects = {

/* Begin PBXBuildFile section */
		046D767322AE807300989874 /* AppDelegate.m in Sources */ = {isa = PBXBuildFile; fileRef = 046D767222AE807300989874 /* AppDelegate.m */; };
		046D767622AE807300989874 /* ViewController.m in Sources */ = {isa = PBXBuildFile; fileRef = 046D767522AE807300989874 /* ViewController.m */; };
		046D767922AE807300989874 /* Main.storyboard in Resources */ = {isa = PBXBuildFile; fileRef = 046D767722AE807300989874 /* Main.storyboard */; };
		046D767B22AE807400989874 /* Assets.xcassets in Resources */ = {isa = PBXBuildFile; fileRef = 046D767A22AE807400989874 /* Assets.xcassets */; };
		046D767E22AE807400989874 /* LaunchScreen.storyboard in Resources */ = {isa = PBXBuildFile; fileRef = 046D767C22AE807400989874 /* LaunchScreen.storyboard */; };
		046D768122AE807400989874 /* main.m in Sources */ = {isa = PBXBuildFile; fileRef = 046D768022AE807400989874 /* main.m */; };
		04F1C08B257F9B93002C537D /* AppDelegate.m in Sources */ = {isa = PBXBuildFile; fileRef = 04F1C08A257F9B93002C537D /* AppDelegate.m */; };
		04F1C08E257F9B93002C537D /* SceneDelegate.m in Sources */ = {isa = PBXBuildFile; fileRef = 04F1C08D257F9B93002C537D /* SceneDelegate.m */; };
		04F1C091257F9B93002C537D /* ViewController.m in Sources */ = {isa = PBXBuildFile; fileRef = 04F1C090257F9B93002C537D /* ViewController.m */; };
		04F1C094257F9B93002C537D /* Main.storyboard in Resources */ = {isa = PBXBuildFile; fileRef = 04F1C092257F9B93002C537D /* Main.storyboard */; };
		04F1C096257F9B96002C537D /* Assets.xcassets in Resources */ = {isa = PBXBuildFile; fileRef = 04F1C095257F9B96002C537D /* Assets.xcassets */; };
		04F1C099257F9B96002C537D /* LaunchScreen.storyboard in Resources */ = {isa = PBXBuildFile; fileRef = 04F1C097257F9B96002C537D /* LaunchScreen.storyboard */; };
		04F1C09C257F9B96002C537D /* main.m in Sources */ = {isa = PBXBuildFile; fileRef = 04F1C09B257F9B96002C537D /* main.m */; };
		04F1C0A8257F9BA3002C537D /* AppDelegate.m in Sources */ = {isa = PBXBuildFile; fileRef = 04F1C0A7257F9BA3002C537D /* AppDelegate.m */; };
		04F1C0AB257F9BA3002C537D /* SceneDelegate.m in Sources */ = {isa = PBXBuildFile; fileRef = 04F1C0AA257F9BA3002C537D /* SceneDelegate.m */; };
		04F1C0AE257F9BA3002C537D /* ViewController.m in Sources */ = {isa = PBXBuildFile; fileRef = 04F1C0AD257F9BA3002C537D /* ViewController.m */; };
		04F1C0B1257F9BA3002C537D /* Main.storyboard in Resources */ = {isa = PBXBuildFile; fileRef = 04F1C0AF257F9BA3002C537D /* Main.storyboard */; };
		04F1C0B3257F9BA5002C537D /* Assets.xcassets in Resources */ = {isa = PBXBuildFile; fileRef = 04F1C0B2257F9BA5002C537D /* Assets.xcassets */; };
		04F1C0B6257F9BA5002C537D /* LaunchScreen.storyboard in Resources */ = {isa = PBXBuildFile; fileRef = 04F1C0B4257F9BA5002C537D /* LaunchScreen.storyboard */; };
		04F1C0B9257F9BA5002C537D /* main.m in Sources */ = {isa = PBXBuildFile; fileRef = 04F1C0B8257F9BA5002C537D /* main.m */; };
		04F1C0C3257FA325002C537D /* MVVMModel.m in Sources */ = {isa = PBXBuildFile; fileRef = 04F1C0C2257FA325002C537D /* MVVMModel.m */; };
		04F1C0C6257FA33B002C537D /* MVVMView.m in Sources */ = {isa = PBXBuildFile; fileRef = 04F1C0C5257FA33B002C537D /* MVVMView.m */; };
		04F1C0C9257FA35F002C537D /* MVVMViewModel.m in Sources */ = {isa = PBXBuildFile; fileRef = 04F1C0C8257FA35F002C537D /* MVVMViewModel.m */; };
		04F1C0CC257FA378002C537D /* MVVMViewController.m in Sources */ = {isa = PBXBuildFile; fileRef = 04F1C0CB257FA378002C537D /* MVVMViewController.m */; };
		04F1C0CF258106B2002C537D /* DemoViewController.m in Sources */ = {isa = PBXBuildFile; fileRef = 04F1C0CE258106B2002C537D /* DemoViewController.m */; };
		04F1C0D2258106C1002C537D /* DemoView.m in Sources */ = {isa = PBXBuildFile; fileRef = 04F1C0D1258106C1002C537D /* DemoView.m */; };
		04F1C0D52581079E002C537D /* DemoModel.m in Sources */ = {isa = PBXBuildFile; fileRef = 04F1C0D42581079E002C537D /* DemoModel.m */; };
		04F1C0D8258108EC002C537D /* DemoViewModel.m in Sources */ = {isa = PBXBuildFile; fileRef = 04F1C0D7258108EC002C537D /* DemoViewModel.m */; };
		C10A50C8B74A1F745097DCF0 /* libPods-MVCS.a in Frameworks */ = {isa = PBXBuildFile; fileRef = 0535F7985820A9980212DBCF /* libPods-MVCS.a */; };
/* End PBXBuildFile section */

/* Begin PBXFileReference section */
		046D766F22AE807300989874 /* MVCS.app */ = {isa = PBXFileReference; explicitFileType = wrapper.application; includeInIndex = 0; path = MVCS.app; sourceTree = BUILT_PRODUCTS_DIR; };
		046D767122AE807300989874 /* AppDelegate.h */ = {isa = PBXFileReference; lastKnownFileType = sourcecode.c.h; path = AppDelegate.h; sourceTree = "<group>"; };
		046D767222AE807300989874 /* AppDelegate.m */ = {isa = PBXFileReference; lastKnownFileType = sourcecode.c.objc; path = AppDelegate.m; sourceTree = "<group>"; };
		046D767422AE807300989874 /* ViewController.h */ = {isa = PBXFileReference; lastKnownFileType = sourcecode.c.h; path = ViewController.h; sourceTree = "<group>"; };
		046D767522AE807300989874 /* ViewController.m */ = {isa = PBXFileReference; lastKnownFileType = sourcecode.c.objc; path = ViewController.m; sourceTree = "<group>"; };
		046D767822AE807300989874 /* Base */ = {isa = PBXFileReference; lastKnownFileType = file.storyboard; name = Base; path = Base.lproj/Main.storyboard; sourceTree = "<group>"; };
		046D767A22AE807400989874 /* Assets.xcassets */ = {isa = PBXFileReference; lastKnownFileType = folder.assetcatalog; path = Assets.xcassets; sourceTree = "<group>"; };
		046D767D22AE807400989874 /* Base */ = {isa = PBXFileReference; lastKnownFileType = file.storyboard; name = Base; path = Base.lproj/LaunchScreen.storyboard; sourceTree = "<group>"; };
		046D767F22AE807400989874 /* Info.plist */ = {isa = PBXFileReference; lastKnownFileType = text.plist.xml; path = Info.plist; sourceTree = "<group>"; };
		046D768022AE807400989874 /* main.m */ = {isa = PBXFileReference; lastKnownFileType = sourcecode.c.objc; path = main.m; sourceTree = "<group>"; };
		046D768522AE808E00989874 /* PrefixHeader.pch */ = {isa = PBXFileReference; lastKnownFileType = sourcecode.c.h; path = PrefixHeader.pch; sourceTree = "<group>"; };
		04F1C087257F9B93002C537D /* MVC.app */ = {isa = PBXFileReference; explicitFileType = wrapper.application; includeInIndex = 0; path = MVC.app; sourceTree = BUILT_PRODUCTS_DIR; };
		04F1C089257F9B93002C537D /* AppDelegate.h */ = {isa = PBXFileReference; lastKnownFileType = sourcecode.c.h; path = AppDelegate.h; sourceTree = "<group>"; };
		04F1C08A257F9B93002C537D /* AppDelegate.m */ = {isa = PBXFileReference; lastKnownFileType = sourcecode.c.objc; path = AppDelegate.m; sourceTree = "<group>"; };
		04F1C08C257F9B93002C537D /* SceneDelegate.h */ = {isa = PBXFileReference; lastKnownFileType = sourcecode.c.h; path = SceneDelegate.h; sourceTree = "<group>"; };
		04F1C08D257F9B93002C537D /* SceneDelegate.m */ = {isa = PBXFileReference; lastKnownFileType = sourcecode.c.objc; path = SceneDelegate.m; sourceTree = "<group>"; };
		04F1C08F257F9B93002C537D /* ViewController.h */ = {isa = PBXFileReference; lastKnownFileType = sourcecode.c.h; path = ViewController.h; sourceTree = "<group>"; };
		04F1C090257F9B93002C537D /* ViewController.m */ = {isa = PBXFileReference; lastKnownFileType = sourcecode.c.objc; path = ViewController.m; sourceTree = "<group>"; };
		04F1C093257F9B93002C537D /* Base */ = {isa = PBXFileReference; lastKnownFileType = file.storyboard; name = Base; path = Base.lproj/Main.storyboard; sourceTree = "<group>"; };
		04F1C095257F9B96002C537D /* Assets.xcassets */ = {isa = PBXFileReference; lastKnownFileType = folder.assetcatalog; path = Assets.xcassets; sourceTree = "<group>"; };
		04F1C098257F9B96002C537D /* Base */ = {isa = PBXFileReference; lastKnownFileType = file.storyboard; name = Base; path = Base.lproj/LaunchScreen.storyboard; sourceTree = "<group>"; };
		04F1C09A257F9B96002C537D /* Info.plist */ = {isa = PBXFileReference; lastKnownFileType = text.plist.xml; path = Info.plist; sourceTree = "<group>"; };
		04F1C09B257F9B96002C537D /* main.m */ = {isa = PBXFileReference; lastKnownFileType = sourcecode.c.objc; path = main.m; sourceTree = "<group>"; };
		04F1C0A4257F9BA3002C537D /* MVVM.app */ = {isa = PBXFileReference; explicitFileType = wrapper.application; includeInIndex = 0; path = MVVM.app; sourceTree = BUILT_PRODUCTS_DIR; };
		04F1C0A6257F9BA3002C537D /* AppDelegate.h */ = {isa = PBXFileReference; lastKnownFileType = sourcecode.c.h; path = AppDelegate.h; sourceTree = "<group>"; };
		04F1C0A7257F9BA3002C537D /* AppDelegate.m */ = {isa = PBXFileReference; lastKnownFileType = sourcecode.c.objc; path = AppDelegate.m; sourceTree = "<group>"; };
		04F1C0A9257F9BA3002C537D /* SceneDelegate.h */ = {isa = PBXFileReference; lastKnownFileType = sourcecode.c.h; path = SceneDelegate.h; sourceTree = "<group>"; };
		04F1C0AA257F9BA3002C537D /* SceneDelegate.m */ = {isa = PBXFileReference; lastKnownFileType = sourcecode.c.objc; path = SceneDelegate.m; sourceTree = "<group>"; };
		04F1C0AC257F9BA3002C537D /* ViewController.h */ = {isa = PBXFileReference; lastKnownFileType = sourcecode.c.h; path = ViewController.h; sourceTree = "<group>"; };
		04F1C0AD257F9BA3002C537D /* ViewController.m */ = {isa = PBXFileReference; lastKnownFileType = sourcecode.c.objc; path = ViewController.m; sourceTree = "<group>"; };
		04F1C0B0257F9BA3002C537D /* Base */ = {isa = PBXFileReference; lastKnownFileType = file.storyboard; name = Base; path = Base.lproj/Main.storyboard; sourceTree = "<group>"; };
		04F1C0B2257F9BA5002C537D /* Assets.xcassets */ = {isa = PBXFileReference; lastKnownFileType = folder.assetcatalog; path = Assets.xcassets; sourceTree = "<group>"; };
		04F1C0B5257F9BA5002C537D /* Base */ = {isa = PBXFileReference; lastKnownFileType = file.storyboard; name = Base; path = Base.lproj/LaunchScreen.storyboard; sourceTree = "<group>"; };
		04F1C0B7257F9BA5002C537D /* Info.plist */ = {isa = PBXFileReference; lastKnownFileType = text.plist.xml; path = Info.plist; sourceTree = "<group>"; };
		04F1C0B8257F9BA5002C537D /* main.m */ = {isa = PBXFileReference; lastKnownFileType = sourcecode.c.objc; path = main.m; sourceTree = "<group>"; };
		04F1C0C1257FA325002C537D /* MVVMModel.h */ = {isa = PBXFileReference; lastKnownFileType = sourcecode.c.h; path = MVVMModel.h; sourceTree = "<group>"; };
		04F1C0C2257FA325002C537D /* MVVMModel.m */ = {isa = PBXFileReference; lastKnownFileType = sourcecode.c.objc; path = MVVMModel.m; sourceTree = "<group>"; };
		04F1C0C4257FA33B002C537D /* MVVMView.h */ = {isa = PBXFileReference; lastKnownFileType = sourcecode.c.h; path = MVVMView.h; sourceTree = "<group>"; };
		04F1C0C5257FA33B002C537D /* MVVMView.m */ = {isa = PBXFileReference; lastKnownFileType = sourcecode.c.objc; path = MVVMView.m; sourceTree = "<group>"; };
		04F1C0C7257FA35F002C537D /* MVVMViewModel.h */ = {isa = PBXFileReference; lastKnownFileType = sourcecode.c.h; path = MVVMViewModel.h; sourceTree = "<group>"; };
		04F1C0C8257FA35F002C537D /* MVVMViewModel.m */ = {isa = PBXFileReference; lastKnownFileType = sourcecode.c.objc; path = MVVMViewModel.m; sourceTree = "<group>"; };
		04F1C0CA257FA378002C537D /* MVVMViewController.h */ = {isa = PBXFileReference; lastKnownFileType = sourcecode.c.h; path = MVVMViewController.h; sourceTree = "<group>"; };
		04F1C0CB257FA378002C537D /* MVVMViewController.m */ = {isa = PBXFileReference; lastKnownFileType = sourcecode.c.objc; path = MVVMViewController.m; sourceTree = "<group>"; };
		04F1C0CD258106B2002C537D /* DemoViewController.h */ = {isa = PBXFileReference; lastKnownFileType = sourcecode.c.h; path = DemoViewController.h; sourceTree = "<group>"; };
		04F1C0CE258106B2002C537D /* DemoViewController.m */ = {isa = PBXFileReference; lastKnownFileType = sourcecode.c.objc; path = DemoViewController.m; sourceTree = "<group>"; };
		04F1C0D0258106C1002C537D /* DemoView.h */ = {isa = PBXFileReference; lastKnownFileType = sourcecode.c.h; path = DemoView.h; sourceTree = "<group>"; };
		04F1C0D1258106C1002C537D /* DemoView.m */ = {isa = PBXFileReference; lastKnownFileType = sourcecode.c.objc; path = DemoView.m; sourceTree = "<group>"; };
		04F1C0D32581079E002C537D /* DemoModel.h */ = {isa = PBXFileReference; lastKnownFileType = sourcecode.c.h; path = DemoModel.h; sourceTree = "<group>"; };
		04F1C0D42581079E002C537D /* DemoModel.m */ = {isa = PBXFileReference; lastKnownFileType = sourcecode.c.objc; path = DemoModel.m; sourceTree = "<group>"; };
		04F1C0D6258108EB002C537D /* DemoViewModel.h */ = {isa = PBXFileReference; lastKnownFileType = sourcecode.c.h; path = DemoViewModel.h; sourceTree = "<group>"; };
		04F1C0D7258108EC002C537D /* DemoViewModel.m */ = {isa = PBXFileReference; lastKnownFileType = sourcecode.c.objc; path = DemoViewModel.m; sourceTree = "<group>"; };
		0535F7985820A9980212DBCF /* libPods-MVCS.a */ = {isa = PBXFileReference; explicitFileType = archive.ar; includeInIndex = 0; path = "libPods-MVCS.a"; sourceTree = BUILT_PRODUCTS_DIR; };
		351074A5B5D1E6874BE1655A /* Pods-MVCS.debug.xcconfig */ = {isa = PBXFileReference; includeInIndex = 1; lastKnownFileType = text.xcconfig; name = "Pods-MVCS.debug.xcconfig"; path = "../Pods/Target Support Files/Pods-MVCS/Pods-MVCS.debug.xcconfig"; sourceTree = "<group>"; };
		6F6A31195C5060F680E571BA /* Pods-MVCS.release.xcconfig */ = {isa = PBXFileReference; includeInIndex = 1; lastKnownFileType = text.xcconfig; name = "Pods-MVCS.release.xcconfig"; path = "../Pods/Target Support Files/Pods-MVCS/Pods-MVCS.release.xcconfig"; sourceTree = "<group>"; };
/* End PBXFileReference section */

/* Begin PBXFrameworksBuildPhase section */
		046D766C22AE807300989874 /* Frameworks */ = {
			isa = PBXFrameworksBuildPhase;
			buildActionMask = 2147483647;
			files = (
				C10A50C8B74A1F745097DCF0 /* libPods-MVCS.a in Frameworks */,
			);
			runOnlyForDeploymentPostprocessing = 0;
		};
		04F1C084257F9B93002C537D /* Frameworks */ = {
			isa = PBXFrameworksBuildPhase;
			buildActionMask = 2147483647;
			files = (
			);
			runOnlyForDeploymentPostprocessing = 0;
		};
		04F1C0A1257F9BA3002C537D /* Frameworks */ = {
			isa = PBXFrameworksBuildPhase;
			buildActionMask = 2147483647;
			files = (
			);
			runOnlyForDeploymentPostprocessing = 0;
		};
/* End PBXFrameworksBuildPhase section */

/* Begin PBXGroup section */
		046D764922AE800400989874 = {
			isa = PBXGroup;
			children = (
				046D767022AE807300989874 /* MVCS */,
				04F1C088257F9B93002C537D /* MVC */,
				04F1C0A5257F9BA3002C537D /* MVVM */,
				046D765322AE800500989874 /* Products */,
				404786878DC099AA9C20DD4D /* Pods */,
				EB8580B02F0AA0345F307CDA /* Frameworks */,
			);
			sourceTree = "<group>";
		};
		046D765322AE800500989874 /* Products */ = {
			isa = PBXGroup;
			children = (
				046D766F22AE807300989874 /* MVCS.app */,
				04F1C087257F9B93002C537D /* MVC.app */,
				04F1C0A4257F9BA3002C537D /* MVVM.app */,
			);
			name = Products;
			sourceTree = "<group>";
		};
		046D767022AE807300989874 /* MVCS */ = {
			isa = PBXGroup;
			children = (
				046D767122AE807300989874 /* AppDelegate.h */,
				046D767222AE807300989874 /* AppDelegate.m */,
				046D767422AE807300989874 /* ViewController.h */,
				046D767522AE807300989874 /* ViewController.m */,
				046D767722AE807300989874 /* Main.storyboard */,
				046D767A22AE807400989874 /* Assets.xcassets */,
				046D767C22AE807400989874 /* LaunchScreen.storyboard */,
				046D767F22AE807400989874 /* Info.plist */,
				046D768022AE807400989874 /* main.m */,
				046D768522AE808E00989874 /* PrefixHeader.pch */,
			);
			path = MVCS;
			sourceTree = "<group>";
		};
		04F1C088257F9B93002C537D /* MVC */ = {
			isa = PBXGroup;
			children = (
				04F1C089257F9B93002C537D /* AppDelegate.h */,
				04F1C08A257F9B93002C537D /* AppDelegate.m */,
				04F1C08C257F9B93002C537D /* SceneDelegate.h */,
				04F1C08D257F9B93002C537D /* SceneDelegate.m */,
				04F1C08F257F9B93002C537D /* ViewController.h */,
				04F1C090257F9B93002C537D /* ViewController.m */,
				04F1C092257F9B93002C537D /* Main.storyboard */,
				04F1C095257F9B96002C537D /* Assets.xcassets */,
				04F1C097257F9B96002C537D /* LaunchScreen.storyboard */,
				04F1C09A257F9B96002C537D /* Info.plist */,
				04F1C09B257F9B96002C537D /* main.m */,
			);
			path = MVC;
			sourceTree = "<group>";
		};
		04F1C0A5257F9BA3002C537D /* MVVM */ = {
			isa = PBXGroup;
			children = (
				04F1C0BD257FA19E002C537D /* Classes */,
				04F1C0A6257F9BA3002C537D /* AppDelegate.h */,
				04F1C0A7257F9BA3002C537D /* AppDelegate.m */,
				04F1C0A9257F9BA3002C537D /* SceneDelegate.h */,
				04F1C0AA257F9BA3002C537D /* SceneDelegate.m */,
				04F1C0AC257F9BA3002C537D /* ViewController.h */,
				04F1C0AD257F9BA3002C537D /* ViewController.m */,
				04F1C0AF257F9BA3002C537D /* Main.storyboard */,
				04F1C0B2257F9BA5002C537D /* Assets.xcassets */,
				04F1C0B4257F9BA5002C537D /* LaunchScreen.storyboard */,
				04F1C0B7257F9BA5002C537D /* Info.plist */,
				04F1C0B8257F9BA5002C537D /* main.m */,
			);
			path = MVVM;
			sourceTree = "<group>";
		};
		04F1C0BD257FA19E002C537D /* Classes */ = {
			isa = PBXGroup;
			children = (
				04F1C0BF257FA261002C537D /* Model */,
				04F1C0BE257FA261002C537D /* View */,
				04F1C0C0257FA261002C537D /* ViewModel */,
			);
			path = Classes;
			sourceTree = "<group>";
		};
		04F1C0BE257FA261002C537D /* View */ = {
			isa = PBXGroup;
			children = (
				04F1C0C4257FA33B002C537D /* MVVMView.h */,
				04F1C0C5257FA33B002C537D /* MVVMView.m */,
				04F1C0CA257FA378002C537D /* MVVMViewController.h */,
				04F1C0CB257FA378002C537D /* MVVMViewController.m */,
				04F1C0CD258106B2002C537D /* DemoViewController.h */,
				04F1C0CE258106B2002C537D /* DemoViewController.m */,
				04F1C0D0258106C1002C537D /* DemoView.h */,
				04F1C0D1258106C1002C537D /* DemoView.m */,
			);
			path = View;
			sourceTree = "<group>";
		};
		04F1C0BF257FA261002C537D /* Model */ = {
			isa = PBXGroup;
			children = (
				04F1C0C1257FA325002C537D /* MVVMModel.h */,
				04F1C0C2257FA325002C537D /* MVVMModel.m */,
				04F1C0D32581079E002C537D /* DemoModel.h */,
				04F1C0D42581079E002C537D /* DemoModel.m */,
			);
			path = Model;
			sourceTree = "<group>";
		};
		04F1C0C0257FA261002C537D /* ViewModel */ = {
			isa = PBXGroup;
			children = (
				04F1C0C7257FA35F002C537D /* MVVMViewModel.h */,
				04F1C0C8257FA35F002C537D /* MVVMViewModel.m */,
				04F1C0D6258108EB002C537D /* DemoViewModel.h */,
				04F1C0D7258108EC002C537D /* DemoViewModel.m */,
			);
			path = ViewModel;
			sourceTree = "<group>";
		};
		404786878DC099AA9C20DD4D /* Pods */ = {
			isa = PBXGroup;
			children = (
				351074A5B5D1E6874BE1655A /* Pods-MVCS.debug.xcconfig */,
				6F6A31195C5060F680E571BA /* Pods-MVCS.release.xcconfig */,
			);
			name = Pods;
			sourceTree = "<group>";
		};
		EB8580B02F0AA0345F307CDA /* Frameworks */ = {
			isa = PBXGroup;
			children = (
				0535F7985820A9980212DBCF /* libPods-MVCS.a */,
			);
			name = Frameworks;
			sourceTree = "<group>";
		};
/* End PBXGroup section */

/* Begin PBXNativeTarget section */
		046D766E22AE807300989874 /* MVCS */ = {
			isa = PBXNativeTarget;
			buildConfigurationList = 046D768222AE807400989874 /* Build configuration list for PBXNativeTarget "MVCS" */;
			buildPhases = (
				C5B8B49D6B87688FBFB8D192 /* [CP] Check Pods Manifest.lock */,
				046D766B22AE807300989874 /* Sources */,
				046D766C22AE807300989874 /* Frameworks */,
				046D766D22AE807300989874 /* Resources */,
				FB1D34DE5920D2D42F616EA3 /* [CP] Copy Pods Resources */,
			);
			buildRules = (
			);
			dependencies = (
			);
			name = MVCS;
			productName = MVCS;
			productReference = 046D766F22AE807300989874 /* MVCS.app */;
			productType = "com.apple.product-type.application";
		};
		04F1C086257F9B93002C537D /* MVC */ = {
			isa = PBXNativeTarget;
			buildConfigurationList = 04F1C09F257F9B96002C537D /* Build configuration list for PBXNativeTarget "MVC" */;
			buildPhases = (
				04F1C083257F9B93002C537D /* Sources */,
				04F1C084257F9B93002C537D /* Frameworks */,
				04F1C085257F9B93002C537D /* Resources */,
			);
			buildRules = (
			);
			dependencies = (
			);
			name = MVC;
			productName = MVC;
			productReference = 04F1C087257F9B93002C537D /* MVC.app */;
			productType = "com.apple.product-type.application";
		};
		04F1C0A3257F9BA3002C537D /* MVVM */ = {
			isa = PBXNativeTarget;
			buildConfigurationList = 04F1C0BA257F9BA5002C537D /* Build configuration list for PBXNativeTarget "MVVM" */;
			buildPhases = (
				04F1C0A0257F9BA3002C537D /* Sources */,
				04F1C0A1257F9BA3002C537D /* Frameworks */,
				04F1C0A2257F9BA3002C537D /* Resources */,
			);
			buildRules = (
			);
			dependencies = (
			);
			name = MVVM;
			productName = MVVM;
			productReference = 04F1C0A4257F9BA3002C537D /* MVVM.app */;
			productType = "com.apple.product-type.application";
		};
/* End PBXNativeTarget section */

/* Begin PBXProject section */
		046D764A22AE800400989874 /* Project object */ = {
			isa = PBXProject;
			attributes = {
				LastUpgradeCheck = 1020;
				ORGANIZATIONNAME = "朱献国";
				TargetAttributes = {
					046D766E22AE807300989874 = {
						CreatedOnToolsVersion = 10.2.1;
					};
					04F1C086257F9B93002C537D = {
						CreatedOnToolsVersion = 11.5;
					};
					04F1C0A3257F9BA3002C537D = {
						CreatedOnToolsVersion = 11.5;
					};
				};
			};
			buildConfigurationList = 046D764D22AE800400989874 /* Build configuration list for PBXProject "Architecture" */;
			compatibilityVersion = "Xcode 9.3";
			developmentRegion = en;
			hasScannedForEncodings = 0;
			knownRegions = (
				en,
				Base,
			);
			mainGroup = 046D764922AE800400989874;
			productRefGroup = 046D765322AE800500989874 /* Products */;
			projectDirPath = "";
			projectRoot = "";
			targets = (
				046D766E22AE807300989874 /* MVCS */,
				04F1C086257F9B93002C537D /* MVC */,
				04F1C0A3257F9BA3002C537D /* MVVM */,
			);
		};
/* End PBXProject section */

/* Begin PBXResourcesBuildPhase section */
		046D766D22AE807300989874 /* Resources */ = {
			isa = PBXResourcesBuildPhase;
			buildActionMask = 2147483647;
			files = (
				046D767E22AE807400989874 /* LaunchScreen.storyboard in Resources */,
				046D767B22AE807400989874 /* Assets.xcassets in Resources */,
				046D767922AE807300989874 /* Main.storyboard in Resources */,
			);
			runOnlyForDeploymentPostprocessing = 0;
		};
		04F1C085257F9B93002C537D /* Resources */ = {
			isa = PBXResourcesBuildPhase;
			buildActionMask = 2147483647;
			files = (
				04F1C099257F9B96002C537D /* LaunchScreen.storyboard in Resources */,
				04F1C096257F9B96002C537D /* Assets.xcassets in Resources */,
				04F1C094257F9B93002C537D /* Main.storyboard in Resources */,
			);
			runOnlyForDeploymentPostprocessing = 0;
		};
		04F1C0A2257F9BA3002C537D /* Resources */ = {
			isa = PBXResourcesBuildPhase;
			buildActionMask = 2147483647;
			files = (
				04F1C0B6257F9BA5002C537D /* LaunchScreen.storyboard in Resources */,
				04F1C0B3257F9BA5002C537D /* Assets.xcassets in Resources */,
				04F1C0B1257F9BA3002C537D /* Main.storyboard in Resources */,
			);
			runOnlyForDeploymentPostprocessing = 0;
		};
/* End PBXResourcesBuildPhase section */

/* Begin PBXShellScriptBuildPhase section */
		C5B8B49D6B87688FBFB8D192 /* [CP] Check Pods Manifest.lock */ = {
			isa = PBXShellScriptBuildPhase;
			buildActionMask = 2147483647;
			files = (
			);
			inputPaths = (
				"${PODS_PODFILE_DIR_PATH}/Podfile.lock",
				"${PODS_ROOT}/Manifest.lock",
			);
			name = "[CP] Check Pods Manifest.lock";
			outputPaths = (
				"$(DERIVED_FILE_DIR)/Pods-MVCS-checkManifestLockResult.txt",
			);
			runOnlyForDeploymentPostprocessing = 0;
			shellPath = /bin/sh;
			shellScript = "diff \"${PODS_PODFILE_DIR_PATH}/Podfile.lock\" \"${PODS_ROOT}/Manifest.lock\" > /dev/null\nif [ $? != 0 ] ; then\n    # print error to STDERR\n    echo \"error: The sandbox is not in sync with the Podfile.lock. Run 'pod install' or update your CocoaPods installation.\" >&2\n    exit 1\nfi\n# This output is used by Xcode 'outputs' to avoid re-running this script phase.\necho \"SUCCESS\" > \"${SCRIPT_OUTPUT_FILE_0}\"\n";
			showEnvVarsInLog = 0;
		};
		FB1D34DE5920D2D42F616EA3 /* [CP] Copy Pods Resources */ = {
			isa = PBXShellScriptBuildPhase;
			buildActionMask = 2147483647;
			files = (
			);
			inputFileListPaths = (
				"${PODS_ROOT}/Target Support Files/Pods-MVCS/Pods-MVCS-resources-${CONFIGURATION}-input-files.xcfilelist",
			);
			name = "[CP] Copy Pods Resources";
			outputFileListPaths = (
				"${PODS_ROOT}/Target Support Files/Pods-MVCS/Pods-MVCS-resources-${CONFIGURATION}-output-files.xcfilelist",
			);
			runOnlyForDeploymentPostprocessing = 0;
			shellPath = /bin/sh;
			shellScript = "\"${PODS_ROOT}/Target Support Files/Pods-MVCS/Pods-MVCS-resources.sh\"\n";
			showEnvVarsInLog = 0;
		};
/* End PBXShellScriptBuildPhase section */

/* Begin PBXSourcesBuildPhase section */
		046D766B22AE807300989874 /* Sources */ = {
			isa = PBXSourcesBuildPhase;
			buildActionMask = 2147483647;
			files = (
				046D767622AE807300989874 /* ViewController.m in Sources */,
				046D768122AE807400989874 /* main.m in Sources */,
				046D767322AE807300989874 /* AppDelegate.m in Sources */,
			);
			runOnlyForDeploymentPostprocessing = 0;
		};
		04F1C083257F9B93002C537D /* Sources */ = {
			isa = PBXSourcesBuildPhase;
			buildActionMask = 2147483647;
			files = (
				04F1C091257F9B93002C537D /* ViewController.m in Sources */,
				04F1C08B257F9B93002C537D /* AppDelegate.m in Sources */,
				04F1C09C257F9B96002C537D /* main.m in Sources */,
				04F1C08E257F9B93002C537D /* SceneDelegate.m in Sources */,
			);
			runOnlyForDeploymentPostprocessing = 0;
		};
		04F1C0A0257F9BA3002C537D /* Sources */ = {
			isa = PBXSourcesBuildPhase;
			buildActionMask = 2147483647;
			files = (
				04F1C0C9257FA35F002C537D /* MVVMViewModel.m in Sources */,
				04F1C0D2258106C1002C537D /* DemoView.m in Sources */,
				04F1C0D52581079E002C537D /* DemoModel.m in Sources */,
				04F1C0C6257FA33B002C537D /* MVVMView.m in Sources */,
				04F1C0AE257F9BA3002C537D /* ViewController.m in Sources */,
				04F1C0A8257F9BA3002C537D /* AppDelegate.m in Sources */,
				04F1C0CC257FA378002C537D /* MVVMViewController.m in Sources */,
				04F1C0B9257F9BA5002C537D /* main.m in Sources */,
				04F1C0CF258106B2002C537D /* DemoViewController.m in Sources */,
				04F1C0C3257FA325002C537D /* MVVMModel.m in Sources */,
				04F1C0AB257F9BA3002C537D /* SceneDelegate.m in Sources */,
				04F1C0D8258108EC002C537D /* DemoViewModel.m in Sources */,
			);
			runOnlyForDeploymentPostprocessing = 0;
		};
/* End PBXSourcesBuildPhase section */

/* Begin PBXVariantGroup section */
		046D767722AE807300989874 /* Main.storyboard */ = {
			isa = PBXVariantGroup;
			children = (
				046D767822AE807300989874 /* Base */,
			);
			name = Main.storyboard;
			sourceTree = "<group>";
		};
		046D767C22AE807400989874 /* LaunchScreen.storyboard */ = {
			isa = PBXVariantGroup;
			children = (
				046D767D22AE807400989874 /* Base */,
			);
			name = LaunchScreen.storyboard;
			sourceTree = "<group>";
		};
		04F1C092257F9B93002C537D /* Main.storyboard */ = {
			isa = PBXVariantGroup;
			children = (
				04F1C093257F9B93002C537D /* Base */,
			);
			name = Main.storyboard;
			sourceTree = "<group>";
		};
		04F1C097257F9B96002C537D /* LaunchScreen.storyboard */ = {
			isa = PBXVariantGroup;
			children = (
				04F1C098257F9B96002C537D /* Base */,
			);
			name = LaunchScreen.storyboard;
			sourceTree = "<group>";
		};
		04F1C0AF257F9BA3002C537D /* Main.storyboard */ = {
			isa = PBXVariantGroup;
			children = (
				04F1C0B0257F9BA3002C537D /* Base */,
			);
			name = Main.storyboard;
			sourceTree = "<group>";
		};
		04F1C0B4257F9BA5002C537D /* LaunchScreen.storyboard */ = {
			isa = PBXVariantGroup;
			children = (
				04F1C0B5257F9BA5002C537D /* Base */,
			);
			name = LaunchScreen.storyboard;
			sourceTree = "<group>";
		};
/* End PBXVariantGroup section */

/* Begin XCBuildConfiguration section */
		046D766622AE800600989874 /* Debug */ = {
			isa = XCBuildConfiguration;
			buildSettings = {
				ALWAYS_SEARCH_USER_PATHS = NO;
				CLANG_ANALYZER_NONNULL = YES;
				CLANG_ANALYZER_NUMBER_OBJECT_CONVERSION = YES_AGGRESSIVE;
				CLANG_CXX_LANGUAGE_STANDARD = "gnu++14";
				CLANG_CXX_LIBRARY = "libc++";
				CLANG_ENABLE_MODULES = YES;
				CLANG_ENABLE_OBJC_ARC = YES;
				CLANG_ENABLE_OBJC_WEAK = YES;
				CLANG_WARN_BLOCK_CAPTURE_AUTORELEASING = YES;
				CLANG_WARN_BOOL_CONVERSION = YES;
				CLANG_WARN_COMMA = YES;
				CLANG_WARN_CONSTANT_CONVERSION = YES;
				CLANG_WARN_DEPRECATED_OBJC_IMPLEMENTATIONS = YES;
				CLANG_WARN_DIRECT_OBJC_ISA_USAGE = YES_ERROR;
				CLANG_WARN_DOCUMENTATION_COMMENTS = YES;
				CLANG_WARN_EMPTY_BODY = YES;
				CLANG_WARN_ENUM_CONVERSION = YES;
				CLANG_WARN_INFINITE_RECURSION = YES;
				CLANG_WARN_INT_CONVERSION = YES;
				CLANG_WARN_NON_LITERAL_NULL_CONVERSION = YES;
				CLANG_WARN_OBJC_IMPLICIT_RETAIN_SELF = YES;
				CLANG_WARN_OBJC_LITERAL_CONVERSION = YES;
				CLANG_WARN_OBJC_ROOT_CLASS = YES_ERROR;
				CLANG_WARN_RANGE_LOOP_ANALYSIS = YES;
				CLANG_WARN_STRICT_PROTOTYPES = YES;
				CLANG_WARN_SUSPICIOUS_MOVE = YES;
				CLANG_WARN_UNGUARDED_AVAILABILITY = YES_AGGRESSIVE;
				CLANG_WARN_UNREACHABLE_CODE = YES;
				CLANG_WARN__DUPLICATE_METHOD_MATCH = YES;
				CODE_SIGN_IDENTITY = "iPhone Developer";
				COPY_PHASE_STRIP = NO;
				DEBUG_INFORMATION_FORMAT = dwarf;
				ENABLE_STRICT_OBJC_MSGSEND = YES;
				ENABLE_TESTABILITY = YES;
				GCC_C_LANGUAGE_STANDARD = gnu11;
				GCC_DYNAMIC_NO_PIC = NO;
				GCC_NO_COMMON_BLOCKS = YES;
				GCC_OPTIMIZATION_LEVEL = 0;
				GCC_PREPROCESSOR_DEFINITIONS = (
					"DEBUG=1",
					"$(inherited)",
				);
				GCC_WARN_64_TO_32_BIT_CONVERSION = YES;
				GCC_WARN_ABOUT_RETURN_TYPE = YES_ERROR;
				GCC_WARN_UNDECLARED_SELECTOR = YES;
				GCC_WARN_UNINITIALIZED_AUTOS = YES_AGGRESSIVE;
				GCC_WARN_UNUSED_FUNCTION = YES;
				GCC_WARN_UNUSED_VARIABLE = YES;
				IPHONEOS_DEPLOYMENT_TARGET = 12.2;
				MTL_ENABLE_DEBUG_INFO = INCLUDE_SOURCE;
				MTL_FAST_MATH = YES;
				ONLY_ACTIVE_ARCH = YES;
				SDKROOT = iphoneos;
			};
			name = Debug;
		};
		046D766722AE800600989874 /* Release */ = {
			isa = XCBuildConfiguration;
			buildSettings = {
				ALWAYS_SEARCH_USER_PATHS = NO;
				CLANG_ANALYZER_NONNULL = YES;
				CLANG_ANALYZER_NUMBER_OBJECT_CONVERSION = YES_AGGRESSIVE;
				CLANG_CXX_LANGUAGE_STANDARD = "gnu++14";
				CLANG_CXX_LIBRARY = "libc++";
				CLANG_ENABLE_MODULES = YES;
				CLANG_ENABLE_OBJC_ARC = YES;
				CLANG_ENABLE_OBJC_WEAK = YES;
				CLANG_WARN_BLOCK_CAPTURE_AUTORELEASING = YES;
				CLANG_WARN_BOOL_CONVERSION = YES;
				CLANG_WARN_COMMA = YES;
				CLANG_WARN_CONSTANT_CONVERSION = YES;
				CLANG_WARN_DEPRECATED_OBJC_IMPLEMENTATIONS = YES;
				CLANG_WARN_DIRECT_OBJC_ISA_USAGE = YES_ERROR;
				CLANG_WARN_DOCUMENTATION_COMMENTS = YES;
				CLANG_WARN_EMPTY_BODY = YES;
				CLANG_WARN_ENUM_CONVERSION = YES;
				CLANG_WARN_INFINITE_RECURSION = YES;
				CLANG_WARN_INT_CONVERSION = YES;
				CLANG_WARN_NON_LITERAL_NULL_CONVERSION = YES;
				CLANG_WARN_OBJC_IMPLICIT_RETAIN_SELF = YES;
				CLANG_WARN_OBJC_LITERAL_CONVERSION = YES;
				CLANG_WARN_OBJC_ROOT_CLASS = YES_ERROR;
				CLANG_WARN_RANGE_LOOP_ANALYSIS = YES;
				CLANG_WARN_STRICT_PROTOTYPES = YES;
				CLANG_WARN_SUSPICIOUS_MOVE = YES;
				CLANG_WARN_UNGUARDED_AVAILABILITY = YES_AGGRESSIVE;
				CLANG_WARN_UNREACHABLE_CODE = YES;
				CLANG_WARN__DUPLICATE_METHOD_MATCH = YES;
				CODE_SIGN_IDENTITY = "iPhone Developer";
				COPY_PHASE_STRIP = NO;
				DEBUG_INFORMATION_FORMAT = "dwarf-with-dsym";
				ENABLE_NS_ASSERTIONS = NO;
				ENABLE_STRICT_OBJC_MSGSEND = YES;
				GCC_C_LANGUAGE_STANDARD = gnu11;
				GCC_NO_COMMON_BLOCKS = YES;
				GCC_WARN_64_TO_32_BIT_CONVERSION = YES;
				GCC_WARN_ABOUT_RETURN_TYPE = YES_ERROR;
				GCC_WARN_UNDECLARED_SELECTOR = YES;
				GCC_WARN_UNINITIALIZED_AUTOS = YES_AGGRESSIVE;
				GCC_WARN_UNUSED_FUNCTION = YES;
				GCC_WARN_UNUSED_VARIABLE = YES;
				IPHONEOS_DEPLOYMENT_TARGET = 12.2;
				MTL_ENABLE_DEBUG_INFO = NO;
				MTL_FAST_MATH = YES;
				SDKROOT = iphoneos;
				VALIDATE_PRODUCT = YES;
			};
			name = Release;
		};
		046D768322AE807400989874 /* Debug */ = {
			isa = XCBuildConfiguration;
			baseConfigurationReference = 351074A5B5D1E6874BE1655A /* Pods-MVCS.debug.xcconfig */;
			buildSettings = {
				ASSETCATALOG_COMPILER_APPICON_NAME = AppIcon;
				CODE_SIGN_STYLE = Automatic;
				GCC_PRECOMPILE_PREFIX_HEADER = YES;
				GCC_PREFIX_HEADER = MVCS/PrefixHeader.pch;
				INFOPLIST_FILE = MVCS/Info.plist;
				IPHONEOS_DEPLOYMENT_TARGET = 11.0;
				LD_RUNPATH_SEARCH_PATHS = (
					"$(inherited)",
					"@executable_path/Frameworks",
				);
				PRODUCT_BUNDLE_IDENTIFIER = "---.MVCS";
				PRODUCT_NAME = "$(TARGET_NAME)";
				TARGETED_DEVICE_FAMILY = "1,2";
			};
			name = Debug;
		};
		046D768422AE807400989874 /* Release */ = {
			isa = XCBuildConfiguration;
			baseConfigurationReference = 6F6A31195C5060F680E571BA /* Pods-MVCS.release.xcconfig */;
			buildSettings = {
				ASSETCATALOG_COMPILER_APPICON_NAME = AppIcon;
				CODE_SIGN_STYLE = Automatic;
				GCC_PRECOMPILE_PREFIX_HEADER = YES;
				GCC_PREFIX_HEADER = MVCS/PrefixHeader.pch;
				INFOPLIST_FILE = MVCS/Info.plist;
				IPHONEOS_DEPLOYMENT_TARGET = 11.0;
				LD_RUNPATH_SEARCH_PATHS = (
					"$(inherited)",
					"@executable_path/Frameworks",
				);
				PRODUCT_BUNDLE_IDENTIFIER = "---.MVCS";
				PRODUCT_NAME = "$(TARGET_NAME)";
				TARGETED_DEVICE_FAMILY = "1,2";
			};
			name = Release;
		};
		04F1C09D257F9B96002C537D /* Debug */ = {
			isa = XCBuildConfiguration;
			buildSettings = {
				ASSETCATALOG_COMPILER_APPICON_NAME = AppIcon;
				CODE_SIGN_STYLE = Automatic;
				INFOPLIST_FILE = MVC/Info.plist;
				IPHONEOS_DEPLOYMENT_TARGET = 13.5;
				LD_RUNPATH_SEARCH_PATHS = (
					"$(inherited)",
					"@executable_path/Frameworks",
				);
				PRODUCT_BUNDLE_IDENTIFIER = "---.MVC";
				PRODUCT_NAME = "$(TARGET_NAME)";
				TARGETED_DEVICE_FAMILY = "1,2";
			};
			name = Debug;
		};
		04F1C09E257F9B96002C537D /* Release */ = {
			isa = XCBuildConfiguration;
			buildSettings = {
				ASSETCATALOG_COMPILER_APPICON_NAME = AppIcon;
				CODE_SIGN_STYLE = Automatic;
				INFOPLIST_FILE = MVC/Info.plist;
				IPHONEOS_DEPLOYMENT_TARGET = 13.5;
				LD_RUNPATH_SEARCH_PATHS = (
					"$(inherited)",
					"@executable_path/Frameworks",
				);
				PRODUCT_BUNDLE_IDENTIFIER = "---.MVC";
				PRODUCT_NAME = "$(TARGET_NAME)";
				TARGETED_DEVICE_FAMILY = "1,2";
			};
			name = Release;
		};
		04F1C0BB257F9BA5002C537D /* Debug */ = {
			isa = XCBuildConfiguration;
			buildSettings = {
				ASSETCATALOG_COMPILER_APPICON_NAME = AppIcon;
				CODE_SIGN_STYLE = Automatic;
				INFOPLIST_FILE = MVVM/Info.plist;
				IPHONEOS_DEPLOYMENT_TARGET = 13.5;
				LD_RUNPATH_SEARCH_PATHS = (
					"$(inherited)",
					"@executable_path/Frameworks",
				);
				PRODUCT_BUNDLE_IDENTIFIER = "---.MVVM";
				PRODUCT_NAME = "$(TARGET_NAME)";
				TARGETED_DEVICE_FAMILY = "1,2";
			};
			name = Debug;
		};
		04F1C0BC257F9BA5002C537D /* Release */ = {
			isa = XCBuildConfiguration;
			buildSettings = {
				ASSETCATALOG_COMPILER_APPICON_NAME = AppIcon;
				CODE_SIGN_STYLE = Automatic;
				INFOPLIST_FILE = MVVM/Info.plist;
				IPHONEOS_DEPLOYMENT_TARGET = 13.5;
				LD_RUNPATH_SEARCH_PATHS = (
					"$(inherited)",
					"@executable_path/Frameworks",
				);
				PRODUCT_BUNDLE_IDENTIFIER = "---.MVVM";
				PRODUCT_NAME = "$(TARGET_NAME)";
				TARGETED_DEVICE_FAMILY = "1,2";
			};
			name = Release;
		};
/* End XCBuildConfiguration section */

/* Begin XCConfigurationList section */
		046D764D22AE800400989874 /* Build configuration list for PBXProject "Architecture" */ = {
			isa = XCConfigurationList;
			buildConfigurations = (
				046D766622AE800600989874 /* Debug */,
				046D766722AE800600989874 /* Release */,
			);
			defaultConfigurationIsVisible = 0;
			defaultConfigurationName = Release;
		};
		046D768222AE807400989874 /* Build configuration list for PBXNativeTarget "MVCS" */ = {
			isa = XCConfigurationList;
			buildConfigurations = (
				046D768322AE807400989874 /* Debug */,
				046D768422AE807400989874 /* Release */,
			);
			defaultConfigurationIsVisible = 0;
			defaultConfigurationName = Release;
		};
		04F1C09F257F9B96002C537D /* Build configuration list for PBXNativeTarget "MVC" */ = {
			isa = XCConfigurationList;
			buildConfigurations = (
				04F1C09D257F9B96002C537D /* Debug */,
				04F1C09E257F9B96002C537D /* Release */,
			);
			defaultConfigurationIsVisible = 0;
			defaultConfigurationName = Release;
		};
		04F1C0BA257F9BA5002C537D /* Build configuration list for PBXNativeTarget "MVVM" */ = {
			isa = XCConfigurationList;
			buildConfigurations = (
				04F1C0BB257F9BA5002C537D /* Debug */,
				04F1C0BC257F9BA5002C537D /* Release */,
			);
			defaultConfigurationIsVisible = 0;
			defaultConfigurationName = Release;
		};
/* End XCConfigurationList section */
	};
	rootObject = 046D764A22AE800400989874 /* Project object */;
}
