// !$*UTF8*$!
{
	archiveVersion = 1;
	classes = {
	};
	objectVersion = 50;
	objects = {

/* Begin PBXBuildFile section */
		04C48D4222F2F9180062E4BF /* BaseViewController.swift in Sources */ = {isa = PBXBuildFile; fileRef = 04C48D4122F2F9180062E4BF /* BaseViewController.swift */; };
		04C48D4822F2FA070062E4BF /* PageViewController.swift in Sources */ = {isa = PBXBuildFile; fileRef = 04C48D4722F2FA070062E4BF /* PageViewController.swift */; };
		04C48D4A22F2FA220062E4BF /* HomeViewController.swift in Sources */ = {isa = PBXBuildFile; fileRef = 04C48D4922F2FA220062E4BF /* HomeViewController.swift */; };
		04C48D4C22F30FAA0062E4BF /* HSecondViewController.swift in Sources */ = {isa = PBXBuildFile; fileRef = 04C48D4B22F30FAA0062E4BF /* HSecondViewController.swift */; };
		04C48D4E22F324070062E4BF /* HSecondBaseController.swift in Sources */ = {isa = PBXBuildFile; fileRef = 04C48D4D22F324070062E4BF /* HSecondBaseController.swift */; };
		04C48D6B22F5250C0062E4BF /* MyFirstFramework.framework in Embed Frameworks */ = {isa = PBXBuildFile; fileRef = 04C48D6822F523A90062E4BF /* MyFirstFramework.framework */; settings = {ATTRIBUTES = (CodeSignOnCopy, RemoveHeadersOnCopy, ); }; };
		04F3B03C22EC5BF5002FB0F3 /* AppDelegate.swift in Sources */ = {isa = PBXBuildFile; fileRef = 04F3B03B22EC5BF5002FB0F3 /* AppDelegate.swift */; };
		04F3B03E22EC5BF5002FB0F3 /* ViewController.swift in Sources */ = {isa = PBXBuildFile; fileRef = 04F3B03D22EC5BF5002FB0F3 /* ViewController.swift */; };
		04F3B04122EC5BF5002FB0F3 /* Main.storyboard in Resources */ = {isa = PBXBuildFile; fileRef = 04F3B03F22EC5BF5002FB0F3 /* Main.storyboard */; };
		04F3B04322EC5BF6002FB0F3 /* Assets.xcassets in Resources */ = {isa = PBXBuildFile; fileRef = 04F3B04222EC5BF6002FB0F3 /* Assets.xcassets */; };
		04F3B04622EC5BF6002FB0F3 /* LaunchScreen.storyboard in Resources */ = {isa = PBXBuildFile; fileRef = 04F3B04422EC5BF6002FB0F3 /* LaunchScreen.storyboard */; };
		04F3B04C22ED4E35002FB0F3 /* FiveNewFeatureController.swift in Sources */ = {isa = PBXBuildFile; fileRef = 04F3B04B22ED4E35002FB0F3 /* FiveNewFeatureController.swift */; };
		04F3B05422ED504C002FB0F3 /* AppDelegate.swift in Sources */ = {isa = PBXBuildFile; fileRef = 04F3B05322ED504C002FB0F3 /* AppDelegate.swift */; };
		04F3B05622ED504C002FB0F3 /* ViewController.swift in Sources */ = {isa = PBXBuildFile; fileRef = 04F3B05522ED504C002FB0F3 /* ViewController.swift */; };
		04F3B05922ED504C002FB0F3 /* Main.storyboard in Resources */ = {isa = PBXBuildFile; fileRef = 04F3B05722ED504C002FB0F3 /* Main.storyboard */; };
		04F3B05B22ED504D002FB0F3 /* Assets.xcassets in Resources */ = {isa = PBXBuildFile; fileRef = 04F3B05A22ED504D002FB0F3 /* Assets.xcassets */; };
		04F3B05E22ED504D002FB0F3 /* LaunchScreen.storyboard in Resources */ = {isa = PBXBuildFile; fileRef = 04F3B05C22ED504D002FB0F3 /* LaunchScreen.storyboard */; };
		04F3B06422ED5094002FB0F3 /* conclusion in Resources */ = {isa = PBXBuildFile; fileRef = 04F3B06322ED5094002FB0F3 /* conclusion */; };
		04F3B07622EDB75D002FB0F3 /* LaunchScreen.storyboard in Resources */ = {isa = PBXBuildFile; fileRef = 04F3B07422EDB75D002FB0F3 /* LaunchScreen.storyboard */; };
		04F3B08622EDBB17002FB0F3 /* Assets.xcassets in Resources */ = {isa = PBXBuildFile; fileRef = 04F3B07D22EDBB16002FB0F3 /* Assets.xcassets */; };
		04F3B08922EDBB17002FB0F3 /* AppDelegate.swift in Sources */ = {isa = PBXBuildFile; fileRef = 04F3B08222EDBB16002FB0F3 /* AppDelegate.swift */; };
		04F3B08D22EDBE51002FB0F3 /* CustomTabBarController.swift in Sources */ = {isa = PBXBuildFile; fileRef = 04F3B08C22EDBE51002FB0F3 /* CustomTabBarController.swift */; };
		CA69B75431D2872C42BB03A5 /* libPods-U17_Demo.a in Frameworks */ = {isa = PBXBuildFile; fileRef = 9BC72C9A7E18E96B58D6A551 /* libPods-U17_Demo.a */; };
/* End PBXBuildFile section */

/* Begin PBXCopyFilesBuildPhase section */
		04C48D6C22F5250C0062E4BF /* Embed Frameworks */ = {
			isa = PBXCopyFilesBuildPhase;
			buildActionMask = 2147483647;
			dstPath = "";
			dstSubfolderSpec = 10;
			files = (
				04C48D6B22F5250C0062E4BF /* MyFirstFramework.framework in Embed Frameworks */,
			);
			name = "Embed Frameworks";
			runOnlyForDeploymentPostprocessing = 0;
		};
/* End PBXCopyFilesBuildPhase section */

/* Begin PBXFileReference section */
		04C48D4122F2F9180062E4BF /* BaseViewController.swift */ = {isa = PBXFileReference; lastKnownFileType = sourcecode.swift; path = BaseViewController.swift; sourceTree = "<group>"; };
		04C48D4722F2FA070062E4BF /* PageViewController.swift */ = {isa = PBXFileReference; lastKnownFileType = sourcecode.swift; path = PageViewController.swift; sourceTree = "<group>"; };
		04C48D4922F2FA220062E4BF /* HomeViewController.swift */ = {isa = PBXFileReference; lastKnownFileType = sourcecode.swift; path = HomeViewController.swift; sourceTree = "<group>"; };
		04C48D4B22F30FAA0062E4BF /* HSecondViewController.swift */ = {isa = PBXFileReference; lastKnownFileType = sourcecode.swift; path = HSecondViewController.swift; sourceTree = "<group>"; };
		04C48D4D22F324070062E4BF /* HSecondBaseController.swift */ = {isa = PBXFileReference; lastKnownFileType = sourcecode.swift; path = HSecondBaseController.swift; sourceTree = "<group>"; };
		04C48D6822F523A90062E4BF /* MyFirstFramework.framework */ = {isa = PBXFileReference; lastKnownFileType = wrapper.framework; path = MyFirstFramework.framework; sourceTree = "<group>"; };
		04F3B03922EC5BF5002FB0F3 /* Swift5.app */ = {isa = PBXFileReference; explicitFileType = wrapper.application; includeInIndex = 0; path = Swift5.app; sourceTree = BUILT_PRODUCTS_DIR; };
		04F3B03B22EC5BF5002FB0F3 /* AppDelegate.swift */ = {isa = PBXFileReference; lastKnownFileType = sourcecode.swift; path = AppDelegate.swift; sourceTree = "<group>"; };
		04F3B03D22EC5BF5002FB0F3 /* ViewController.swift */ = {isa = PBXFileReference; lastKnownFileType = sourcecode.swift; path = ViewController.swift; sourceTree = "<group>"; };
		04F3B04022EC5BF5002FB0F3 /* Base */ = {isa = PBXFileReference; lastKnownFileType = file.storyboard; name = Base; path = Base.lproj/Main.storyboard; sourceTree = "<group>"; };
		04F3B04222EC5BF6002FB0F3 /* Assets.xcassets */ = {isa = PBXFileReference; lastKnownFileType = folder.assetcatalog; path = Assets.xcassets; sourceTree = "<group>"; };
		04F3B04522EC5BF6002FB0F3 /* Base */ = {isa = PBXFileReference; lastKnownFileType = file.storyboard; name = Base; path = Base.lproj/LaunchScreen.storyboard; sourceTree = "<group>"; };
		04F3B04722EC5BF6002FB0F3 /* Info.plist */ = {isa = PBXFileReference; lastKnownFileType = text.plist.xml; path = Info.plist; sourceTree = "<group>"; };
		04F3B04B22ED4E35002FB0F3 /* FiveNewFeatureController.swift */ = {isa = PBXFileReference; lastKnownFileType = sourcecode.swift; path = FiveNewFeatureController.swift; sourceTree = "<group>"; };
		04F3B05122ED504C002FB0F3 /* ComparisonBetweenSwiftAndOc.app */ = {isa = PBXFileReference; explicitFileType = wrapper.application; includeInIndex = 0; path = ComparisonBetweenSwiftAndOc.app; sourceTree = BUILT_PRODUCTS_DIR; };
		04F3B05322ED504C002FB0F3 /* AppDelegate.swift */ = {isa = PBXFileReference; lastKnownFileType = sourcecode.swift; path = AppDelegate.swift; sourceTree = "<group>"; };
		04F3B05522ED504C002FB0F3 /* ViewController.swift */ = {isa = PBXFileReference; lastKnownFileType = sourcecode.swift; path = ViewController.swift; sourceTree = "<group>"; };
		04F3B05822ED504C002FB0F3 /* Base */ = {isa = PBXFileReference; lastKnownFileType = file.storyboard; name = Base; path = Base.lproj/Main.storyboard; sourceTree = "<group>"; };
		04F3B05A22ED504D002FB0F3 /* Assets.xcassets */ = {isa = PBXFileReference; lastKnownFileType = folder.assetcatalog; path = Assets.xcassets; sourceTree = "<group>"; };
		04F3B05D22ED504D002FB0F3 /* Base */ = {isa = PBXFileReference; lastKnownFileType = file.storyboard; name = Base; path = Base.lproj/LaunchScreen.storyboard; sourceTree = "<group>"; };
		04F3B05F22ED504D002FB0F3 /* Info.plist */ = {isa = PBXFileReference; lastKnownFileType = text.plist.xml; path = Info.plist; sourceTree = "<group>"; };
		04F3B06322ED5094002FB0F3 /* conclusion */ = {isa = PBXFileReference; lastKnownFileType = text; path = conclusion; sourceTree = "<group>"; };
		04F3B06922EDB75B002FB0F3 /* U17_Demo.app */ = {isa = PBXFileReference; explicitFileType = wrapper.application; includeInIndex = 0; path = U17_Demo.app; sourceTree = BUILT_PRODUCTS_DIR; };
		04F3B07522EDB75D002FB0F3 /* Base */ = {isa = PBXFileReference; lastKnownFileType = file.storyboard; name = Base; path = Base.lproj/LaunchScreen.storyboard; sourceTree = "<group>"; };
		04F3B07D22EDBB16002FB0F3 /* Assets.xcassets */ = {isa = PBXFileReference; lastKnownFileType = folder.assetcatalog; path = Assets.xcassets; sourceTree = "<group>"; };
		04F3B08222EDBB16002FB0F3 /* AppDelegate.swift */ = {isa = PBXFileReference; fileEncoding = 4; lastKnownFileType = sourcecode.swift; path = AppDelegate.swift; sourceTree = "<group>"; };
		04F3B08322EDBB16002FB0F3 /* Info.plist */ = {isa = PBXFileReference; fileEncoding = 4; lastKnownFileType = text.plist.xml; path = Info.plist; sourceTree = "<group>"; };
		04F3B08C22EDBE51002FB0F3 /* CustomTabBarController.swift */ = {isa = PBXFileReference; lastKnownFileType = sourcecode.swift; path = CustomTabBarController.swift; sourceTree = "<group>"; };
		5E10AA84B50F98CEC9DE8BB3 /* Pods-U17_Demo.debug.xcconfig */ = {isa = PBXFileReference; includeInIndex = 1; lastKnownFileType = text.xcconfig; name = "Pods-U17_Demo.debug.xcconfig"; path = "../Pods/Target Support Files/Pods-U17_Demo/Pods-U17_Demo.debug.xcconfig"; sourceTree = "<group>"; };
		9BC72C9A7E18E96B58D6A551 /* libPods-U17_Demo.a */ = {isa = PBXFileReference; explicitFileType = archive.ar; includeInIndex = 0; path = "libPods-U17_Demo.a"; sourceTree = BUILT_PRODUCTS_DIR; };
		F40DD44708FA2EAF35288413 /* Pods-U17_Demo.release.xcconfig */ = {isa = PBXFileReference; includeInIndex = 1; lastKnownFileType = text.xcconfig; name = "Pods-U17_Demo.release.xcconfig"; path = "../Pods/Target Support Files/Pods-U17_Demo/Pods-U17_Demo.release.xcconfig"; sourceTree = "<group>"; };
/* End PBXFileReference section */

/* Begin PBXFrameworksBuildPhase section */
		04F3B03622EC5BF5002FB0F3 /* Frameworks */ = {
			isa = PBXFrameworksBuildPhase;
			buildActionMask = 2147483647;
			files = (
			);
			runOnlyForDeploymentPostprocessing = 0;
		};
		04F3B04E22ED504C002FB0F3 /* Frameworks */ = {
			isa = PBXFrameworksBuildPhase;
			buildActionMask = 2147483647;
			files = (
			);
			runOnlyForDeploymentPostprocessing = 0;
		};
		04F3B06622EDB75B002FB0F3 /* Frameworks */ = {
			isa = PBXFrameworksBuildPhase;
			buildActionMask = 2147483647;
			files = (
				CA69B75431D2872C42BB03A5 /* libPods-U17_Demo.a in Frameworks */,
			);
			runOnlyForDeploymentPostprocessing = 0;
		};
/* End PBXFrameworksBuildPhase section */

/* Begin PBXGroup section */
		007ED03BFE4AB2C7F84991F7 /* Pods */ = {
			isa = PBXGroup;
			children = (
				5E10AA84B50F98CEC9DE8BB3 /* Pods-U17_Demo.debug.xcconfig */,
				F40DD44708FA2EAF35288413 /* Pods-U17_Demo.release.xcconfig */,
			);
			name = Pods;
			sourceTree = "<group>";
		};
		04C48D4322F2F9B40062E4BF /* Home */ = {
			isa = PBXGroup;
			children = (
				04C48D4422F2F9D80062E4BF /* Controllers */,
				04C48D4522F2F9D80062E4BF /* Models */,
				04C48D4622F2F9D80062E4BF /* Views */,
			);
			path = Home;
			sourceTree = "<group>";
		};
		04C48D4422F2F9D80062E4BF /* Controllers */ = {
			isa = PBXGroup;
			children = (
				04C48D6822F523A90062E4BF /* MyFirstFramework.framework */,
				04C48D4722F2FA070062E4BF /* PageViewController.swift */,
				04C48D4922F2FA220062E4BF /* HomeViewController.swift */,
				04C48D4B22F30FAA0062E4BF /* HSecondViewController.swift */,
				04C48D4D22F324070062E4BF /* HSecondBaseController.swift */,
			);
			path = Controllers;
			sourceTree = "<group>";
		};
		04C48D4522F2F9D80062E4BF /* Models */ = {
			isa = PBXGroup;
			children = (
			);
			path = Models;
			sourceTree = "<group>";
		};
		04C48D4622F2F9D80062E4BF /* Views */ = {
			isa = PBXGroup;
			children = (
			);
			path = Views;
			sourceTree = "<group>";
		};
		04F3B01722EC5A00002FB0F3 = {
			isa = PBXGroup;
			children = (
				04F3B03A22EC5BF5002FB0F3 /* Swift5 */,
				04F3B05222ED504C002FB0F3 /* ComparisonBetweenSwiftAndOc */,
				04F3B06A22EDB75B002FB0F3 /* U17_Demo */,
				04F3B02122EC5A00002FB0F3 /* Products */,
				007ED03BFE4AB2C7F84991F7 /* Pods */,
				9E0FE6932BD63EDA14709217 /* Frameworks */,
			);
			sourceTree = "<group>";
		};
		04F3B02122EC5A00002FB0F3 /* Products */ = {
			isa = PBXGroup;
			children = (
				04F3B03922EC5BF5002FB0F3 /* Swift5.app */,
				04F3B05122ED504C002FB0F3 /* ComparisonBetweenSwiftAndOc.app */,
				04F3B06922EDB75B002FB0F3 /* U17_Demo.app */,
			);
			name = Products;
			sourceTree = "<group>";
		};
		04F3B03A22EC5BF5002FB0F3 /* Swift5 */ = {
			isa = PBXGroup;
			children = (
				04F3B03B22EC5BF5002FB0F3 /* AppDelegate.swift */,
				04F3B03D22EC5BF5002FB0F3 /* ViewController.swift */,
				04F3B04B22ED4E35002FB0F3 /* FiveNewFeatureController.swift */,
				04F3B03F22EC5BF5002FB0F3 /* Main.storyboard */,
				04F3B04222EC5BF6002FB0F3 /* Assets.xcassets */,
				04F3B04422EC5BF6002FB0F3 /* LaunchScreen.storyboard */,
				04F3B04722EC5BF6002FB0F3 /* Info.plist */,
			);
			path = Swift5;
			sourceTree = "<group>";
		};
		04F3B05222ED504C002FB0F3 /* ComparisonBetweenSwiftAndOc */ = {
			isa = PBXGroup;
			children = (
				04F3B05322ED504C002FB0F3 /* AppDelegate.swift */,
				04F3B05522ED504C002FB0F3 /* ViewController.swift */,
				04F3B05722ED504C002FB0F3 /* Main.storyboard */,
				04F3B05A22ED504D002FB0F3 /* Assets.xcassets */,
				04F3B05C22ED504D002FB0F3 /* LaunchScreen.storyboard */,
				04F3B05F22ED504D002FB0F3 /* Info.plist */,
				04F3B06322ED5094002FB0F3 /* conclusion */,
			);
			path = ComparisonBetweenSwiftAndOc;
			sourceTree = "<group>";
		};
		04F3B06A22EDB75B002FB0F3 /* U17_Demo */ = {
			isa = PBXGroup;
			children = (
				04F3B08422EDBB16002FB0F3 /* Classes */,
				04F3B07B22EDBB16002FB0F3 /* Configs */,
				04F3B07422EDB75D002FB0F3 /* LaunchScreen.storyboard */,
			);
			path = U17_Demo;
			sourceTree = "<group>";
		};
		04F3B07B22EDBB16002FB0F3 /* Configs */ = {
			isa = PBXGroup;
			children = (
				04F3B08222EDBB16002FB0F3 /* AppDelegate.swift */,
				04F3B07D22EDBB16002FB0F3 /* Assets.xcassets */,
				04F3B08322EDBB16002FB0F3 /* Info.plist */,
			);
			path = Configs;
			sourceTree = "<group>";
		};
		04F3B08422EDBB16002FB0F3 /* Classes */ = {
			isa = PBXGroup;
			children = (
				04C48D4322F2F9B40062E4BF /* Home */,
				04F3B08B22EDBE32002FB0F3 /* Base */,
			);
			path = Classes;
			sourceTree = "<group>";
		};
		04F3B08B22EDBE32002FB0F3 /* Base */ = {
			isa = PBXGroup;
			children = (
				04F3B08C22EDBE51002FB0F3 /* CustomTabBarController.swift */,
				04C48D4122F2F9180062E4BF /* BaseViewController.swift */,
			);
			path = Base;
			sourceTree = "<group>";
		};
		9E0FE6932BD63EDA14709217 /* Frameworks */ = {
			isa = PBXGroup;
			children = (
				9BC72C9A7E18E96B58D6A551 /* libPods-U17_Demo.a */,
			);
			name = Frameworks;
			sourceTree = "<group>";
		};
/* End PBXGroup section */

/* Begin PBXNativeTarget section */
		04F3B03822EC5BF5002FB0F3 /* Swift5 */ = {
			isa = PBXNativeTarget;
			buildConfigurationList = 04F3B04822EC5BF6002FB0F3 /* Build configuration list for PBXNativeTarget "Swift5" */;
			buildPhases = (
				04F3B03522EC5BF5002FB0F3 /* Sources */,
				04F3B03622EC5BF5002FB0F3 /* Frameworks */,
				04F3B03722EC5BF5002FB0F3 /* Resources */,
			);
			buildRules = (
			);
			dependencies = (
			);
			name = Swift5;
			productName = Swift5;
			productReference = 04F3B03922EC5BF5002FB0F3 /* Swift5.app */;
			productType = "com.apple.product-type.application";
		};
		04F3B05022ED504C002FB0F3 /* ComparisonBetweenSwiftAndOc */ = {
			isa = PBXNativeTarget;
			buildConfigurationList = 04F3B06022ED504D002FB0F3 /* Build configuration list for PBXNativeTarget "ComparisonBetweenSwiftAndOc" */;
			buildPhases = (
				04F3B04D22ED504C002FB0F3 /* Sources */,
				04F3B04E22ED504C002FB0F3 /* Frameworks */,
				04F3B04F22ED504C002FB0F3 /* Resources */,
			);
			buildRules = (
			);
			dependencies = (
			);
			name = ComparisonBetweenSwiftAndOc;
			productName = ComparisonBetweenSwiftAndOc;
			productReference = 04F3B05122ED504C002FB0F3 /* ComparisonBetweenSwiftAndOc.app */;
			productType = "com.apple.product-type.application";
		};
		04F3B06822EDB75B002FB0F3 /* U17_Demo */ = {
			isa = PBXNativeTarget;
			buildConfigurationList = 04F3B07822EDB75D002FB0F3 /* Build configuration list for PBXNativeTarget "U17_Demo" */;
			buildPhases = (
				B2DC891BD06395A67F11EF90 /* [CP] Check Pods Manifest.lock */,
				04F3B06522EDB75B002FB0F3 /* Sources */,
				04F3B06622EDB75B002FB0F3 /* Frameworks */,
				04F3B06722EDB75B002FB0F3 /* Resources */,
				A02A1426A9BABA5AB9E5049D /* [CP] Copy Pods Resources */,
				04C48D6C22F5250C0062E4BF /* Embed Frameworks */,
			);
			buildRules = (
			);
			dependencies = (
			);
			name = U17_Demo;
			productName = U17_Demo;
			productReference = 04F3B06922EDB75B002FB0F3 /* U17_Demo.app */;
			productType = "com.apple.product-type.application";
		};
/* End PBXNativeTarget section */

/* Begin PBXProject section */
		04F3B01822EC5A00002FB0F3 /* Project object */ = {
			isa = PBXProject;
			attributes = {
				LastSwiftUpdateCheck = 1020;
				LastUpgradeCheck = 1020;
				ORGANIZATIONNAME = "朱献国";
				TargetAttributes = {
					04F3B03822EC5BF5002FB0F3 = {
						CreatedOnToolsVersion = 10.2.1;
					};
					04F3B05022ED504C002FB0F3 = {
						CreatedOnToolsVersion = 10.2.1;
					};
					04F3B06822EDB75B002FB0F3 = {
						CreatedOnToolsVersion = 10.2.1;
					};
				};
			};
			buildConfigurationList = 04F3B01B22EC5A00002FB0F3 /* Build configuration list for PBXProject "Swift" */;
			compatibilityVersion = "Xcode 9.3";
			developmentRegion = en;
			hasScannedForEncodings = 0;
			knownRegions = (
				en,
				Base,
			);
			mainGroup = 04F3B01722EC5A00002FB0F3;
			productRefGroup = 04F3B02122EC5A00002FB0F3 /* Products */;
			projectDirPath = "";
			projectRoot = "";
			targets = (
				04F3B03822EC5BF5002FB0F3 /* Swift5 */,
				04F3B05022ED504C002FB0F3 /* ComparisonBetweenSwiftAndOc */,
				04F3B06822EDB75B002FB0F3 /* U17_Demo */,
			);
		};
/* End PBXProject section */

/* Begin PBXResourcesBuildPhase section */
		04F3B03722EC5BF5002FB0F3 /* Resources */ = {
			isa = PBXResourcesBuildPhase;
			buildActionMask = 2147483647;
			files = (
				04F3B04622EC5BF6002FB0F3 /* LaunchScreen.storyboard in Resources */,
				04F3B04322EC5BF6002FB0F3 /* Assets.xcassets in Resources */,
				04F3B04122EC5BF5002FB0F3 /* Main.storyboard in Resources */,
			);
			runOnlyForDeploymentPostprocessing = 0;
		};
		04F3B04F22ED504C002FB0F3 /* Resources */ = {
			isa = PBXResourcesBuildPhase;
			buildActionMask = 2147483647;
			files = (
				04F3B05E22ED504D002FB0F3 /* LaunchScreen.storyboard in Resources */,
				04F3B05B22ED504D002FB0F3 /* Assets.xcassets in Resources */,
				04F3B05922ED504C002FB0F3 /* Main.storyboard in Resources */,
				04F3B06422ED5094002FB0F3 /* conclusion in Resources */,
			);
			runOnlyForDeploymentPostprocessing = 0;
		};
		04F3B06722EDB75B002FB0F3 /* Resources */ = {
			isa = PBXResourcesBuildPhase;
			buildActionMask = 2147483647;
			files = (
				04F3B07622EDB75D002FB0F3 /* LaunchScreen.storyboard in Resources */,
				04F3B08622EDBB17002FB0F3 /* Assets.xcassets in Resources */,
			);
			runOnlyForDeploymentPostprocessing = 0;
		};
/* End PBXResourcesBuildPhase section */

/* Begin PBXShellScriptBuildPhase section */
		A02A1426A9BABA5AB9E5049D /* [CP] Copy Pods Resources */ = {
			isa = PBXShellScriptBuildPhase;
			buildActionMask = 2147483647;
			files = (
			);
			inputPaths = (
				"${SRCROOT}/../Pods/Target Support Files/Pods-U17_Demo/Pods-U17_Demo-resources.sh",
				"${PODS_CONFIGURATION_BUILD_DIR}/ZXGCommontKit/BaseClassResources.bundle",
			);
			name = "[CP] Copy Pods Resources";
			outputPaths = (
				"${TARGET_BUILD_DIR}/${UNLOCALIZED_RESOURCES_FOLDER_PATH}/BaseClassResources.bundle",
			);
			runOnlyForDeploymentPostprocessing = 0;
			shellPath = /bin/sh;
			shellScript = "\"${SRCROOT}/../Pods/Target Support Files/Pods-U17_Demo/Pods-U17_Demo-resources.sh\"\n";
			showEnvVarsInLog = 0;
		};
		B2DC891BD06395A67F11EF90 /* [CP] Check Pods Manifest.lock */ = {
			isa = PBXShellScriptBuildPhase;
			buildActionMask = 2147483647;
			files = (
			);
			inputPaths = (
				"${PODS_PODFILE_DIR_PATH}/Podfile.lock",
				"${PODS_ROOT}/Manifest.lock",
			);
			name = "[CP] Check Pods Manifest.lock";
			outputPaths = (
				"$(DERIVED_FILE_DIR)/Pods-U17_Demo-checkManifestLockResult.txt",
			);
			runOnlyForDeploymentPostprocessing = 0;
			shellPath = /bin/sh;
			shellScript = "diff \"${PODS_PODFILE_DIR_PATH}/Podfile.lock\" \"${PODS_ROOT}/Manifest.lock\" > /dev/null\nif [ $? != 0 ] ; then\n    # print error to STDERR\n    echo \"error: The sandbox is not in sync with the Podfile.lock. Run 'pod install' or update your CocoaPods installation.\" >&2\n    exit 1\nfi\n# This output is used by Xcode 'outputs' to avoid re-running this script phase.\necho \"SUCCESS\" > \"${SCRIPT_OUTPUT_FILE_0}\"\n";
			showEnvVarsInLog = 0;
		};
/* End PBXShellScriptBuildPhase section */

/* Begin PBXSourcesBuildPhase section */
		04F3B03522EC5BF5002FB0F3 /* Sources */ = {
			isa = PBXSourcesBuildPhase;
			buildActionMask = 2147483647;
			files = (
				04F3B03E22EC5BF5002FB0F3 /* ViewController.swift in Sources */,
				04F3B04C22ED4E35002FB0F3 /* FiveNewFeatureController.swift in Sources */,
				04F3B03C22EC5BF5002FB0F3 /* AppDelegate.swift in Sources */,
			);
			runOnlyForDeploymentPostprocessing = 0;
		};
		04F3B04D22ED504C002FB0F3 /* Sources */ = {
			isa = PBXSourcesBuildPhase;
			buildActionMask = 2147483647;
			files = (
				04F3B05622ED504C002FB0F3 /* ViewController.swift in Sources */,
				04F3B05422ED504C002FB0F3 /* AppDelegate.swift in Sources */,
			);
			runOnlyForDeploymentPostprocessing = 0;
		};
		04F3B06522EDB75B002FB0F3 /* Sources */ = {
			isa = PBXSourcesBuildPhase;
			buildActionMask = 2147483647;
			files = (
				04C48D4A22F2FA220062E4BF /* HomeViewController.swift in Sources */,
				04C48D4C22F30FAA0062E4BF /* HSecondViewController.swift in Sources */,
				04F3B08D22EDBE51002FB0F3 /* CustomTabBarController.swift in Sources */,
				04C48D4E22F324070062E4BF /* HSecondBaseController.swift in Sources */,
				04F3B08922EDBB17002FB0F3 /* AppDelegate.swift in Sources */,
				04C48D4222F2F9180062E4BF /* BaseViewController.swift in Sources */,
				04C48D4822F2FA070062E4BF /* PageViewController.swift in Sources */,
			);
			runOnlyForDeploymentPostprocessing = 0;
		};
/* End PBXSourcesBuildPhase section */

/* Begin PBXVariantGroup section */
		04F3B03F22EC5BF5002FB0F3 /* Main.storyboard */ = {
			isa = PBXVariantGroup;
			children = (
				04F3B04022EC5BF5002FB0F3 /* Base */,
			);
			name = Main.storyboard;
			sourceTree = "<group>";
		};
		04F3B04422EC5BF6002FB0F3 /* LaunchScreen.storyboard */ = {
			isa = PBXVariantGroup;
			children = (
				04F3B04522EC5BF6002FB0F3 /* Base */,
			);
			name = LaunchScreen.storyboard;
			sourceTree = "<group>";
		};
		04F3B05722ED504C002FB0F3 /* Main.storyboard */ = {
			isa = PBXVariantGroup;
			children = (
				04F3B05822ED504C002FB0F3 /* Base */,
			);
			name = Main.storyboard;
			sourceTree = "<group>";
		};
		04F3B05C22ED504D002FB0F3 /* LaunchScreen.storyboard */ = {
			isa = PBXVariantGroup;
			children = (
				04F3B05D22ED504D002FB0F3 /* Base */,
			);
			name = LaunchScreen.storyboard;
			sourceTree = "<group>";
		};
		04F3B07422EDB75D002FB0F3 /* LaunchScreen.storyboard */ = {
			isa = PBXVariantGroup;
			children = (
				04F3B07522EDB75D002FB0F3 /* Base */,
			);
			name = LaunchScreen.storyboard;
			sourceTree = "<group>";
		};
/* End PBXVariantGroup section */

/* Begin XCBuildConfiguration section */
		04F3B03022EC5A01002FB0F3 /* Debug */ = {
			isa = XCBuildConfiguration;
			buildSettings = {
				ALWAYS_SEARCH_USER_PATHS = NO;
				CLANG_ANALYZER_NONNULL = YES;
				CLANG_ANALYZER_NUMBER_OBJECT_CONVERSION = YES_AGGRESSIVE;
				CLANG_CXX_LANGUAGE_STANDARD = "gnu++14";
				CLANG_CXX_LIBRARY = "libc++";
				CLANG_ENABLE_MODULES = YES;
				CLANG_ENABLE_OBJC_ARC = YES;
				CLANG_ENABLE_OBJC_WEAK = YES;
				CLANG_WARN_BLOCK_CAPTURE_AUTORELEASING = YES;
				CLANG_WARN_BOOL_CONVERSION = YES;
				CLANG_WARN_COMMA = YES;
				CLANG_WARN_CONSTANT_CONVERSION = YES;
				CLANG_WARN_DEPRECATED_OBJC_IMPLEMENTATIONS = YES;
				CLANG_WARN_DIRECT_OBJC_ISA_USAGE = YES_ERROR;
				CLANG_WARN_DOCUMENTATION_COMMENTS = YES;
				CLANG_WARN_EMPTY_BODY = YES;
				CLANG_WARN_ENUM_CONVERSION = YES;
				CLANG_WARN_INFINITE_RECURSION = YES;
				CLANG_WARN_INT_CONVERSION = YES;
				CLANG_WARN_NON_LITERAL_NULL_CONVERSION = YES;
				CLANG_WARN_OBJC_IMPLICIT_RETAIN_SELF = YES;
				CLANG_WARN_OBJC_LITERAL_CONVERSION = YES;
				CLANG_WARN_OBJC_ROOT_CLASS = YES_ERROR;
				CLANG_WARN_RANGE_LOOP_ANALYSIS = YES;
				CLANG_WARN_STRICT_PROTOTYPES = YES;
				CLANG_WARN_SUSPICIOUS_MOVE = YES;
				CLANG_WARN_UNGUARDED_AVAILABILITY = YES_AGGRESSIVE;
				CLANG_WARN_UNREACHABLE_CODE = YES;
				CLANG_WARN__DUPLICATE_METHOD_MATCH = YES;
				CODE_SIGN_IDENTITY = "iPhone Developer";
				COPY_PHASE_STRIP = NO;
				DEBUG_INFORMATION_FORMAT = dwarf;
				ENABLE_STRICT_OBJC_MSGSEND = YES;
				ENABLE_TESTABILITY = YES;
				GCC_C_LANGUAGE_STANDARD = gnu11;
				GCC_DYNAMIC_NO_PIC = NO;
				GCC_NO_COMMON_BLOCKS = YES;
				GCC_OPTIMIZATION_LEVEL = 0;
				GCC_PREPROCESSOR_DEFINITIONS = (
					"DEBUG=1",
					"$(inherited)",
				);
				GCC_WARN_64_TO_32_BIT_CONVERSION = YES;
				GCC_WARN_ABOUT_RETURN_TYPE = YES_ERROR;
				GCC_WARN_UNDECLARED_SELECTOR = YES;
				GCC_WARN_UNINITIALIZED_AUTOS = YES_AGGRESSIVE;
				GCC_WARN_UNUSED_FUNCTION = YES;
				GCC_WARN_UNUSED_VARIABLE = YES;
				IPHONEOS_DEPLOYMENT_TARGET = 12.2;
				MTL_ENABLE_DEBUG_INFO = INCLUDE_SOURCE;
				MTL_FAST_MATH = YES;
				ONLY_ACTIVE_ARCH = YES;
				SDKROOT = iphoneos;
				SWIFT_ACTIVE_COMPILATION_CONDITIONS = DEBUG;
				SWIFT_OPTIMIZATION_LEVEL = "-Onone";
			};
			name = Debug;
		};
		04F3B03122EC5A01002FB0F3 /* Release */ = {
			isa = XCBuildConfiguration;
			buildSettings = {
				ALWAYS_SEARCH_USER_PATHS = NO;
				CLANG_ANALYZER_NONNULL = YES;
				CLANG_ANALYZER_NUMBER_OBJECT_CONVERSION = YES_AGGRESSIVE;
				CLANG_CXX_LANGUAGE_STANDARD = "gnu++14";
				CLANG_CXX_LIBRARY = "libc++";
				CLANG_ENABLE_MODULES = YES;
				CLANG_ENABLE_OBJC_ARC = YES;
				CLANG_ENABLE_OBJC_WEAK = YES;
				CLANG_WARN_BLOCK_CAPTURE_AUTORELEASING = YES;
				CLANG_WARN_BOOL_CONVERSION = YES;
				CLANG_WARN_COMMA = YES;
				CLANG_WARN_CONSTANT_CONVERSION = YES;
				CLANG_WARN_DEPRECATED_OBJC_IMPLEMENTATIONS = YES;
				CLANG_WARN_DIRECT_OBJC_ISA_USAGE = YES_ERROR;
				CLANG_WARN_DOCUMENTATION_COMMENTS = YES;
				CLANG_WARN_EMPTY_BODY = YES;
				CLANG_WARN_ENUM_CONVERSION = YES;
				CLANG_WARN_INFINITE_RECURSION = YES;
				CLANG_WARN_INT_CONVERSION = YES;
				CLANG_WARN_NON_LITERAL_NULL_CONVERSION = YES;
				CLANG_WARN_OBJC_IMPLICIT_RETAIN_SELF = YES;
				CLANG_WARN_OBJC_LITERAL_CONVERSION = YES;
				CLANG_WARN_OBJC_ROOT_CLASS = YES_ERROR;
				CLANG_WARN_RANGE_LOOP_ANALYSIS = YES;
				CLANG_WARN_STRICT_PROTOTYPES = YES;
				CLANG_WARN_SUSPICIOUS_MOVE = YES;
				CLANG_WARN_UNGUARDED_AVAILABILITY = YES_AGGRESSIVE;
				CLANG_WARN_UNREACHABLE_CODE = YES;
				CLANG_WARN__DUPLICATE_METHOD_MATCH = YES;
				CODE_SIGN_IDENTITY = "iPhone Developer";
				COPY_PHASE_STRIP = NO;
				DEBUG_INFORMATION_FORMAT = "dwarf-with-dsym";
				ENABLE_NS_ASSERTIONS = NO;
				ENABLE_STRICT_OBJC_MSGSEND = YES;
				GCC_C_LANGUAGE_STANDARD = gnu11;
				GCC_NO_COMMON_BLOCKS = YES;
				GCC_WARN_64_TO_32_BIT_CONVERSION = YES;
				GCC_WARN_ABOUT_RETURN_TYPE = YES_ERROR;
				GCC_WARN_UNDECLARED_SELECTOR = YES;
				GCC_WARN_UNINITIALIZED_AUTOS = YES_AGGRESSIVE;
				GCC_WARN_UNUSED_FUNCTION = YES;
				GCC_WARN_UNUSED_VARIABLE = YES;
				IPHONEOS_DEPLOYMENT_TARGET = 12.2;
				MTL_ENABLE_DEBUG_INFO = NO;
				MTL_FAST_MATH = YES;
				SDKROOT = iphoneos;
				SWIFT_COMPILATION_MODE = wholemodule;
				SWIFT_OPTIMIZATION_LEVEL = "-O";
				VALIDATE_PRODUCT = YES;
			};
			name = Release;
		};
		04F3B04922EC5BF6002FB0F3 /* Debug */ = {
			isa = XCBuildConfiguration;
			buildSettings = {
				ASSETCATALOG_COMPILER_APPICON_NAME = AppIcon;
				CODE_SIGN_STYLE = Automatic;
				INFOPLIST_FILE = Swift5/Info.plist;
				LD_RUNPATH_SEARCH_PATHS = (
					"$(inherited)",
					"@executable_path/Frameworks",
				);
				PRODUCT_BUNDLE_IDENTIFIER = "---.Swift5";
				PRODUCT_NAME = "$(TARGET_NAME)";
				SWIFT_VERSION = 5.0;
				TARGETED_DEVICE_FAMILY = "1,2";
			};
			name = Debug;
		};
		04F3B04A22EC5BF6002FB0F3 /* Release */ = {
			isa = XCBuildConfiguration;
			buildSettings = {
				ASSETCATALOG_COMPILER_APPICON_NAME = AppIcon;
				CODE_SIGN_STYLE = Automatic;
				INFOPLIST_FILE = Swift5/Info.plist;
				LD_RUNPATH_SEARCH_PATHS = (
					"$(inherited)",
					"@executable_path/Frameworks",
				);
				PRODUCT_BUNDLE_IDENTIFIER = "---.Swift5";
				PRODUCT_NAME = "$(TARGET_NAME)";
				SWIFT_VERSION = 5.0;
				TARGETED_DEVICE_FAMILY = "1,2";
			};
			name = Release;
		};
		04F3B06122ED504D002FB0F3 /* Debug */ = {
			isa = XCBuildConfiguration;
			buildSettings = {
				ASSETCATALOG_COMPILER_APPICON_NAME = AppIcon;
				CODE_SIGN_STYLE = Automatic;
				INFOPLIST_FILE = ComparisonBetweenSwiftAndOc/Info.plist;
				LD_RUNPATH_SEARCH_PATHS = (
					"$(inherited)",
					"@executable_path/Frameworks",
				);
				PRODUCT_BUNDLE_IDENTIFIER = "---.ComparisonBetweenSwiftAndOc";
				PRODUCT_NAME = "$(TARGET_NAME)";
				SWIFT_VERSION = 5.0;
				TARGETED_DEVICE_FAMILY = "1,2";
			};
			name = Debug;
		};
		04F3B06222ED504D002FB0F3 /* Release */ = {
			isa = XCBuildConfiguration;
			buildSettings = {
				ASSETCATALOG_COMPILER_APPICON_NAME = AppIcon;
				CODE_SIGN_STYLE = Automatic;
				INFOPLIST_FILE = ComparisonBetweenSwiftAndOc/Info.plist;
				LD_RUNPATH_SEARCH_PATHS = (
					"$(inherited)",
					"@executable_path/Frameworks",
				);
				PRODUCT_BUNDLE_IDENTIFIER = "---.ComparisonBetweenSwiftAndOc";
				PRODUCT_NAME = "$(TARGET_NAME)";
				SWIFT_VERSION = 5.0;
				TARGETED_DEVICE_FAMILY = "1,2";
			};
			name = Release;
		};
		04F3B07922EDB75D002FB0F3 /* Debug */ = {
			isa = XCBuildConfiguration;
			baseConfigurationReference = 5E10AA84B50F98CEC9DE8BB3 /* Pods-U17_Demo.debug.xcconfig */;
			buildSettings = {
				ASSETCATALOG_COMPILER_APPICON_NAME = AppIcon;
				CODE_SIGN_STYLE = Automatic;
				FRAMEWORK_SEARCH_PATHS = (
					"$(inherited)",
					"$(PROJECT_DIR)/U17_Demo/Classes/Home/Controllers",
				);
				INFOPLIST_FILE = U17_Demo/Configs/Info.plist;
				INFOPLIST_PREPROCESS = NO;
				LD_RUNPATH_SEARCH_PATHS = (
					"$(inherited)",
					"@executable_path/Frameworks",
				);
				PRODUCT_BUNDLE_IDENTIFIER = "---.U17-Demo";
				PRODUCT_NAME = "$(TARGET_NAME)";
				SWIFT_VERSION = 5.0;
				TARGETED_DEVICE_FAMILY = "1,2";
			};
			name = Debug;
		};
		04F3B07A22EDB75D002FB0F3 /* Release */ = {
			isa = XCBuildConfiguration;
			baseConfigurationReference = F40DD44708FA2EAF35288413 /* Pods-U17_Demo.release.xcconfig */;
			buildSettings = {
				ASSETCATALOG_COMPILER_APPICON_NAME = AppIcon;
				CODE_SIGN_STYLE = Automatic;
				FRAMEWORK_SEARCH_PATHS = (
					"$(inherited)",
					"$(PROJECT_DIR)/U17_Demo/Classes/Home/Controllers",
				);
				INFOPLIST_FILE = U17_Demo/Configs/Info.plist;
				INFOPLIST_PREPROCESS = NO;
				LD_RUNPATH_SEARCH_PATHS = (
					"$(inherited)",
					"@executable_path/Frameworks",
				);
				PRODUCT_BUNDLE_IDENTIFIER = "---.U17-Demo";
				PRODUCT_NAME = "$(TARGET_NAME)";
				SWIFT_VERSION = 5.0;
				TARGETED_DEVICE_FAMILY = "1,2";
			};
			name = Release;
		};
/* End XCBuildConfiguration section */

/* Begin XCConfigurationList section */
		04F3B01B22EC5A00002FB0F3 /* Build configuration list for PBXProject "Swift" */ = {
			isa = XCConfigurationList;
			buildConfigurations = (
				04F3B03022EC5A01002FB0F3 /* Debug */,
				04F3B03122EC5A01002FB0F3 /* Release */,
			);
			defaultConfigurationIsVisible = 0;
			defaultConfigurationName = Release;
		};
		04F3B04822EC5BF6002FB0F3 /* Build configuration list for PBXNativeTarget "Swift5" */ = {
			isa = XCConfigurationList;
			buildConfigurations = (
				04F3B04922EC5BF6002FB0F3 /* Debug */,
				04F3B04A22EC5BF6002FB0F3 /* Release */,
			);
			defaultConfigurationIsVisible = 0;
			defaultConfigurationName = Release;
		};
		04F3B06022ED504D002FB0F3 /* Build configuration list for PBXNativeTarget "ComparisonBetweenSwiftAndOc" */ = {
			isa = XCConfigurationList;
			buildConfigurations = (
				04F3B06122ED504D002FB0F3 /* Debug */,
				04F3B06222ED504D002FB0F3 /* Release */,
			);
			defaultConfigurationIsVisible = 0;
			defaultConfigurationName = Release;
		};
		04F3B07822EDB75D002FB0F3 /* Build configuration list for PBXNativeTarget "U17_Demo" */ = {
			isa = XCConfigurationList;
			buildConfigurations = (
				04F3B07922EDB75D002FB0F3 /* Debug */,
				04F3B07A22EDB75D002FB0F3 /* Release */,
			);
			defaultConfigurationIsVisible = 0;
			defaultConfigurationName = Release;
		};
/* End XCConfigurationList section */
	};
	rootObject = 04F3B01822EC5A00002FB0F3 /* Project object */;
}
